{
  "version": 4,
  "terraform_version": "1.14.0",
  "serial": 74,
  "lineage": "3f7959d7-6b4c-ec28-6b33-8103cf6561e1",
  "outputs": {
    "alb_dns_name": {
      "value": "dev-btcmp-proj-5-public-alb-222878651.us-east-2.elb.amazonaws.com",
      "type": "string"
    },
    "application_url": {
      "value": "http://dev-btcmp-proj-5-public-alb-222878651.us-east-2.elb.amazonaws.com",
      "type": "string"
    },
    "backend_asg_name": {
      "value": "dev-btcmp-proj-5-backend-asg",
      "type": "string"
    },
    "backend_docker_image": {
      "value": "vatsal79/btcmp-proj-5-backend:latest",
      "type": "string"
    },
    "bastion_public_ip": {
      "value": "3.12.126.64",
      "type": "string"
    },
    "db_endpoint": {
      "value": "dev-btcmp-proj-5-postgres.czcc2my6uq7h.us-east-2.rds.amazonaws.com:5432",
      "type": "string",
      "sensitive": true
    },
    "db_name": {
      "value": "goalsdb",
      "type": "string"
    },
    "db_secret_name": {
      "value": "dev-btcmp-proj-5-db-credentials",
      "type": "string"
    },
    "frontend_asg_name": {
      "value": "dev-btcmp-proj-5-frontend-asg",
      "type": "string"
    },
    "frontend_docker_image": {
      "value": "vatsal79/btcmp-proj-5-frontend:latest",
      "type": "string"
    },
    "helpful_commands": {
      "value": "    \r\n═══════════════════════════════════════════════════════════════════\r\n                Goal Tracker Infrastructure - Dev\r\n═══════════════════════════════════════════════════════════════════\r\n    \r\n🌐 Application URL:\r\n   http://dev-btcmp-proj-5-public-alb-222878651.us-east-2.elb.amazonaws.com\r\n    \r\n🔐 SSH to Bastion:\r\n   ssh -i your-key.pem ec2-user@3.12.126.64\r\n    \r\n📦 Push Docker Images to Docker Hub:\r\n   # Login to Docker Hub\r\n   docker login\r\n       \r\n   # Build and push frontend\r\n   cd ../../frontend\r\n   docker build -t vatsal79/btcmp-proj-5-frontend:latest .\r\n   docker push vatsal79/btcmp-proj-5-frontend:latest\r\n       \r\n   # Build and push backend\r\n   cd ../backend\r\n   docker build -t vatsal79/btcmp-proj-5-backend:latest .\r\n   docker push vatsal79/btcmp-proj-5-backend:latest\r\n    \r\n🔄 Trigger ASG Instance Refresh:\r\n   aws autoscaling start-instance-refresh --auto-scaling-group-name dev-btcmp-proj-5-frontend-asg --region us-east-2\r\n   aws autoscaling start-instance-refresh --auto-scaling-group-name dev-btcmp-proj-5-backend-asg --region us-east-2\r\n    \r\n🗄️  Get Database Credentials:\r\n   aws secretsmanager get-secret-value --secret-id dev-btcmp-proj-5-db-credentials --region us-east-2 --query SecretString --output text | jq .\r\n    \r\n📊 View Logs:\r\n   # Frontend logs\r\n   aws logs tail /aws/ec2/dev-btcmp-proj-5/frontend --follow\r\n       \r\n   # Backend logs\r\n   aws logs tail /aws/ec2/dev-btcmp-proj-5/backend --follow\r\n    \r\n═══════════════════════════════════════════════════════════════════\r\n",
      "type": "string"
    },
    "nat_gateway_ips": {
      "value": [
        "52.15.184.104"
      ],
      "type": [
        "tuple",
        [
          "string"
        ]
      ]
    },
    "vpc_id": {
      "value": "vpc-0876d63bc596a1e4e",
      "type": "string"
    }
  },
  "resources": [
    {
      "mode": "data",
      "type": "aws_caller_identity",
      "name": "current",
      "provider": "provider[\"registry.terraform.io/hashicorp/aws\"]",
      "instances": [
        {
          "schema_version": 0,
          "attributes": {
            "account_id": "419126140774",
            "arn": "arn:aws:iam::419126140774:user/admin",
            "id": "419126140774",
            "user_id": "AIDAWDFO5L5TGWJEGXFOX"
          },
          "sensitive_attributes": [],
          "identity_schema_version": 0
        }
      ]
    },
    {
      "mode": "data",
      "type": "aws_region",
      "name": "current",
      "provider": "provider[\"registry.terraform.io/hashicorp/aws\"]",
      "instances": [
        {
          "schema_version": 0,
          "attributes": {
            "description": "US East (Ohio)",
            "endpoint": "ec2.us-east-2.amazonaws.com",
            "id": "us-east-2",
            "name": "us-east-2",
            "region": "us-east-2"
          },
          "sensitive_attributes": [],
          "identity_schema_version": 0
        }
      ]
    },
    {
      "mode": "managed",
      "type": "random_password",
      "name": "db_password",
      "provider": "provider[\"registry.terraform.io/hashicorp/random\"]",
      "instances": [
        {
          "schema_version": 3,
          "attributes": {
            "bcrypt_hash": "$2a$10$Sq5td5I4vKTXWgmuf5Mpz.bI9ZOV9sH0C0D5kLFvKDFum1SplRSom",
            "id": "none",
            "keepers": null,
            "length": 16,
            "lower": true,
            "min_lower": 0,
            "min_numeric": 0,
            "min_special": 0,
            "min_upper": 0,
            "number": true,
            "numeric": true,
            "override_special": "!#$%\u0026*()-_=+[]{}\u003c\u003e:?",
            "result": "=\u003cOzKIyiwnE0G\u0026C-",
            "special": true,
            "upper": true
          },
          "sensitive_attributes": [
            [
              {
                "type": "get_attr",
                "value": "bcrypt_hash"
              }
            ],
            [
              {
                "type": "get_attr",
                "value": "result"
              }
            ]
          ],
          "identity_schema_version": 0,
          "create_before_destroy": true
        }
      ]
    },
    {
      "module": "module.alb",
      "mode": "managed",
      "type": "aws_lb",
      "name": "main",
      "provider": "provider[\"registry.terraform.io/hashicorp/aws\"]",
      "instances": [
        {
          "schema_version": 0,
          "attributes": {
            "access_logs": [
              {
                "bucket": "",
                "enabled": false,
                "prefix": ""
              }
            ],
            "arn": "arn:aws:elasticloadbalancing:us-east-2:419126140774:loadbalancer/app/dev-btcmp-proj-5-public-alb/ec7a18dda96eca7c",
            "arn_suffix": "app/dev-btcmp-proj-5-public-alb/ec7a18dda96eca7c",
            "client_keep_alive": 3600,
            "connection_logs": [
              {
                "bucket": "",
                "enabled": false,
                "prefix": ""
              }
            ],
            "customer_owned_ipv4_pool": "",
            "desync_mitigation_mode": "defensive",
            "dns_name": "dev-btcmp-proj-5-public-alb-222878651.us-east-2.elb.amazonaws.com",
            "dns_record_client_routing_policy": null,
            "drop_invalid_header_fields": false,
            "enable_cross_zone_load_balancing": true,
            "enable_deletion_protection": false,
            "enable_http2": true,
            "enable_tls_version_and_cipher_suite_headers": false,
            "enable_waf_fail_open": false,
            "enable_xff_client_port": false,
            "enable_zonal_shift": false,
            "enforce_security_group_inbound_rules_on_private_link_traffic": "",
            "health_check_logs": [
              {
                "bucket": "",
                "enabled": false,
                "prefix": ""
              }
            ],
            "id": "arn:aws:elasticloadbalancing:us-east-2:419126140774:loadbalancer/app/dev-btcmp-proj-5-public-alb/ec7a18dda96eca7c",
            "idle_timeout": 60,
            "internal": false,
            "ip_address_type": "ipv4",
            "ipam_pools": [],
            "load_balancer_type": "application",
            "minimum_load_balancer_capacity": [],
            "name": "dev-btcmp-proj-5-public-alb",
            "name_prefix": "",
            "preserve_host_header": false,
            "region": "us-east-2",
            "secondary_ips_auto_assigned_per_subnet": null,
            "security_groups": [
              "sg-0e0f3f55b0ca6e6f5"
            ],
            "subnet_mapping": [
              {
                "allocation_id": "",
                "ipv6_address": "",
                "outpost_id": "",
                "private_ipv4_address": "",
                "subnet_id": "subnet-02ceec9ee7c181d9c"
              },
              {
                "allocation_id": "",
                "ipv6_address": "",
                "outpost_id": "",
                "private_ipv4_address": "",
                "subnet_id": "subnet-032e6c4aa0953ba77"
              }
            ],
            "subnets": [
              "subnet-02ceec9ee7c181d9c",
              "subnet-032e6c4aa0953ba77"
            ],
            "tags": {
              "CostCenter": "btcmp-proj-5",
              "Environment": "dev",
              "Name": "dev-btcmp-proj-5-alb",
              "Owner": "Vatsal",
              "Project": "btcmp-proj-5"
            },
            "tags_all": {
              "CostCenter": "btcmp-proj-5",
              "Environment": "dev",
              "Name": "dev-btcmp-proj-5-alb",
              "Owner": "Vatsal",
              "Project": "btcmp-proj-5"
            },
            "timeouts": null,
            "vpc_id": "vpc-0876d63bc596a1e4e",
            "xff_header_processing_mode": "append",
            "zone_id": "Z3AADJGX6KTTL2"
          },
          "sensitive_attributes": [],
          "identity_schema_version": 0,
          "identity": {
            "arn": "arn:aws:elasticloadbalancing:us-east-2:419126140774:loadbalancer/app/dev-btcmp-proj-5-public-alb/ec7a18dda96eca7c"
          },
          "private": "eyJlMmJmYjczMC1lY2FhLTExZTYtOGY4OC0zNDM2M2JjN2M0YzAiOnsiY3JlYXRlIjo2MDAwMDAwMDAwMDAsImRlbGV0ZSI6NjAwMDAwMDAwMDAwLCJ1cGRhdGUiOjYwMDAwMDAwMDAwMH19",
          "dependencies": [
            "module.security_groups.aws_security_group.alb",
            "module.vpc.aws_subnet.public",
            "module.vpc.aws_vpc.main"
          ],
          "create_before_destroy": true
        }
      ]
    },
    {
      "module": "module.alb",
      "mode": "managed",
      "type": "aws_lb_listener",
      "name": "http",
      "provider": "provider[\"registry.terraform.io/hashicorp/aws\"]",
      "instances": [
        {
          "schema_version": 0,
          "attributes": {
            "alpn_policy": null,
            "arn": "arn:aws:elasticloadbalancing:us-east-2:419126140774:listener/app/dev-btcmp-proj-5-public-alb/ec7a18dda96eca7c/99ff264bf982da1c",
            "certificate_arn": null,
            "default_action": [
              {
                "authenticate_cognito": [],
                "authenticate_oidc": [],
                "fixed_response": [],
                "forward": [],
                "jwt_validation": [],
                "order": 1,
                "redirect": [],
                "target_group_arn": "arn:aws:elasticloadbalancing:us-east-2:419126140774:targetgroup/dev-btcmp-proj-5-public-tg/74dd33301f59bce0",
                "type": "forward"
              }
            ],
            "id": "arn:aws:elasticloadbalancing:us-east-2:419126140774:listener/app/dev-btcmp-proj-5-public-alb/ec7a18dda96eca7c/99ff264bf982da1c",
            "load_balancer_arn": "arn:aws:elasticloadbalancing:us-east-2:419126140774:loadbalancer/app/dev-btcmp-proj-5-public-alb/ec7a18dda96eca7c",
            "mutual_authentication": [],
            "port": 80,
            "protocol": "HTTP",
            "region": "us-east-2",
            "routing_http_request_x_amzn_mtls_clientcert_header_name": null,
            "routing_http_request_x_amzn_mtls_clientcert_issuer_header_name": null,
            "routing_http_request_x_amzn_mtls_clientcert_leaf_header_name": null,
            "routing_http_request_x_amzn_mtls_clientcert_serial_number_header_name": null,
            "routing_http_request_x_amzn_mtls_clientcert_subject_header_name": null,
            "routing_http_request_x_amzn_mtls_clientcert_validity_header_name": null,
            "routing_http_request_x_amzn_tls_cipher_suite_header_name": null,
            "routing_http_request_x_amzn_tls_version_header_name": null,
            "routing_http_response_access_control_allow_credentials_header_value": "",
            "routing_http_response_access_control_allow_headers_header_value": "",
            "routing_http_response_access_control_allow_methods_header_value": "",
            "routing_http_response_access_control_allow_origin_header_value": "",
            "routing_http_response_access_control_expose_headers_header_value": "",
            "routing_http_response_access_control_max_age_header_value": "",
            "routing_http_response_content_security_policy_header_value": "",
            "routing_http_response_server_enabled": true,
            "routing_http_response_strict_transport_security_header_value": "",
            "routing_http_response_x_content_type_options_header_value": "",
            "routing_http_response_x_frame_options_header_value": "",
            "ssl_policy": "",
            "tags": {
              "CostCenter": "btcmp-proj-5",
              "Environment": "dev",
              "Owner": "Vatsal",
              "Project": "btcmp-proj-5"
            },
            "tags_all": {
              "CostCenter": "btcmp-proj-5",
              "Environment": "dev",
              "Owner": "Vatsal",
              "Project": "btcmp-proj-5"
            },
            "tcp_idle_timeout_seconds": null,
            "timeouts": null
          },
          "sensitive_attributes": [],
          "identity_schema_version": 0,
          "identity": {
            "arn": "arn:aws:elasticloadbalancing:us-east-2:419126140774:listener/app/dev-btcmp-proj-5-public-alb/ec7a18dda96eca7c/99ff264bf982da1c"
          },
          "private": "eyJlMmJmYjczMC1lY2FhLTExZTYtOGY4OC0zNDM2M2JjN2M0YzAiOnsiY3JlYXRlIjozMDAwMDAwMDAwMDAsInVwZGF0ZSI6MzAwMDAwMDAwMDAwfX0=",
          "dependencies": [
            "module.alb.aws_lb.main",
            "module.alb.aws_lb_target_group.main",
            "module.security_groups.aws_security_group.alb",
            "module.vpc.aws_subnet.public",
            "module.vpc.aws_vpc.main"
          ],
          "create_before_destroy": true
        }
      ]
    },
    {
      "module": "module.alb",
      "mode": "managed",
      "type": "aws_lb_target_group",
      "name": "main",
      "provider": "provider[\"registry.terraform.io/hashicorp/aws\"]",
      "instances": [
        {
          "schema_version": 0,
          "attributes": {
            "arn": "arn:aws:elasticloadbalancing:us-east-2:419126140774:targetgroup/dev-btcmp-proj-5-public-tg/74dd33301f59bce0",
            "arn_suffix": "targetgroup/dev-btcmp-proj-5-public-tg/74dd33301f59bce0",
            "connection_termination": null,
            "deregistration_delay": "30",
            "health_check": [
              {
                "enabled": true,
                "healthy_threshold": 2,
                "interval": 30,
                "matcher": "200-299",
                "path": "/health",
                "port": "traffic-port",
                "protocol": "HTTP",
                "timeout": 5,
                "unhealthy_threshold": 3
              }
            ],
            "id": "arn:aws:elasticloadbalancing:us-east-2:419126140774:targetgroup/dev-btcmp-proj-5-public-tg/74dd33301f59bce0",
            "ip_address_type": "ipv4",
            "lambda_multi_value_headers_enabled": false,
            "load_balancer_arns": [
              "arn:aws:elasticloadbalancing:us-east-2:419126140774:loadbalancer/app/dev-btcmp-proj-5-public-alb/ec7a18dda96eca7c"
            ],
            "load_balancing_algorithm_type": "round_robin",
            "load_balancing_anomaly_mitigation": "off",
            "load_balancing_cross_zone_enabled": "use_load_balancer_configuration",
            "name": "dev-btcmp-proj-5-public-tg",
            "name_prefix": "",
            "port": 3000,
            "preserve_client_ip": null,
            "protocol": "HTTP",
            "protocol_version": "HTTP1",
            "proxy_protocol_v2": false,
            "region": "us-east-2",
            "slow_start": 0,
            "stickiness": [
              {
                "cookie_duration": 86400,
                "cookie_name": "",
                "enabled": true,
                "type": "lb_cookie"
              }
            ],
            "tags": {
              "CostCenter": "btcmp-proj-5",
              "Environment": "dev",
              "Name": "dev-btcmp-proj-5-frontend-tg",
              "Owner": "Vatsal",
              "Project": "btcmp-proj-5"
            },
            "tags_all": {
              "CostCenter": "btcmp-proj-5",
              "Environment": "dev",
              "Name": "dev-btcmp-proj-5-frontend-tg",
              "Owner": "Vatsal",
              "Project": "btcmp-proj-5"
            },
            "target_control_port": 0,
            "target_failover": [
              {
                "on_deregistration": null,
                "on_unhealthy": null
              }
            ],
            "target_group_health": [
              {
                "dns_failover": [
                  {
                    "minimum_healthy_targets_count": "1",
                    "minimum_healthy_targets_percentage": "off"
                  }
                ],
                "unhealthy_state_routing": [
                  {
                    "minimum_healthy_targets_count": 1,
                    "minimum_healthy_targets_percentage": "off"
                  }
                ]
              }
            ],
            "target_health_state": [
              {
                "enable_unhealthy_connection_termination": null,
                "unhealthy_draining_interval": null
              }
            ],
            "target_type": "instance",
            "vpc_id": "vpc-0876d63bc596a1e4e"
          },
          "sensitive_attributes": [],
          "identity_schema_version": 0,
          "identity": {
            "arn": "arn:aws:elasticloadbalancing:us-east-2:419126140774:targetgroup/dev-btcmp-proj-5-public-tg/74dd33301f59bce0"
          },
          "private": "bnVsbA==",
          "dependencies": [
            "module.vpc.aws_vpc.main"
          ],
          "create_before_destroy": true
        }
      ]
    },
    {
      "module": "module.backend_asg",
      "mode": "data",
      "type": "aws_ami",
      "name": "ubuntu",
      "provider": "provider[\"registry.terraform.io/hashicorp/aws\"]",
      "instances": [
        {
          "schema_version": 0,
          "attributes": {
            "allow_unsafe_filter": null,
            "architecture": "x86_64",
            "arn": "arn:aws:ec2:us-east-2::image/ami-0503ed50b531cc445",
            "block_device_mappings": [
              {
                "device_name": "/dev/sda1",
                "ebs": {
                  "delete_on_termination": "true",
                  "encrypted": "false",
                  "iops": "0",
                  "snapshot_id": "snap-04a1b4090d38d9187",
                  "throughput": "0",
                  "volume_initialization_rate": "0",
                  "volume_size": "8",
                  "volume_type": "gp2"
                },
                "no_device": "",
                "virtual_name": ""
              },
              {
                "device_name": "/dev/sdb",
                "ebs": {},
                "no_device": "",
                "virtual_name": "ephemeral0"
              },
              {
                "device_name": "/dev/sdc",
                "ebs": {},
                "no_device": "",
                "virtual_name": "ephemeral1"
              }
            ],
            "boot_mode": "uefi-preferred",
            "creation_date": "2025-12-12T06:54:41.000Z",
            "deprecation_time": "2027-12-12T06:54:41.000Z",
            "description": "Canonical, Ubuntu, 22.04, amd64 jammy image",
            "ena_support": true,
            "executable_users": null,
            "filter": [
              {
                "name": "name",
                "values": [
                  "ubuntu/images/hvm-ssd/ubuntu-jammy-22.04-amd64-server-*"
                ]
              },
              {
                "name": "virtualization-type",
                "values": [
                  "hvm"
                ]
              }
            ],
            "hypervisor": "xen",
            "id": "ami-0503ed50b531cc445",
            "image_id": "ami-0503ed50b531cc445",
            "image_location": "amazon/ubuntu/images/hvm-ssd/ubuntu-jammy-22.04-amd64-server-20251212",
            "image_owner_alias": "amazon",
            "image_type": "machine",
            "imds_support": "",
            "include_deprecated": false,
            "kernel_id": "",
            "last_launched_time": "",
            "most_recent": true,
            "name": "ubuntu/images/hvm-ssd/ubuntu-jammy-22.04-amd64-server-20251212",
            "name_regex": null,
            "owner_id": "099720109477",
            "owners": [
              "099720109477"
            ],
            "platform": "",
            "platform_details": "Linux/UNIX",
            "product_codes": [],
            "public": true,
            "ramdisk_id": "",
            "region": "us-east-2",
            "root_device_name": "/dev/sda1",
            "root_device_type": "ebs",
            "root_snapshot_id": "snap-04a1b4090d38d9187",
            "sriov_net_support": "simple",
            "state": "available",
            "state_reason": {
              "code": "UNSET",
              "message": "UNSET"
            },
            "tags": {},
            "timeouts": null,
            "tpm_support": "",
            "uefi_data": null,
            "usage_operation": "RunInstances",
            "virtualization_type": "hvm"
          },
          "sensitive_attributes": [],
          "identity_schema_version": 0
        }
      ]
    },
    {
      "module": "module.backend_asg",
      "mode": "managed",
      "type": "aws_autoscaling_group",
      "name": "backend",
      "provider": "provider[\"registry.terraform.io/hashicorp/aws\"]",
      "instances": [
        {
          "schema_version": 1,
          "attributes": {
            "arn": "arn:aws:autoscaling:us-east-2:419126140774:autoScalingGroup:cc82da72-1d17-4eaa-8b69-bc86c6215419:autoScalingGroupName/dev-btcmp-proj-5-backend-asg",
            "availability_zone_distribution": [
              {
                "capacity_distribution_strategy": "balanced-best-effort"
              }
            ],
            "availability_zones": [
              "us-east-2a",
              "us-east-2b"
            ],
            "capacity_rebalance": false,
            "capacity_reservation_specification": [
              {
                "capacity_reservation_preference": "default",
                "capacity_reservation_target": []
              }
            ],
            "context": "",
            "default_cooldown": 300,
            "default_instance_warmup": 0,
            "desired_capacity": 1,
            "desired_capacity_type": "",
            "enabled_metrics": [
              "GroupDesiredCapacity",
              "GroupInServiceInstances",
              "GroupMaxSize",
              "GroupMinSize",
              "GroupPendingInstances",
              "GroupStandbyInstances",
              "GroupTerminatingInstances",
              "GroupTotalInstances"
            ],
            "force_delete": false,
            "force_delete_warm_pool": false,
            "health_check_grace_period": 300,
            "health_check_type": "ELB",
            "id": "dev-btcmp-proj-5-backend-asg",
            "ignore_failed_scaling_activities": false,
            "initial_lifecycle_hook": [],
            "instance_maintenance_policy": [],
            "instance_refresh": [],
            "launch_configuration": "",
            "launch_template": [
              {
                "id": "lt-0f9455414105fabc9",
                "name": "dev-btcmp-proj-5-backend-20260120211936584600000005",
                "version": "$Latest"
              }
            ],
            "load_balancers": [],
            "max_instance_lifetime": 0,
            "max_size": 2,
            "metrics_granularity": "1Minute",
            "min_elb_capacity": null,
            "min_size": 1,
            "mixed_instances_policy": [],
            "name": "dev-btcmp-proj-5-backend-asg",
            "name_prefix": "",
            "placement_group": "",
            "predicted_capacity": 0,
            "protect_from_scale_in": false,
            "region": "us-east-2",
            "service_linked_role_arn": "arn:aws:iam::419126140774:role/aws-service-role/autoscaling.amazonaws.com/AWSServiceRoleForAutoScaling",
            "suspended_processes": null,
            "tag": [
              {
                "key": "CostCenter",
                "propagate_at_launch": true,
                "value": "btcmp-proj-5"
              },
              {
                "key": "Environment",
                "propagate_at_launch": true,
                "value": "dev"
              },
              {
                "key": "Name",
                "propagate_at_launch": true,
                "value": "dev-btcmp-proj-5-backend"
              },
              {
                "key": "Owner",
                "propagate_at_launch": true,
                "value": "Vatsal"
              },
              {
                "key": "Project",
                "propagate_at_launch": true,
                "value": "btcmp-proj-5"
              }
            ],
            "target_group_arns": [
              "arn:aws:elasticloadbalancing:us-east-2:419126140774:targetgroup/dev-btcmp-proj-5-internal-tg/bdd340919d741c9b"
            ],
            "termination_policies": null,
            "timeouts": null,
            "traffic_source": [
              {
                "identifier": "arn:aws:elasticloadbalancing:us-east-2:419126140774:targetgroup/dev-btcmp-proj-5-internal-tg/bdd340919d741c9b",
                "type": "elbv2"
              }
            ],
            "vpc_zone_identifier": [
              "subnet-066691bb83128a5c6",
              "subnet-0c2cb52cca270c9b7"
            ],
            "wait_for_capacity_timeout": "10m",
            "wait_for_elb_capacity": null,
            "warm_pool": [],
            "warm_pool_size": 0
          },
          "sensitive_attributes": [],
          "identity_schema_version": 0,
          "private": "eyJlMmJmYjczMC1lY2FhLTExZTYtOGY4OC0zNDM2M2JjN2M0YzAiOnsiZGVsZXRlIjo2MDAwMDAwMDAwMDAsInVwZGF0ZSI6NjAwMDAwMDAwMDAwfSwic2NoZW1hX3ZlcnNpb24iOiIxIn0=",
          "dependencies": [
            "module.backend_asg.aws_launch_template.backend",
            "module.backend_asg.data.aws_ami.ubuntu",
            "module.iam.aws_iam_instance_profile.ec2_profile",
            "module.iam.aws_iam_role.ec2_role",
            "module.internal_alb.aws_lb_target_group.main",
            "module.rds.aws_db_instance.main",
            "module.rds.aws_db_parameter_group.main",
            "module.rds.aws_db_subnet_group.main",
            "module.rds.aws_iam_role.rds_monitoring",
            "module.rds.aws_iam_role_policy_attachment.rds_monitoring",
            "module.secrets.aws_secretsmanager_secret.db_credentials",
            "module.secrets.aws_secretsmanager_secret_version.db_credentials",
            "module.security_groups.aws_security_group.alb",
            "module.security_groups.aws_security_group.backend",
            "module.security_groups.aws_security_group.bastion",
            "module.security_groups.aws_security_group.frontend",
            "module.security_groups.aws_security_group.internal_alb",
            "module.security_groups.aws_security_group.rds",
            "module.vpc.aws_subnet.backend",
            "module.vpc.aws_subnet.database",
            "module.vpc.aws_vpc.main",
            "random_password.db_password"
          ],
          "create_before_destroy": true
        }
      ]
    },
    {
      "module": "module.backend_asg",
      "mode": "managed",
      "type": "aws_autoscaling_policy",
      "name": "backend_cpu",
      "provider": "provider[\"registry.terraform.io/hashicorp/aws\"]",
      "instances": [
        {
          "schema_version": 0,
          "attributes": {
            "adjustment_type": "",
            "arn": "arn:aws:autoscaling:us-east-2:419126140774:scalingPolicy:b832274e-f1eb-4a91-a2d4-96b44b9dc007:autoScalingGroupName/dev-btcmp-proj-5-backend-asg:policyName/dev-btcmp-proj-5-backend-cpu-tracking",
            "autoscaling_group_name": "dev-btcmp-proj-5-backend-asg",
            "cooldown": 0,
            "enabled": true,
            "estimated_instance_warmup": 0,
            "id": "dev-btcmp-proj-5-backend-cpu-tracking",
            "metric_aggregation_type": "",
            "min_adjustment_magnitude": 0,
            "name": "dev-btcmp-proj-5-backend-cpu-tracking",
            "policy_type": "TargetTrackingScaling",
            "predictive_scaling_configuration": [],
            "region": "us-east-2",
            "scaling_adjustment": 0,
            "step_adjustment": [],
            "target_tracking_configuration": [
              {
                "customized_metric_specification": [],
                "disable_scale_in": false,
                "predefined_metric_specification": [
                  {
                    "predefined_metric_type": "ASGAverageCPUUtilization",
                    "resource_label": ""
                  }
                ],
                "target_value": 70
              }
            ]
          },
          "sensitive_attributes": [],
          "identity_schema_version": 0,
          "private": "bnVsbA==",
          "dependencies": [
            "module.backend_asg.aws_autoscaling_group.backend",
            "module.backend_asg.aws_launch_template.backend",
            "module.backend_asg.data.aws_ami.ubuntu",
            "module.iam.aws_iam_instance_profile.ec2_profile",
            "module.iam.aws_iam_role.ec2_role",
            "module.internal_alb.aws_lb_target_group.main",
            "module.rds.aws_db_instance.main",
            "module.rds.aws_db_parameter_group.main",
            "module.rds.aws_db_subnet_group.main",
            "module.rds.aws_iam_role.rds_monitoring",
            "module.rds.aws_iam_role_policy_attachment.rds_monitoring",
            "module.secrets.aws_secretsmanager_secret.db_credentials",
            "module.secrets.aws_secretsmanager_secret_version.db_credentials",
            "module.security_groups.aws_security_group.alb",
            "module.security_groups.aws_security_group.backend",
            "module.security_groups.aws_security_group.bastion",
            "module.security_groups.aws_security_group.frontend",
            "module.security_groups.aws_security_group.internal_alb",
            "module.security_groups.aws_security_group.rds",
            "module.vpc.aws_subnet.backend",
            "module.vpc.aws_subnet.database",
            "module.vpc.aws_vpc.main",
            "random_password.db_password"
          ]
        }
      ]
    },
    {
      "module": "module.backend_asg",
      "mode": "managed",
      "type": "aws_cloudwatch_metric_alarm",
      "name": "backend_high_cpu",
      "provider": "provider[\"registry.terraform.io/hashicorp/aws\"]",
      "instances": [
        {
          "schema_version": 1,
          "attributes": {
            "actions_enabled": true,
            "alarm_actions": null,
            "alarm_description": "This metric monitors backend EC2 CPU utilization",
            "alarm_name": "dev-btcmp-proj-5-backend-high-cpu",
            "arn": "arn:aws:cloudwatch:us-east-2:419126140774:alarm:dev-btcmp-proj-5-backend-high-cpu",
            "comparison_operator": "GreaterThanThreshold",
            "datapoints_to_alarm": 0,
            "dimensions": {
              "AutoScalingGroupName": "dev-btcmp-proj-5-backend-asg"
            },
            "evaluate_low_sample_count_percentiles": "",
            "evaluation_periods": 2,
            "extended_statistic": "",
            "id": "dev-btcmp-proj-5-backend-high-cpu",
            "insufficient_data_actions": null,
            "metric_name": "CPUUtilization",
            "metric_query": [],
            "namespace": "AWS/EC2",
            "ok_actions": null,
            "period": 120,
            "region": "us-east-2",
            "statistic": "Average",
            "tags": {
              "CostCenter": "btcmp-proj-5",
              "Environment": "dev",
              "Owner": "Vatsal",
              "Project": "btcmp-proj-5"
            },
            "tags_all": {
              "CostCenter": "btcmp-proj-5",
              "Environment": "dev",
              "Owner": "Vatsal",
              "Project": "btcmp-proj-5"
            },
            "threshold": 80,
            "threshold_metric_id": "",
            "treat_missing_data": "missing",
            "unit": ""
          },
          "sensitive_attributes": [],
          "identity_schema_version": 0,
          "identity": {
            "account_id": "419126140774",
            "alarm_name": "dev-btcmp-proj-5-backend-high-cpu",
            "region": "us-east-2"
          },
          "private": "eyJzY2hlbWFfdmVyc2lvbiI6IjEifQ==",
          "dependencies": [
            "module.backend_asg.aws_autoscaling_group.backend",
            "module.backend_asg.aws_launch_template.backend",
            "module.backend_asg.data.aws_ami.ubuntu",
            "module.iam.aws_iam_instance_profile.ec2_profile",
            "module.iam.aws_iam_role.ec2_role",
            "module.internal_alb.aws_lb_target_group.main",
            "module.rds.aws_db_instance.main",
            "module.rds.aws_db_parameter_group.main",
            "module.rds.aws_db_subnet_group.main",
            "module.rds.aws_iam_role.rds_monitoring",
            "module.rds.aws_iam_role_policy_attachment.rds_monitoring",
            "module.secrets.aws_secretsmanager_secret.db_credentials",
            "module.secrets.aws_secretsmanager_secret_version.db_credentials",
            "module.security_groups.aws_security_group.alb",
            "module.security_groups.aws_security_group.backend",
            "module.security_groups.aws_security_group.bastion",
            "module.security_groups.aws_security_group.frontend",
            "module.security_groups.aws_security_group.internal_alb",
            "module.security_groups.aws_security_group.rds",
            "module.vpc.aws_subnet.backend",
            "module.vpc.aws_subnet.database",
            "module.vpc.aws_vpc.main",
            "random_password.db_password"
          ]
        }
      ]
    },
    {
      "module": "module.backend_asg",
      "mode": "managed",
      "type": "aws_launch_template",
      "name": "backend",
      "provider": "provider[\"registry.terraform.io/hashicorp/aws\"]",
      "instances": [
        {
          "schema_version": 1,
          "attributes": {
            "arn": "arn:aws:ec2:us-east-2:419126140774:launch-template/lt-0f9455414105fabc9",
            "block_device_mappings": [
              {
                "device_name": "/dev/xvda",
                "ebs": [
                  {
                    "delete_on_termination": "true",
                    "encrypted": "true",
                    "iops": 0,
                    "kms_key_id": "",
                    "snapshot_id": "",
                    "throughput": 0,
                    "volume_initialization_rate": 0,
                    "volume_size": 20,
                    "volume_type": "gp3"
                  }
                ],
                "no_device": "",
                "virtual_name": ""
              }
            ],
            "capacity_reservation_specification": [],
            "cpu_options": [],
            "credit_specification": [],
            "default_version": 1,
            "description": "",
            "disable_api_stop": false,
            "disable_api_termination": false,
            "ebs_optimized": "",
            "enclave_options": [],
            "hibernation_options": [],
            "iam_instance_profile": [
              {
                "arn": "",
                "name": "dev-btcmp-proj-5-ec2-instance-profile"
              }
            ],
            "id": "lt-0f9455414105fabc9",
            "image_id": "ami-0503ed50b531cc445",
            "instance_initiated_shutdown_behavior": "",
            "instance_market_options": [],
            "instance_requirements": [],
            "instance_type": "t2.micro",
            "kernel_id": "",
            "key_name": "EC2-KEY",
            "latest_version": 1,
            "license_specification": [],
            "maintenance_options": [],
            "metadata_options": [
              {
                "http_endpoint": "enabled",
                "http_protocol_ipv6": "",
                "http_put_response_hop_limit": 1,
                "http_tokens": "required",
                "instance_metadata_tags": "enabled"
              }
            ],
            "monitoring": [
              {
                "enabled": true
              }
            ],
            "name": "dev-btcmp-proj-5-backend-20260120211936584600000005",
            "name_prefix": "dev-btcmp-proj-5-backend-",
            "network_interfaces": [],
            "placement": [],
            "private_dns_name_options": [],
            "ram_disk_id": "",
            "region": "us-east-2",
            "security_group_names": null,
            "tag_specifications": [
              {
                "resource_type": "instance",
                "tags": {
                  "CostCenter": "btcmp-proj-5",
                  "Environment": "dev",
                  "Name": "dev-btcmp-proj-5-backend",
                  "Owner": "Vatsal",
                  "Project": "btcmp-proj-5"
                }
              },
              {
                "resource_type": "volume",
                "tags": {
                  "CostCenter": "btcmp-proj-5",
                  "Environment": "dev",
                  "Name": "dev-btcmp-proj-5-backend-volume",
                  "Owner": "Vatsal",
                  "Project": "btcmp-proj-5"
                }
              }
            ],
            "tags": null,
            "tags_all": {
              "CostCenter": "btcmp-proj-5",
              "Environment": "dev",
              "Owner": "Vatsal",
              "Project": "btcmp-proj-5"
            },
            "update_default_version": null,
            "user_data": "IyEvYmluL2Jhc2gNCnNldCAtZQ0KDQojIExvZ2dpbmcgZnVuY3Rpb24NCmxvZygpIHsNCiAgICBlY2hvICJbJChkYXRlICcrJVktJW0tJWQgJUg6JU06JVMnKV0gJDEiIHwgdGVlIC1hIC92YXIvbG9nL3VzZXItZGF0YS5sb2cNCn0NCg0KbG9nICJTdGFydGluZyBiYWNrZW5kIHNldHVwLi4uIg0KDQojIFVwZGF0ZSBzeXN0ZW0NCmxvZyAiVXBkYXRpbmcgc3lzdGVtIHBhY2thZ2VzLi4uIg0KZXhwb3J0IERFQklBTl9GUk9OVEVORD1ub25pbnRlcmFjdGl2ZQ0KYXB0LWdldCB1cGRhdGUgLXkNCmFwdC1nZXQgdXBncmFkZSAteQ0KDQojIEluc3RhbGwgRG9ja2VyIGFuZCBkZXBlbmRlbmNpZXMNCmxvZyAiSW5zdGFsbGluZyBEb2NrZXIgYW5kIHV0aWxpdGllcy4uLiINCmFwdC1nZXQgaW5zdGFsbCAteSBkb2NrZXIuaW8ganEgbmV0Y2F0LW9wZW5ic2QgZG5zdXRpbHMgdW56aXAgY3VybA0Kc3lzdGVtY3RsIHN0YXJ0IGRvY2tlcg0Kc3lzdGVtY3RsIGVuYWJsZSBkb2NrZXINCnVzZXJtb2QgLWFHIGRvY2tlciB1YnVudHUNCmxvZyAi4pyFIERvY2tlciBpbnN0YWxsZWQgYW5kIHN0YXJ0ZWQgc3VjY2Vzc2Z1bGx5Ig0KDQojIEluc3RhbGwgQVdTIENMSSB2Mg0KbG9nICJJbnN0YWxsaW5nIEFXUyBDTEkgdjIuLi4iDQpjdXJsIC1zICJodHRwczovL2F3c2NsaS5hbWF6b25hd3MuY29tL2F3c2NsaS1leGUtbGludXgteDg2XzY0LnppcCIgLW8gImF3c2NsaXYyLnppcCINCnVuemlwIC1xIGF3c2NsaXYyLnppcA0KLi9hd3MvaW5zdGFsbA0Kcm0gLXJmIGF3cyBhd3NjbGl2Mi56aXANCg0KIyBHZXQgcmVnaW9uIGZyb20gaW5zdGFuY2UgbWV0YWRhdGENClJFR0lPTj0idXMtZWFzdC0yIg0KbG9nICJSZWdpb246ICRSRUdJT04iDQoNCiMgRG9ja2VyIEh1YiBsb2dpbiAoaWYgY3JlZGVudGlhbHMgcHJvdmlkZWQpDQppZiBbIC1uICIiIF0gJiYgWyAtbiAiIiBdOyB0aGVuDQogICAgbG9nICJMb2dnaW5nIGludG8gRG9ja2VyIEh1Yi4uLiINCiAgICBpZiAhIGVjaG8gIiIgfCBkb2NrZXIgbG9naW4gLXUgIiIgLS1wYXNzd29yZC1zdGRpbjsgdGhlbg0KICAgICAgICBsb2cgIuKdjCBFUlJPUjogRmFpbGVkIHRvIGxvZ2luIHRvIERvY2tlciBIdWIiDQogICAgICAgIGV4aXQgMQ0KICAgIGZpDQogICAgbG9nICLinIUgU3VjY2Vzc2Z1bGx5IGxvZ2dlZCBpbnRvIERvY2tlciBIdWIiDQplbHNlDQogICAgbG9nICJObyBEb2NrZXIgSHViIGNyZWRlbnRpYWxzIHByb3ZpZGVkLCBhc3N1bWluZyBwdWJsaWMgaW1hZ2UiDQpmaQ0KDQojIEdldCBkYXRhYmFzZSBjcmVkZW50aWFscyBmcm9tIFNlY3JldHMgTWFuYWdlcg0KbG9nICJSZXRyaWV2aW5nIGRhdGFiYXNlIGNyZWRlbnRpYWxzIGZyb20gU2VjcmV0cyBNYW5hZ2VyLi4uIg0KU0VDUkVUPSQoYXdzIHNlY3JldHNtYW5hZ2VyIGdldC1zZWNyZXQtdmFsdWUgLS1zZWNyZXQtaWQgYXJuOmF3czpzZWNyZXRzbWFuYWdlcjp1cy1lYXN0LTI6NDE5MTI2MTQwNzc0OnNlY3JldDpkZXYtYnRjbXAtcHJvai01LWRiLWNyZWRlbnRpYWxzLTZNWndGUCAtLXJlZ2lvbiAkUkVHSU9OIC0tcXVlcnkgU2VjcmV0U3RyaW5nIC0tb3V0cHV0IHRleHQpDQoNCmlmIFsgLXogIiRTRUNSRVQiIF07IHRoZW4NCiAgICBsb2cgIuKdjCBFUlJPUjogRmFpbGVkIHRvIHJldHJpZXZlIGRhdGFiYXNlIGNyZWRlbnRpYWxzIg0KICAgIGV4aXQgMQ0KZmkNCg0KREJfVVNFUk5BTUU9JChlY2hvICRTRUNSRVQgfCBqcSAtciAnLnVzZXJuYW1lJykNCkRCX1BBU1NXT1JEPSQoZWNobyAkU0VDUkVUIHwganEgLXIgJy5wYXNzd29yZCcpDQpEQl9IT1NUPSQoZWNobyAkU0VDUkVUIHwganEgLXIgJy5ob3N0JykNCkRCX1BPUlQ9JChlY2hvICRTRUNSRVQgfCBqcSAtciAnLnBvcnQnKQ0KREJfTkFNRT0kKGVjaG8gJFNFQ1JFVCB8IGpxIC1yICcuZGJuYW1lJykNCg0KIyBWZXJpZnkgYWxsIHJlcXVpcmVkIHNlY3JldHMgd2VyZSByZXRyaWV2ZWQNCmlmIFsgLXogIiREQl9VU0VSTkFNRSIgXSB8fCBbIC16ICIkREJfUEFTU1dPUkQiIF0gfHwgWyAteiAiJERCX0hPU1QiIF0gfHwgWyAteiAiJERCX05BTUUiIF0gfHwgWyAteiAiJERCX1BPUlQiIF07IHRoZW4NCiAgICBsb2cgIuKdjCBFUlJPUjogRmFpbGVkIHRvIHJldHJpZXZlIGFsbCByZXF1aXJlZCBkYXRhYmFzZSBzZWNyZXRzIGZyb20gU2VjcmV0cyBNYW5hZ2VyIg0KICAgIGxvZyAiTWlzc2luZyBzZWNyZXRzOiINCiAgICBbIC16ICIkREJfVVNFUk5BTUUiIF0gJiYgbG9nICIgIC0gdXNlcm5hbWUiDQogICAgWyAteiAiJERCX1BBU1NXT1JEIiBdICYmIGxvZyAiICAtIHBhc3N3b3JkIg0KICAgIFsgLXogIiREQl9IT1NUIiBdICYmIGxvZyAiICAtIGhvc3QiDQogICAgWyAteiAiJERCX05BTUUiIF0gJiYgbG9nICIgIC0gZGJuYW1lIg0KICAgIFsgLXogIiREQl9QT1JUIiBdICYmIGxvZyAiICAtIHBvcnQiDQogICAgZXhpdCAxDQpmaQ0KDQpsb2cgIuKchSBEYXRhYmFzZSBjb25maWd1cmF0aW9uIHJldHJpZXZlZCBzdWNjZXNzZnVsbHkiDQpsb2cgIkRCIEhvc3Q6ICREQl9IT1NUIg0KbG9nICJEQiBQb3J0OiAkREJfUE9SVCINCmxvZyAiREIgTmFtZTogJERCX05BTUUiDQpsb2cgIkRCIFVzZXJuYW1lOiAkREJfVVNFUk5BTUUiDQoNCiMgRW5zdXJlIEROUyByZXNvbHV0aW9uIGlzIHdvcmtpbmcgYmVmb3JlIHRyeWluZyB0byBjb25uZWN0IHRvIHRoZSBkYXRhYmFzZQ0KbG9nICJDaGVja2luZyBETlMgcmVzb2x1dGlvbiBmb3IgZGF0YWJhc2UgaG9zdDogJERCX0hPU1QiDQptYXhfZG5zX2F0dGVtcHRzPTIwDQphdHRlbXB0PTENCndoaWxlIFsgJGF0dGVtcHQgLWxlICRtYXhfZG5zX2F0dGVtcHRzIF07IGRvDQogICAgbG9nICJETlMgcmVzb2x1dGlvbiBhdHRlbXB0ICRhdHRlbXB0IG9mICRtYXhfZG5zX2F0dGVtcHRzLi4uIg0KICAgIGlmIG5zbG9va3VwICIkREJfSE9TVCIgPiAvZGV2L251bGwgMj4mMTsgdGhlbg0KICAgICAgICBsb2cgIuKchSBTdWNjZXNzZnVsbHkgcmVzb2x2ZWQgZGF0YWJhc2UgaG9zdDogJERCX0hPU1QiDQogICAgICAgIGJyZWFrDQogICAgZWxzZQ0KICAgICAgICBpZiBbICRhdHRlbXB0IC1lcSAkbWF4X2Ruc19hdHRlbXB0cyBdOyB0aGVuDQogICAgICAgICAgICBsb2cgIuKaoO+4jyAgV0FSTklORzogRmFpbGVkIHRvIHJlc29sdmUgZGF0YWJhc2UgaG9zdCBhZnRlciAkbWF4X2Ruc19hdHRlbXB0cyBhdHRlbXB0cy4gUHJvY2VlZGluZyBhbnl3YXkuLi4iDQogICAgICAgIGVsc2UNCiAgICAgICAgICAgIGxvZyAiRmFpbGVkIHRvIHJlc29sdmUgZGF0YWJhc2UgaG9zdC4gV2FpdGluZyAxMCBzZWNvbmRzIGJlZm9yZSByZXRyeS4uLiINCiAgICAgICAgICAgIHNsZWVwIDEwDQogICAgICAgIGZpDQogICAgICAgIGF0dGVtcHQ9JCgoYXR0ZW1wdCsxKSkNCiAgICBmaQ0KZG9uZQ0KDQojIENoZWNrIGRhdGFiYXNlIGNvbm5lY3Rpdml0eQ0KbG9nICJDaGVja2luZyBkYXRhYmFzZSBjb25uZWN0aXZpdHkgYXQgJERCX0hPU1Q6JERCX1BPUlQiDQptYXhfZGJfYXR0ZW1wdHM9MTANCmF0dGVtcHQ9MQ0Kd2hpbGUgWyAkYXR0ZW1wdCAtbGUgJG1heF9kYl9hdHRlbXB0cyBdOyBkbw0KICAgIGxvZyAiRGF0YWJhc2UgY29ubmVjdGl2aXR5IGF0dGVtcHQgJGF0dGVtcHQgb2YgJG1heF9kYl9hdHRlbXB0cy4uLiINCiAgICBpZiBuYyAteiAtdyAzICIkREJfSE9TVCIgIiREQl9QT1JUIiAyPi9kZXYvbnVsbDsgdGhlbg0KICAgICAgICBsb2cgIuKchSBTdWNjZXNzZnVsbHkgY29ubmVjdGVkIHRvIGRhdGFiYXNlIGF0ICREQl9IT1NUOiREQl9QT1JUIg0KICAgICAgICBicmVhaw0KICAgIGVsc2UNCiAgICAgICAgaWYgWyAkYXR0ZW1wdCAtZXEgJG1heF9kYl9hdHRlbXB0cyBdOyB0aGVuDQogICAgICAgICAgICBsb2cgIuKaoO+4jyAgV0FSTklORzogQ291bGQgbm90IHZlcmlmeSBkYXRhYmFzZSBjb25uZWN0aXZpdHkgYWZ0ZXIgJG1heF9kYl9hdHRlbXB0cyBhdHRlbXB0cy4gUHJvY2VlZGluZyBhbnl3YXkuLi4iDQogICAgICAgIGVsc2UNCiAgICAgICAgICAgIGxvZyAiRGF0YWJhc2Ugbm90IHlldCByZWFjaGFibGUuIFdhaXRpbmcgMTAgc2Vjb25kcyBiZWZvcmUgcmV0cnkuLi4iDQogICAgICAgICAgICBzbGVlcCAxMA0KICAgICAgICBmaQ0KICAgICAgICBhdHRlbXB0PSQoKGF0dGVtcHQrMSkpDQogICAgZmkNCmRvbmUNCg0KIyBQdWxsIGFuZCBydW4gYmFja2VuZCBjb250YWluZXINCmxvZyAiUHVsbGluZyBiYWNrZW5kIGltYWdlIGZyb20gRG9ja2VyIEh1Yi4uLiINCmRvY2tlciBwdWxsIHZhdHNhbDc5L2J0Y21wLXByb2otNS1iYWNrZW5kOmxhdGVzdA0KDQpsb2cgIlN0YXJ0aW5nIGJhY2tlbmQgY29udGFpbmVyLi4uIg0KZG9ja2VyIHJ1biAtZCBcDQogIC0tbmFtZSBnb2FsLXRyYWNrZXItYmFja2VuZCBcDQogIC0tcmVzdGFydCB1bmxlc3Mtc3RvcHBlZCBcDQogIC1wIDgwODA6ODA4MCBcDQogIC1lIERCX1VTRVJOQU1FPSIkREJfVVNFUk5BTUUiIFwNCiAgLWUgREJfUEFTU1dPUkQ9IiREQl9QQVNTV09SRCIgXA0KICAtZSBEQl9IT1NUPSIkREJfSE9TVCIgXA0KICAtZSBEQl9QT1JUPSIkREJfUE9SVCIgXA0KICAtZSBEQl9OQU1FPSIkREJfTkFNRSIgXA0KICAtZSBTU0w9cmVxdWlyZSBcDQogIC1lIFBPUlQ9ODA4MCBcDQogIHZhdHNhbDc5L2J0Y21wLXByb2otNS1iYWNrZW5kOmxhdGVzdA0KDQojIFdhaXQgZm9yIGNvbnRhaW5lciB0byBiZSBoZWFsdGh5DQpsb2cgIldhaXRpbmcgZm9yIGJhY2tlbmQgdG8gYmUgaGVhbHRoeS4uLiINCnNsZWVwIDE1DQoNCiMgQ2hlY2sgY29udGFpbmVyIHN0YXR1cw0KaWYgZG9ja2VyIHBzIHwgZ3JlcCAtcSBnb2FsLXRyYWNrZXItYmFja2VuZDsgdGhlbg0KICAgIGxvZyAi4pyFIEJhY2tlbmQgY29udGFpbmVyIGlzIHJ1bm5pbmciDQplbHNlDQogICAgbG9nICLinYwgRVJST1I6IEJhY2tlbmQgY29udGFpbmVyIGZhaWxlZCB0byBzdGFydCINCiAgICBkb2NrZXIgbG9ncyBnb2FsLXRyYWNrZXItYmFja2VuZA0KICAgIGV4aXQgMQ0KZmkNCg0KIyBUZXN0IGJhY2tlbmQgaGVhbHRoDQpsb2cgIlRlc3RpbmcgYmFja2VuZCBoZWFsdGggZW5kcG9pbnQuLi4iDQpmb3IgaSBpbiB7MS4uMzB9OyBkbw0KICAgIGlmIGN1cmwgLXMgaHR0cDovL2xvY2FsaG9zdDo4MDgwL2dvYWxzID4gL2Rldi9udWxsIDI+JjE7IHRoZW4NCiAgICAgICAgbG9nICLinIUgQmFja2VuZCBpcyByZXNwb25kaW5nIHRvIHJlcXVlc3RzIg0KICAgICAgICBicmVhaw0KICAgIGZpDQogICAgaWYgWyAkaSAtZXEgMzAgXTsgdGhlbg0KICAgICAgICBsb2cgIuKaoO+4jyAgV0FSTklORzogQmFja2VuZCBoZWFsdGggY2hlY2sgdGltZW91dCINCiAgICAgICAgZG9ja2VyIGxvZ3MgZ29hbC10cmFja2VyLWJhY2tlbmQNCiAgICBmaQ0KICAgIHNsZWVwIDINCmRvbmUNCg0KIyBJbnN0YWxsIENsb3VkV2F0Y2ggQWdlbnQNCmxvZyAiSW5zdGFsbGluZyBDbG91ZFdhdGNoIEFnZW50Li4uIg0Kd2dldCAtcSBodHRwczovL3MzLmFtYXpvbmF3cy5jb20vYW1hem9uY2xvdWR3YXRjaC1hZ2VudC91YnVudHUvYW1kNjQvbGF0ZXN0L2FtYXpvbi1jbG91ZHdhdGNoLWFnZW50LmRlYg0KZHBrZyAtaSAtRSAuL2FtYXpvbi1jbG91ZHdhdGNoLWFnZW50LmRlYg0Kcm0gLWYgLi9hbWF6b24tY2xvdWR3YXRjaC1hZ2VudC5kZWINCg0KIyBDb25maWd1cmUgQ2xvdWRXYXRjaCBMb2dzDQpsb2cgIkNvbmZpZ3VyaW5nIENsb3VkV2F0Y2ggTG9ncy4uLiINCm1rZGlyIC1wIC9vcHQvYXdzL2FtYXpvbi1jbG91ZHdhdGNoLWFnZW50L2V0Yw0KDQpjYXQgPiAvb3B0L2F3cy9hbWF6b24tY2xvdWR3YXRjaC1hZ2VudC9ldGMvYW1hem9uLWNsb3Vkd2F0Y2gtYWdlbnQuanNvbiA8PCAnRU9GJw0Kew0KICAibG9ncyI6IHsNCiAgICAibG9nc19jb2xsZWN0ZWQiOiB7DQogICAgICAiZmlsZXMiOiB7DQogICAgICAgICJjb2xsZWN0X2xpc3QiOiBbDQogICAgICAgICAgew0KICAgICAgICAgICAgImZpbGVfcGF0aCI6ICIvdmFyL2xvZy91c2VyLWRhdGEubG9nIiwNCiAgICAgICAgICAgICJsb2dfZ3JvdXBfbmFtZSI6ICIvYXdzL2VjMi9kZXYtYnRjbXAtcHJvai01L2JhY2tlbmQiLA0KICAgICAgICAgICAgImxvZ19zdHJlYW1fbmFtZSI6ICJ7aW5zdGFuY2VfaWR9L3VzZXItZGF0YSINCiAgICAgICAgICB9DQogICAgICAgIF0NCiAgICAgIH0NCiAgICB9DQogIH0sDQogICJtZXRyaWNzIjogew0KICAgICJuYW1lc3BhY2UiOiAiZGV2L2J0Y21wLXByb2otNS9CYWNrZW5kIiwNCiAgICAibWV0cmljc19jb2xsZWN0ZWQiOiB7DQogICAgICAiY3B1Ijogew0KICAgICAgICAibWVhc3VyZW1lbnQiOiBbDQogICAgICAgICAgew0KICAgICAgICAgICAgIm5hbWUiOiAiY3B1X3VzYWdlX2lkbGUiLA0KICAgICAgICAgICAgInJlbmFtZSI6ICJDUFVfSURMRSIsDQogICAgICAgICAgICAidW5pdCI6ICJQZXJjZW50Ig0KICAgICAgICAgIH0NCiAgICAgICAgXSwNCiAgICAgICAgIm1ldHJpY3NfY29sbGVjdGlvbl9pbnRlcnZhbCI6IDYwDQogICAgICB9LA0KICAgICAgIm1lbSI6IHsNCiAgICAgICAgIm1lYXN1cmVtZW50IjogWw0KICAgICAgICAgIHsNCiAgICAgICAgICAgICJuYW1lIjogIm1lbV91c2VkX3BlcmNlbnQiLA0KICAgICAgICAgICAgInJlbmFtZSI6ICJNRU1fVVNFRCIsDQogICAgICAgICAgICAidW5pdCI6ICJQZXJjZW50Ig0KICAgICAgICAgIH0NCiAgICAgICAgXSwNCiAgICAgICAgIm1ldHJpY3NfY29sbGVjdGlvbl9pbnRlcnZhbCI6IDYwDQogICAgICB9DQogICAgfQ0KICB9DQp9DQpFT0YNCg0KIyBTdGFydCBDbG91ZFdhdGNoIEFnZW50DQovb3B0L2F3cy9hbWF6b24tY2xvdWR3YXRjaC1hZ2VudC9iaW4vYW1hem9uLWNsb3Vkd2F0Y2gtYWdlbnQtY3RsIFwNCiAgLWEgZmV0Y2gtY29uZmlnIFwNCiAgLW0gZWMyIFwNCiAgLXMgXA0KICAtYyBmaWxlOi9vcHQvYXdzL2FtYXpvbi1jbG91ZHdhdGNoLWFnZW50L2V0Yy9hbWF6b24tY2xvdWR3YXRjaC1hZ2VudC5qc29uDQoNCiMgU2V0dXAgRG9ja2VyIGxvZyByb3RhdGlvbg0KY2F0ID4gL2V0Yy9kb2NrZXIvZGFlbW9uLmpzb24gPDwgJ0VPRicNCnsNCiAgImxvZy1kcml2ZXIiOiAianNvbi1maWxlIiwNCiAgImxvZy1vcHRzIjogew0KICAgICJtYXgtc2l6ZSI6ICIxMG0iLA0KICAgICJtYXgtZmlsZSI6ICIzIg0KICB9DQp9DQpFT0YNCg0Kc3lzdGVtY3RsIHJlc3RhcnQgZG9ja2VyDQoNCiMgQ3JlYXRlIGEgaGVhbHRoY2hlY2sgc2NyaXB0DQpjYXQgPiAvdXNyL2xvY2FsL2Jpbi9oZWFsdGhjaGVjay5zaCA8PCAnRU9GJw0KIyEvYmluL2Jhc2gNCnJlc3BvbnNlPSQoY3VybCAtcyAtbyAvZGV2L251bGwgLXcgIiV7aHR0cF9jb2RlfSIgaHR0cDovL2xvY2FsaG9zdDo4MDgwL2dvYWxzKQ0KaWYgWyAiJHJlc3BvbnNlIiA9ICIyMDAiIF07IHRoZW4NCiAgICBleGl0IDANCmVsc2UNCiAgICBlY2hvICJIZWFsdGggY2hlY2sgZmFpbGVkIHdpdGggc3RhdHVzOiAkcmVzcG9uc2UiDQogICAgZXhpdCAxDQpmaQ0KRU9GDQoNCmNobW9kICt4IC91c3IvbG9jYWwvYmluL2hlYWx0aGNoZWNrLnNoDQoNCiMgQWRkIGhlYWx0aGNoZWNrIHRvIGNyb24gKGV2ZXJ5IDUgbWludXRlcykNCmVjaG8gIiovNSAqICogKiAqIC91c3IvbG9jYWwvYmluL2hlYWx0aGNoZWNrLnNoIHx8IHN5c3RlbWN0bCByZXN0YXJ0IGRvY2tlciAmJiBkb2NrZXIgc3RhcnQgZ29hbC10cmFja2VyLWJhY2tlbmQiIHwgY3JvbnRhYiAtDQoNCmxvZyAi4pyFIEJhY2tlbmQgc2V0dXAgY29tcGxldGVkIHN1Y2Nlc3NmdWxseSEiDQpsb2cgIkNvbnRhaW5lciBsb2dzOiBkb2NrZXIgbG9ncyAtZiBnb2FsLXRyYWNrZXItYmFja2VuZCINCg==",
            "vpc_security_group_ids": [
              "sg-01132d25c8108e8ab"
            ]
          },
          "sensitive_attributes": [
            [
              {
                "type": "get_attr",
                "value": "user_data"
              }
            ]
          ],
          "identity_schema_version": 0,
          "private": "eyJzY2hlbWFfdmVyc2lvbiI6IjEifQ==",
          "dependencies": [
            "module.backend_asg.data.aws_ami.ubuntu",
            "module.iam.aws_iam_instance_profile.ec2_profile",
            "module.iam.aws_iam_role.ec2_role",
            "module.rds.aws_db_instance.main",
            "module.rds.aws_db_parameter_group.main",
            "module.rds.aws_db_subnet_group.main",
            "module.rds.aws_iam_role.rds_monitoring",
            "module.rds.aws_iam_role_policy_attachment.rds_monitoring",
            "module.secrets.aws_secretsmanager_secret.db_credentials",
            "module.secrets.aws_secretsmanager_secret_version.db_credentials",
            "module.security_groups.aws_security_group.alb",
            "module.security_groups.aws_security_group.backend",
            "module.security_groups.aws_security_group.bastion",
            "module.security_groups.aws_security_group.frontend",
            "module.security_groups.aws_security_group.internal_alb",
            "module.security_groups.aws_security_group.rds",
            "module.vpc.aws_subnet.database",
            "module.vpc.aws_vpc.main",
            "random_password.db_password"
          ],
          "create_before_destroy": true
        }
      ]
    },
    {
      "module": "module.bastion",
      "mode": "data",
      "type": "aws_ami",
      "name": "ubuntu",
      "provider": "provider[\"registry.terraform.io/hashicorp/aws\"]",
      "instances": [
        {
          "schema_version": 0,
          "attributes": {
            "allow_unsafe_filter": null,
            "architecture": "x86_64",
            "arn": "arn:aws:ec2:us-east-2::image/ami-0503ed50b531cc445",
            "block_device_mappings": [
              {
                "device_name": "/dev/sda1",
                "ebs": {
                  "delete_on_termination": "true",
                  "encrypted": "false",
                  "iops": "0",
                  "snapshot_id": "snap-04a1b4090d38d9187",
                  "throughput": "0",
                  "volume_initialization_rate": "0",
                  "volume_size": "8",
                  "volume_type": "gp2"
                },
                "no_device": "",
                "virtual_name": ""
              },
              {
                "device_name": "/dev/sdb",
                "ebs": {},
                "no_device": "",
                "virtual_name": "ephemeral0"
              },
              {
                "device_name": "/dev/sdc",
                "ebs": {},
                "no_device": "",
                "virtual_name": "ephemeral1"
              }
            ],
            "boot_mode": "uefi-preferred",
            "creation_date": "2025-12-12T06:54:41.000Z",
            "deprecation_time": "2027-12-12T06:54:41.000Z",
            "description": "Canonical, Ubuntu, 22.04, amd64 jammy image",
            "ena_support": true,
            "executable_users": null,
            "filter": [
              {
                "name": "name",
                "values": [
                  "ubuntu/images/hvm-ssd/ubuntu-jammy-22.04-amd64-server-*"
                ]
              },
              {
                "name": "virtualization-type",
                "values": [
                  "hvm"
                ]
              }
            ],
            "hypervisor": "xen",
            "id": "ami-0503ed50b531cc445",
            "image_id": "ami-0503ed50b531cc445",
            "image_location": "amazon/ubuntu/images/hvm-ssd/ubuntu-jammy-22.04-amd64-server-20251212",
            "image_owner_alias": "amazon",
            "image_type": "machine",
            "imds_support": "",
            "include_deprecated": false,
            "kernel_id": "",
            "last_launched_time": "",
            "most_recent": true,
            "name": "ubuntu/images/hvm-ssd/ubuntu-jammy-22.04-amd64-server-20251212",
            "name_regex": null,
            "owner_id": "099720109477",
            "owners": [
              "099720109477"
            ],
            "platform": "",
            "platform_details": "Linux/UNIX",
            "product_codes": [],
            "public": true,
            "ramdisk_id": "",
            "region": "us-east-2",
            "root_device_name": "/dev/sda1",
            "root_device_type": "ebs",
            "root_snapshot_id": "snap-04a1b4090d38d9187",
            "sriov_net_support": "simple",
            "state": "available",
            "state_reason": {
              "code": "UNSET",
              "message": "UNSET"
            },
            "tags": {},
            "timeouts": null,
            "tpm_support": "",
            "uefi_data": null,
            "usage_operation": "RunInstances",
            "virtualization_type": "hvm"
          },
          "sensitive_attributes": [],
          "identity_schema_version": 0
        }
      ]
    },
    {
      "module": "module.bastion",
      "mode": "managed",
      "type": "aws_eip",
      "name": "bastion",
      "provider": "provider[\"registry.terraform.io/hashicorp/aws\"]",
      "instances": [
        {
          "schema_version": 0,
          "attributes": {
            "address": null,
            "allocation_id": "eipalloc-097d7b646a15af6ed",
            "arn": "arn:aws:ec2:us-east-2:419126140774:elastic-ip/eipalloc-097d7b646a15af6ed",
            "associate_with_private_ip": null,
            "association_id": "",
            "carrier_ip": "",
            "customer_owned_ip": "",
            "customer_owned_ipv4_pool": "",
            "domain": "vpc",
            "id": "eipalloc-097d7b646a15af6ed",
            "instance": "",
            "ipam_pool_id": null,
            "network_border_group": "us-east-2",
            "network_interface": "",
            "private_dns": null,
            "private_ip": "",
            "ptr_record": "",
            "public_dns": "ec2-3-12-126-64.us-east-2.compute.amazonaws.com",
            "public_ip": "3.12.126.64",
            "public_ipv4_pool": "amazon",
            "region": "us-east-2",
            "tags": {
              "CostCenter": "btcmp-proj-5",
              "Environment": "dev",
              "Name": "dev-btcmp-proj-5-bastion-eip",
              "Owner": "Vatsal",
              "Project": "btcmp-proj-5"
            },
            "tags_all": {
              "CostCenter": "btcmp-proj-5",
              "Environment": "dev",
              "Name": "dev-btcmp-proj-5-bastion-eip",
              "Owner": "Vatsal",
              "Project": "btcmp-proj-5"
            },
            "timeouts": null
          },
          "sensitive_attributes": [],
          "identity_schema_version": 0,
          "private": "eyJlMmJmYjczMC1lY2FhLTExZTYtOGY4OC0zNDM2M2JjN2M0YzAiOnsiZGVsZXRlIjoxODAwMDAwMDAwMDAsInJlYWQiOjkwMDAwMDAwMDAwMCwidXBkYXRlIjozMDAwMDAwMDAwMDB9fQ=="
        }
      ]
    },
    {
      "module": "module.bastion",
      "mode": "managed",
      "type": "aws_eip_association",
      "name": "bastion",
      "provider": "provider[\"registry.terraform.io/hashicorp/aws\"]",
      "instances": [
        {
          "schema_version": 0,
          "attributes": {
            "allocation_id": "eipalloc-097d7b646a15af6ed",
            "allow_reassociation": null,
            "id": "eipassoc-01f0ff280ba6dfc1b",
            "instance_id": "i-0f00c043c26c2c545",
            "network_interface_id": "eni-058b758c220cab142",
            "private_ip_address": "10.0.1.93",
            "public_ip": "3.12.126.64",
            "region": "us-east-2"
          },
          "sensitive_attributes": [],
          "identity_schema_version": 0,
          "private": "bnVsbA==",
          "dependencies": [
            "module.bastion.aws_eip.bastion",
            "module.bastion.aws_instance.bastion",
            "module.bastion.data.aws_ami.ubuntu",
            "module.iam.aws_iam_instance_profile.ec2_profile",
            "module.iam.aws_iam_role.ec2_role",
            "module.security_groups.aws_security_group.bastion",
            "module.vpc.aws_subnet.public",
            "module.vpc.aws_vpc.main"
          ]
        }
      ]
    },
    {
      "module": "module.bastion",
      "mode": "managed",
      "type": "aws_instance",
      "name": "bastion",
      "provider": "provider[\"registry.terraform.io/hashicorp/aws\"]",
      "instances": [
        {
          "schema_version": 2,
          "attributes": {
            "ami": "ami-0503ed50b531cc445",
            "arn": "arn:aws:ec2:us-east-2:419126140774:instance/i-0f00c043c26c2c545",
            "associate_public_ip_address": true,
            "availability_zone": "us-east-2a",
            "capacity_reservation_specification": [
              {
                "capacity_reservation_preference": "open",
                "capacity_reservation_target": []
              }
            ],
            "cpu_options": [
              {
                "amd_sev_snp": "",
                "core_count": 1,
                "threads_per_core": 1
              }
            ],
            "credit_specification": [
              {
                "cpu_credits": "standard"
              }
            ],
            "disable_api_stop": false,
            "disable_api_termination": false,
            "ebs_block_device": [],
            "ebs_optimized": false,
            "enable_primary_ipv6": null,
            "enclave_options": [
              {
                "enabled": false
              }
            ],
            "ephemeral_block_device": [],
            "force_destroy": false,
            "get_password_data": false,
            "hibernation": false,
            "host_id": "",
            "host_resource_group_arn": null,
            "iam_instance_profile": "dev-btcmp-proj-5-ec2-instance-profile",
            "id": "i-0f00c043c26c2c545",
            "instance_initiated_shutdown_behavior": "stop",
            "instance_lifecycle": "",
            "instance_market_options": [],
            "instance_state": "running",
            "instance_type": "t2.micro",
            "ipv6_address_count": 0,
            "ipv6_addresses": [],
            "key_name": "EC2-KEY",
            "launch_template": [],
            "maintenance_options": [
              {
                "auto_recovery": "default"
              }
            ],
            "metadata_options": [
              {
                "http_endpoint": "enabled",
                "http_protocol_ipv6": "disabled",
                "http_put_response_hop_limit": 1,
                "http_tokens": "required",
                "instance_metadata_tags": "disabled"
              }
            ],
            "monitoring": false,
            "network_interface": [],
            "outpost_arn": "",
            "password_data": "",
            "placement_group": "",
            "placement_group_id": "",
            "placement_partition_number": 0,
            "primary_network_interface": [
              {
                "delete_on_termination": true,
                "network_interface_id": "eni-058b758c220cab142"
              }
            ],
            "primary_network_interface_id": "eni-058b758c220cab142",
            "private_dns": "ip-10-0-1-93.us-east-2.compute.internal",
            "private_dns_name_options": [
              {
                "enable_resource_name_dns_a_record": false,
                "enable_resource_name_dns_aaaa_record": false,
                "hostname_type": "ip-name"
              }
            ],
            "private_ip": "10.0.1.93",
            "public_dns": "ec2-18-219-152-222.us-east-2.compute.amazonaws.com",
            "public_ip": "18.219.152.222",
            "region": "us-east-2",
            "root_block_device": [
              {
                "delete_on_termination": true,
                "device_name": "/dev/sda1",
                "encrypted": true,
                "iops": 3000,
                "kms_key_id": "arn:aws:kms:us-east-2:419126140774:key/a9cebdf3-eb5c-4883-94d2-99644bc50e2f",
                "tags": null,
                "tags_all": {
                  "CostCenter": "btcmp-proj-5",
                  "Environment": "dev",
                  "Owner": "Vatsal",
                  "Project": "btcmp-proj-5"
                },
                "throughput": 125,
                "volume_id": "vol-0cf54533a954c9f1d",
                "volume_size": 20,
                "volume_type": "gp3"
              }
            ],
            "secondary_private_ips": [],
            "security_groups": [],
            "source_dest_check": true,
            "spot_instance_request_id": "",
            "subnet_id": "subnet-032e6c4aa0953ba77",
            "tags": {
              "CostCenter": "btcmp-proj-5",
              "Environment": "dev",
              "Name": "dev-btcmp-proj-5-bastion",
              "Owner": "Vatsal",
              "Project": "btcmp-proj-5"
            },
            "tags_all": {
              "CostCenter": "btcmp-proj-5",
              "Environment": "dev",
              "Name": "dev-btcmp-proj-5-bastion",
              "Owner": "Vatsal",
              "Project": "btcmp-proj-5"
            },
            "tenancy": "default",
            "timeouts": null,
            "user_data": "#!/bin/bash\r\nset -e\r\n\r\n# Update system\r\nexport DEBIAN_FRONTEND=noninteractive\r\napt-get update -y\r\napt-get upgrade -y\r\n\r\n# Install useful tools\r\napt-get install -y \\\r\n    vim \\\r\n    git \\\r\n    htop \\\r\n    wget \\\r\n    curl \\\r\n    jq \\\r\n    dnsutils\r\n\r\n# Install Docker (for troubleshooting)\r\napt-get install -y docker.io\r\nsystemctl start docker\r\nsystemctl enable docker\r\nusermod -aG docker ubuntu\r\n\r\n# Install AWS CLI v2\r\ncurl \"https://awscli.amazonaws.com/awscli-exe-linux-x86_64.zip\" -o \"awscliv2.zip\"\r\nunzip -q awscliv2.zip\r\n./aws/install\r\nrm -rf aws awscliv2.zip\r\n\r\n# Install Session Manager plugin\r\ncurl \"https://s3.amazonaws.com/session-manager-downloads/plugin/latest/ubuntu_64bit/session-manager-plugin.deb\" -o \"session-manager-plugin.deb\"\r\ndpkg -i session-manager-plugin.deb\r\nrm -f session-manager-plugin.deb\r\n\r\n# Configure AWS CLI region\r\nREGION=$(curl -s http://169.254.169.254/latest/meta-data/placement/region)\r\nmkdir -p /home/ubuntu/.aws\r\ncat \u003e /home/ubuntu/.aws/config \u003c\u003c EOF\r\n[default]\r\nregion = $REGION\r\noutput = json\r\nEOF\r\nchown -R ubuntu:ubuntu /home/ubuntu/.aws\r\n\r\n# Set up message of the day\r\ncat \u003e /etc/motd \u003c\u003c 'EOF'\r\n╔════════════════════════════════════════════════════════════════╗\r\n║                                                                ║\r\n║           Goal Tracker Application - Bastion Host             ║\r\n║                                                                ║\r\n║  Environment: dev                                  \r\n║  Project: btcmp-proj-5                                          \r\n║                                                                ║\r\n║  Use this host to access private instances via SSH            ║\r\n║  Or use AWS Systems Manager Session Manager (no keys needed)  ║\r\n║                                                                ║\r\n╚════════════════════════════════════════════════════════════════╝\r\nEOF\r\n\r\n# Create helpful aliases\r\ncat \u003e\u003e /home/ubuntu/.bashrc \u003c\u003c 'EOF'\r\n\r\n# Helpful aliases\r\nalias ll='ls -lah'\r\nalias docker-ps='docker ps --format \"table {{.ID}}\\t{{.Image}}\\t{{.Status}}\\t{{.Names}}\"'\r\nalias docker-logs='docker logs -f'\r\n\r\n# AWS helpers\r\nalias ec2-list='aws ec2 describe-instances --query \"Reservations[*].Instances[*].[InstanceId,State.Name,PrivateIpAddress,Tags[?Key==`Name`].Value|[0]]\" --output table'\r\nalias rds-list='aws rds describe-db-instances --query \"DBInstances[*].[DBInstanceIdentifier,DBInstanceStatus,Endpoint.Address]\" --output table'\r\n\r\necho \"💡 Tip: Use 'ec2-list' to see all EC2 instances or 'rds-list' for RDS instances\"\r\nEOF\r\n\r\nchown ubuntu:ubuntu /home/ubuntu/.bashrc\r\n\r\necho \"Bastion host setup complete - $(date)\" \u003e /var/log/user-data.log\r\n",
            "user_data_base64": null,
            "user_data_replace_on_change": false,
            "volume_tags": null,
            "vpc_security_group_ids": [
              "sg-028bb0598d0e62c95"
            ]
          },
          "sensitive_attributes": [],
          "identity_schema_version": 0,
          "identity": {
            "account_id": "419126140774",
            "id": "i-0f00c043c26c2c545",
            "region": "us-east-2"
          },
          "private": "eyJlMmJmYjczMC1lY2FhLTExZTYtOGY4OC0zNDM2M2JjN2M0YzAiOnsiY3JlYXRlIjo2MDAwMDAwMDAwMDAsImRlbGV0ZSI6MTIwMDAwMDAwMDAwMCwicmVhZCI6OTAwMDAwMDAwMDAwLCJ1cGRhdGUiOjYwMDAwMDAwMDAwMH0sInNjaGVtYV92ZXJzaW9uIjoiMiJ9",
          "dependencies": [
            "module.bastion.data.aws_ami.ubuntu",
            "module.iam.aws_iam_instance_profile.ec2_profile",
            "module.iam.aws_iam_role.ec2_role",
            "module.security_groups.aws_security_group.bastion",
            "module.vpc.aws_subnet.public",
            "module.vpc.aws_vpc.main"
          ]
        }
      ]
    },
    {
      "module": "module.frontend_asg",
      "mode": "data",
      "type": "aws_ami",
      "name": "ubuntu",
      "provider": "provider[\"registry.terraform.io/hashicorp/aws\"]",
      "instances": [
        {
          "schema_version": 0,
          "attributes": {
            "allow_unsafe_filter": null,
            "architecture": "x86_64",
            "arn": "arn:aws:ec2:us-east-2::image/ami-0503ed50b531cc445",
            "block_device_mappings": [
              {
                "device_name": "/dev/sda1",
                "ebs": {
                  "delete_on_termination": "true",
                  "encrypted": "false",
                  "iops": "0",
                  "snapshot_id": "snap-04a1b4090d38d9187",
                  "throughput": "0",
                  "volume_initialization_rate": "0",
                  "volume_size": "8",
                  "volume_type": "gp2"
                },
                "no_device": "",
                "virtual_name": ""
              },
              {
                "device_name": "/dev/sdb",
                "ebs": {},
                "no_device": "",
                "virtual_name": "ephemeral0"
              },
              {
                "device_name": "/dev/sdc",
                "ebs": {},
                "no_device": "",
                "virtual_name": "ephemeral1"
              }
            ],
            "boot_mode": "uefi-preferred",
            "creation_date": "2025-12-12T06:54:41.000Z",
            "deprecation_time": "2027-12-12T06:54:41.000Z",
            "description": "Canonical, Ubuntu, 22.04, amd64 jammy image",
            "ena_support": true,
            "executable_users": null,
            "filter": [
              {
                "name": "name",
                "values": [
                  "ubuntu/images/hvm-ssd/ubuntu-jammy-22.04-amd64-server-*"
                ]
              },
              {
                "name": "virtualization-type",
                "values": [
                  "hvm"
                ]
              }
            ],
            "hypervisor": "xen",
            "id": "ami-0503ed50b531cc445",
            "image_id": "ami-0503ed50b531cc445",
            "image_location": "amazon/ubuntu/images/hvm-ssd/ubuntu-jammy-22.04-amd64-server-20251212",
            "image_owner_alias": "amazon",
            "image_type": "machine",
            "imds_support": "",
            "include_deprecated": false,
            "kernel_id": "",
            "last_launched_time": "",
            "most_recent": true,
            "name": "ubuntu/images/hvm-ssd/ubuntu-jammy-22.04-amd64-server-20251212",
            "name_regex": null,
            "owner_id": "099720109477",
            "owners": [
              "099720109477"
            ],
            "platform": "",
            "platform_details": "Linux/UNIX",
            "product_codes": [],
            "public": true,
            "ramdisk_id": "",
            "region": "us-east-2",
            "root_device_name": "/dev/sda1",
            "root_device_type": "ebs",
            "root_snapshot_id": "snap-04a1b4090d38d9187",
            "sriov_net_support": "simple",
            "state": "available",
            "state_reason": {
              "code": "UNSET",
              "message": "UNSET"
            },
            "tags": {},
            "timeouts": null,
            "tpm_support": "",
            "uefi_data": null,
            "usage_operation": "RunInstances",
            "virtualization_type": "hvm"
          },
          "sensitive_attributes": [],
          "identity_schema_version": 0
        }
      ]
    },
    {
      "module": "module.frontend_asg",
      "mode": "managed",
      "type": "aws_autoscaling_group",
      "name": "frontend",
      "provider": "provider[\"registry.terraform.io/hashicorp/aws\"]",
      "instances": [
        {
          "schema_version": 1,
          "attributes": {
            "arn": "arn:aws:autoscaling:us-east-2:419126140774:autoScalingGroup:1e64270d-c474-49af-acc6-c871705e5fa4:autoScalingGroupName/dev-btcmp-proj-5-frontend-asg",
            "availability_zone_distribution": [
              {
                "capacity_distribution_strategy": "balanced-best-effort"
              }
            ],
            "availability_zones": [
              "us-east-2a",
              "us-east-2b"
            ],
            "capacity_rebalance": false,
            "capacity_reservation_specification": [
              {
                "capacity_reservation_preference": "default",
                "capacity_reservation_target": []
              }
            ],
            "context": "",
            "default_cooldown": 300,
            "default_instance_warmup": 0,
            "desired_capacity": 1,
            "desired_capacity_type": "",
            "enabled_metrics": [
              "GroupDesiredCapacity",
              "GroupInServiceInstances",
              "GroupMaxSize",
              "GroupMinSize",
              "GroupPendingInstances",
              "GroupStandbyInstances",
              "GroupTerminatingInstances",
              "GroupTotalInstances"
            ],
            "force_delete": false,
            "force_delete_warm_pool": false,
            "health_check_grace_period": 300,
            "health_check_type": "ELB",
            "id": "dev-btcmp-proj-5-frontend-asg",
            "ignore_failed_scaling_activities": false,
            "initial_lifecycle_hook": [],
            "instance_maintenance_policy": [],
            "instance_refresh": [],
            "launch_configuration": "",
            "launch_template": [
              {
                "id": "lt-0b169269842aca904",
                "name": "dev-btcmp-proj-5-frontend-20260120211935859000000003",
                "version": "$Latest"
              }
            ],
            "load_balancers": [],
            "max_instance_lifetime": 0,
            "max_size": 2,
            "metrics_granularity": "1Minute",
            "min_elb_capacity": null,
            "min_size": 1,
            "mixed_instances_policy": [],
            "name": "dev-btcmp-proj-5-frontend-asg",
            "name_prefix": "",
            "placement_group": "",
            "predicted_capacity": 0,
            "protect_from_scale_in": false,
            "region": "us-east-2",
            "service_linked_role_arn": "arn:aws:iam::419126140774:role/aws-service-role/autoscaling.amazonaws.com/AWSServiceRoleForAutoScaling",
            "suspended_processes": null,
            "tag": [
              {
                "key": "CostCenter",
                "propagate_at_launch": true,
                "value": "btcmp-proj-5"
              },
              {
                "key": "Environment",
                "propagate_at_launch": true,
                "value": "dev"
              },
              {
                "key": "Name",
                "propagate_at_launch": true,
                "value": "dev-btcmp-proj-5-frontend"
              },
              {
                "key": "Owner",
                "propagate_at_launch": true,
                "value": "Vatsal"
              },
              {
                "key": "Project",
                "propagate_at_launch": true,
                "value": "btcmp-proj-5"
              }
            ],
            "target_group_arns": [
              "arn:aws:elasticloadbalancing:us-east-2:419126140774:targetgroup/dev-btcmp-proj-5-public-tg/74dd33301f59bce0"
            ],
            "termination_policies": null,
            "timeouts": null,
            "traffic_source": [
              {
                "identifier": "arn:aws:elasticloadbalancing:us-east-2:419126140774:targetgroup/dev-btcmp-proj-5-public-tg/74dd33301f59bce0",
                "type": "elbv2"
              }
            ],
            "vpc_zone_identifier": [
              "subnet-090de0235700c8310",
              "subnet-0d6bef1b5fe2bcade"
            ],
            "wait_for_capacity_timeout": "10m",
            "wait_for_elb_capacity": null,
            "warm_pool": [],
            "warm_pool_size": 0
          },
          "sensitive_attributes": [],
          "identity_schema_version": 0,
          "private": "eyJlMmJmYjczMC1lY2FhLTExZTYtOGY4OC0zNDM2M2JjN2M0YzAiOnsiZGVsZXRlIjo2MDAwMDAwMDAwMDAsInVwZGF0ZSI6NjAwMDAwMDAwMDAwfSwic2NoZW1hX3ZlcnNpb24iOiIxIn0=",
          "dependencies": [
            "module.alb.aws_lb.main",
            "module.alb.aws_lb_listener.http",
            "module.alb.aws_lb_listener.https",
            "module.alb.aws_lb_listener_rule.redirect_http_to_https",
            "module.alb.aws_lb_target_group.main",
            "module.frontend_asg.aws_launch_template.frontend",
            "module.frontend_asg.data.aws_ami.ubuntu",
            "module.iam.aws_iam_instance_profile.ec2_profile",
            "module.iam.aws_iam_role.ec2_role",
            "module.internal_alb.aws_lb.main",
            "module.internal_alb.aws_lb_listener.http",
            "module.internal_alb.aws_lb_listener.https",
            "module.internal_alb.aws_lb_listener_rule.redirect_http_to_https",
            "module.internal_alb.aws_lb_target_group.main",
            "module.rds.aws_db_instance.main",
            "module.rds.aws_db_parameter_group.main",
            "module.rds.aws_db_subnet_group.main",
            "module.rds.aws_iam_role.rds_monitoring",
            "module.rds.aws_iam_role_policy_attachment.rds_monitoring",
            "module.security_groups.aws_security_group.alb",
            "module.security_groups.aws_security_group.backend",
            "module.security_groups.aws_security_group.bastion",
            "module.security_groups.aws_security_group.frontend",
            "module.security_groups.aws_security_group.internal_alb",
            "module.security_groups.aws_security_group.rds",
            "module.vpc.aws_subnet.database",
            "module.vpc.aws_subnet.frontend",
            "module.vpc.aws_subnet.public",
            "module.vpc.aws_vpc.main",
            "random_password.db_password"
          ],
          "create_before_destroy": true
        }
      ]
    },
    {
      "module": "module.frontend_asg",
      "mode": "managed",
      "type": "aws_autoscaling_policy",
      "name": "frontend_cpu",
      "provider": "provider[\"registry.terraform.io/hashicorp/aws\"]",
      "instances": [
        {
          "schema_version": 0,
          "attributes": {
            "adjustment_type": "",
            "arn": "arn:aws:autoscaling:us-east-2:419126140774:scalingPolicy:2886cbdd-2293-4382-a76f-a96c5daac4e3:autoScalingGroupName/dev-btcmp-proj-5-frontend-asg:policyName/dev-btcmp-proj-5-frontend-cpu-tracking",
            "autoscaling_group_name": "dev-btcmp-proj-5-frontend-asg",
            "cooldown": 0,
            "enabled": true,
            "estimated_instance_warmup": 0,
            "id": "dev-btcmp-proj-5-frontend-cpu-tracking",
            "metric_aggregation_type": "",
            "min_adjustment_magnitude": 0,
            "name": "dev-btcmp-proj-5-frontend-cpu-tracking",
            "policy_type": "TargetTrackingScaling",
            "predictive_scaling_configuration": [],
            "region": "us-east-2",
            "scaling_adjustment": 0,
            "step_adjustment": [],
            "target_tracking_configuration": [
              {
                "customized_metric_specification": [],
                "disable_scale_in": false,
                "predefined_metric_specification": [
                  {
                    "predefined_metric_type": "ASGAverageCPUUtilization",
                    "resource_label": ""
                  }
                ],
                "target_value": 70
              }
            ]
          },
          "sensitive_attributes": [],
          "identity_schema_version": 0,
          "private": "bnVsbA==",
          "dependencies": [
            "module.alb.aws_lb.main",
            "module.alb.aws_lb_listener.http",
            "module.alb.aws_lb_listener.https",
            "module.alb.aws_lb_listener_rule.redirect_http_to_https",
            "module.alb.aws_lb_target_group.main",
            "module.frontend_asg.aws_autoscaling_group.frontend",
            "module.frontend_asg.aws_launch_template.frontend",
            "module.frontend_asg.data.aws_ami.ubuntu",
            "module.iam.aws_iam_instance_profile.ec2_profile",
            "module.iam.aws_iam_role.ec2_role",
            "module.internal_alb.aws_lb.main",
            "module.internal_alb.aws_lb_listener.http",
            "module.internal_alb.aws_lb_listener.https",
            "module.internal_alb.aws_lb_listener_rule.redirect_http_to_https",
            "module.internal_alb.aws_lb_target_group.main",
            "module.rds.aws_db_instance.main",
            "module.rds.aws_db_parameter_group.main",
            "module.rds.aws_db_subnet_group.main",
            "module.rds.aws_iam_role.rds_monitoring",
            "module.rds.aws_iam_role_policy_attachment.rds_monitoring",
            "module.security_groups.aws_security_group.alb",
            "module.security_groups.aws_security_group.backend",
            "module.security_groups.aws_security_group.bastion",
            "module.security_groups.aws_security_group.frontend",
            "module.security_groups.aws_security_group.internal_alb",
            "module.security_groups.aws_security_group.rds",
            "module.vpc.aws_subnet.database",
            "module.vpc.aws_subnet.frontend",
            "module.vpc.aws_subnet.public",
            "module.vpc.aws_vpc.main",
            "random_password.db_password"
          ]
        }
      ]
    },
    {
      "module": "module.frontend_asg",
      "mode": "managed",
      "type": "aws_cloudwatch_metric_alarm",
      "name": "frontend_high_cpu",
      "provider": "provider[\"registry.terraform.io/hashicorp/aws\"]",
      "instances": [
        {
          "schema_version": 1,
          "attributes": {
            "actions_enabled": true,
            "alarm_actions": null,
            "alarm_description": "This metric monitors frontend EC2 CPU utilization",
            "alarm_name": "dev-btcmp-proj-5-frontend-high-cpu",
            "arn": "arn:aws:cloudwatch:us-east-2:419126140774:alarm:dev-btcmp-proj-5-frontend-high-cpu",
            "comparison_operator": "GreaterThanThreshold",
            "datapoints_to_alarm": 0,
            "dimensions": {
              "AutoScalingGroupName": "dev-btcmp-proj-5-frontend-asg"
            },
            "evaluate_low_sample_count_percentiles": "",
            "evaluation_periods": 2,
            "extended_statistic": "",
            "id": "dev-btcmp-proj-5-frontend-high-cpu",
            "insufficient_data_actions": null,
            "metric_name": "CPUUtilization",
            "metric_query": [],
            "namespace": "AWS/EC2",
            "ok_actions": null,
            "period": 120,
            "region": "us-east-2",
            "statistic": "Average",
            "tags": {
              "CostCenter": "btcmp-proj-5",
              "Environment": "dev",
              "Owner": "Vatsal",
              "Project": "btcmp-proj-5"
            },
            "tags_all": {
              "CostCenter": "btcmp-proj-5",
              "Environment": "dev",
              "Owner": "Vatsal",
              "Project": "btcmp-proj-5"
            },
            "threshold": 80,
            "threshold_metric_id": "",
            "treat_missing_data": "missing",
            "unit": ""
          },
          "sensitive_attributes": [],
          "identity_schema_version": 0,
          "identity": {
            "account_id": "419126140774",
            "alarm_name": "dev-btcmp-proj-5-frontend-high-cpu",
            "region": "us-east-2"
          },
          "private": "eyJzY2hlbWFfdmVyc2lvbiI6IjEifQ==",
          "dependencies": [
            "module.alb.aws_lb.main",
            "module.alb.aws_lb_listener.http",
            "module.alb.aws_lb_listener.https",
            "module.alb.aws_lb_listener_rule.redirect_http_to_https",
            "module.alb.aws_lb_target_group.main",
            "module.frontend_asg.aws_autoscaling_group.frontend",
            "module.frontend_asg.aws_launch_template.frontend",
            "module.frontend_asg.data.aws_ami.ubuntu",
            "module.iam.aws_iam_instance_profile.ec2_profile",
            "module.iam.aws_iam_role.ec2_role",
            "module.internal_alb.aws_lb.main",
            "module.internal_alb.aws_lb_listener.http",
            "module.internal_alb.aws_lb_listener.https",
            "module.internal_alb.aws_lb_listener_rule.redirect_http_to_https",
            "module.internal_alb.aws_lb_target_group.main",
            "module.rds.aws_db_instance.main",
            "module.rds.aws_db_parameter_group.main",
            "module.rds.aws_db_subnet_group.main",
            "module.rds.aws_iam_role.rds_monitoring",
            "module.rds.aws_iam_role_policy_attachment.rds_monitoring",
            "module.security_groups.aws_security_group.alb",
            "module.security_groups.aws_security_group.backend",
            "module.security_groups.aws_security_group.bastion",
            "module.security_groups.aws_security_group.frontend",
            "module.security_groups.aws_security_group.internal_alb",
            "module.security_groups.aws_security_group.rds",
            "module.vpc.aws_subnet.database",
            "module.vpc.aws_subnet.frontend",
            "module.vpc.aws_subnet.public",
            "module.vpc.aws_vpc.main",
            "random_password.db_password"
          ]
        }
      ]
    },
    {
      "module": "module.frontend_asg",
      "mode": "managed",
      "type": "aws_cloudwatch_metric_alarm",
      "name": "frontend_unhealthy",
      "provider": "provider[\"registry.terraform.io/hashicorp/aws\"]",
      "instances": [
        {
          "schema_version": 1,
          "attributes": {
            "actions_enabled": true,
            "alarm_actions": null,
            "alarm_description": "Alert when frontend instances are unhealthy",
            "alarm_name": "dev-btcmp-proj-5-frontend-unhealthy-hosts",
            "arn": "arn:aws:cloudwatch:us-east-2:419126140774:alarm:dev-btcmp-proj-5-frontend-unhealthy-hosts",
            "comparison_operator": "GreaterThanThreshold",
            "datapoints_to_alarm": 0,
            "dimensions": {
              "TargetGroup": "targetgroup/dev-btcmp-proj-5-public-tg/74dd33301f59bce0"
            },
            "evaluate_low_sample_count_percentiles": "",
            "evaluation_periods": 1,
            "extended_statistic": "",
            "id": "dev-btcmp-proj-5-frontend-unhealthy-hosts",
            "insufficient_data_actions": null,
            "metric_name": "UnHealthyHostCount",
            "metric_query": [],
            "namespace": "AWS/ApplicationELB",
            "ok_actions": null,
            "period": 60,
            "region": "us-east-2",
            "statistic": "Average",
            "tags": {
              "CostCenter": "btcmp-proj-5",
              "Environment": "dev",
              "Owner": "Vatsal",
              "Project": "btcmp-proj-5"
            },
            "tags_all": {
              "CostCenter": "btcmp-proj-5",
              "Environment": "dev",
              "Owner": "Vatsal",
              "Project": "btcmp-proj-5"
            },
            "threshold": 0,
            "threshold_metric_id": "",
            "treat_missing_data": "missing",
            "unit": ""
          },
          "sensitive_attributes": [],
          "identity_schema_version": 0,
          "identity": {
            "account_id": "419126140774",
            "alarm_name": "dev-btcmp-proj-5-frontend-unhealthy-hosts",
            "region": "us-east-2"
          },
          "private": "eyJzY2hlbWFfdmVyc2lvbiI6IjEifQ==",
          "dependencies": [
            "module.alb.aws_lb.main",
            "module.alb.aws_lb_listener.http",
            "module.alb.aws_lb_listener.https",
            "module.alb.aws_lb_listener_rule.redirect_http_to_https",
            "module.alb.aws_lb_target_group.main",
            "module.internal_alb.aws_lb.main",
            "module.internal_alb.aws_lb_listener.http",
            "module.internal_alb.aws_lb_listener.https",
            "module.internal_alb.aws_lb_listener_rule.redirect_http_to_https",
            "module.internal_alb.aws_lb_target_group.main",
            "module.rds.aws_db_instance.main",
            "module.rds.aws_db_parameter_group.main",
            "module.rds.aws_db_subnet_group.main",
            "module.rds.aws_iam_role.rds_monitoring",
            "module.rds.aws_iam_role_policy_attachment.rds_monitoring",
            "module.security_groups.aws_security_group.alb",
            "module.security_groups.aws_security_group.backend",
            "module.security_groups.aws_security_group.bastion",
            "module.security_groups.aws_security_group.frontend",
            "module.security_groups.aws_security_group.internal_alb",
            "module.security_groups.aws_security_group.rds",
            "module.vpc.aws_subnet.database",
            "module.vpc.aws_subnet.frontend",
            "module.vpc.aws_subnet.public",
            "module.vpc.aws_vpc.main",
            "random_password.db_password"
          ]
        }
      ]
    },
    {
      "module": "module.frontend_asg",
      "mode": "managed",
      "type": "aws_launch_template",
      "name": "frontend",
      "provider": "provider[\"registry.terraform.io/hashicorp/aws\"]",
      "instances": [
        {
          "schema_version": 1,
          "attributes": {
            "arn": "arn:aws:ec2:us-east-2:419126140774:launch-template/lt-0b169269842aca904",
            "block_device_mappings": [
              {
                "device_name": "/dev/xvda",
                "ebs": [
                  {
                    "delete_on_termination": "true",
                    "encrypted": "true",
                    "iops": 0,
                    "kms_key_id": "",
                    "snapshot_id": "",
                    "throughput": 0,
                    "volume_initialization_rate": 0,
                    "volume_size": 20,
                    "volume_type": "gp3"
                  }
                ],
                "no_device": "",
                "virtual_name": ""
              }
            ],
            "capacity_reservation_specification": [],
            "cpu_options": [],
            "credit_specification": [],
            "default_version": 1,
            "description": "",
            "disable_api_stop": false,
            "disable_api_termination": false,
            "ebs_optimized": "",
            "enclave_options": [],
            "hibernation_options": [],
            "iam_instance_profile": [
              {
                "arn": "",
                "name": "dev-btcmp-proj-5-ec2-instance-profile"
              }
            ],
            "id": "lt-0b169269842aca904",
            "image_id": "ami-0503ed50b531cc445",
            "instance_initiated_shutdown_behavior": "",
            "instance_market_options": [],
            "instance_requirements": [],
            "instance_type": "t2.micro",
            "kernel_id": "",
            "key_name": "EC2-KEY",
            "latest_version": 1,
            "license_specification": [],
            "maintenance_options": [],
            "metadata_options": [
              {
                "http_endpoint": "enabled",
                "http_protocol_ipv6": "",
                "http_put_response_hop_limit": 1,
                "http_tokens": "required",
                "instance_metadata_tags": "enabled"
              }
            ],
            "monitoring": [
              {
                "enabled": true
              }
            ],
            "name": "dev-btcmp-proj-5-frontend-20260120211935859000000003",
            "name_prefix": "dev-btcmp-proj-5-frontend-",
            "network_interfaces": [],
            "placement": [],
            "private_dns_name_options": [],
            "ram_disk_id": "",
            "region": "us-east-2",
            "security_group_names": null,
            "tag_specifications": [
              {
                "resource_type": "instance",
                "tags": {
                  "CostCenter": "btcmp-proj-5",
                  "Environment": "dev",
                  "Name": "dev-btcmp-proj-5-frontend",
                  "Owner": "Vatsal",
                  "Project": "btcmp-proj-5"
                }
              },
              {
                "resource_type": "volume",
                "tags": {
                  "CostCenter": "btcmp-proj-5",
                  "Environment": "dev",
                  "Name": "dev-btcmp-proj-5-frontend-volume",
                  "Owner": "Vatsal",
                  "Project": "btcmp-proj-5"
                }
              }
            ],
            "tags": null,
            "tags_all": {
              "CostCenter": "btcmp-proj-5",
              "Environment": "dev",
              "Owner": "Vatsal",
              "Project": "btcmp-proj-5"
            },
            "update_default_version": null,
            "user_data": "IyEvYmluL2Jhc2gNCiMgRnJvbnRlbmQgZGVwbG95bWVudCBzY3JpcHQgLSBTaW1wbGlmaWVkIHZlcnNpb24NCnNldCAtZQ0KZXhlYyA+ID4odGVlIC1hIC92YXIvbG9nL3VzZXItZGF0YS5sb2cpIDI+JjENCg0KZWNobyAiPT09IEZyb250ZW5kIERlcGxveW1lbnQgU3RhcnRlZCBhdCAkKGRhdGUpID09PSINCg0KIyBVcGRhdGUgYW5kIGluc3RhbGwgZGVwZW5kZW5jaWVzDQplY2hvICJJbnN0YWxsaW5nIHN5c3RlbSBwYWNrYWdlcy4uLiINCmV4cG9ydCBERUJJQU5fRlJPTlRFTkQ9bm9uaW50ZXJhY3RpdmUNCmFwdC1nZXQgdXBkYXRlIC15DQphcHQtZ2V0IGluc3RhbGwgLXkgZG9ja2VyLmlvIGN1cmwgdW56aXAgbmV0Y2F0LW9wZW5ic2QNCg0KIyBTdGFydCBEb2NrZXINCmVjaG8gIlN0YXJ0aW5nIERvY2tlciBzZXJ2aWNlLi4uIg0Kc3lzdGVtY3RsIGVuYWJsZSBkb2NrZXINCnN5c3RlbWN0bCBzdGFydCBkb2NrZXINCnVzZXJtb2QgLWFHIGRvY2tlciB1YnVudHUNCg0KIyBJbnN0YWxsIEFXUyBDTEkgdjINCmVjaG8gIkluc3RhbGxpbmcgQVdTIENMSS4uLiINCmN1cmwgLWZzU0wgImh0dHBzOi8vYXdzY2xpLmFtYXpvbmF3cy5jb20vYXdzY2xpLWV4ZS1saW51eC14ODZfNjQuemlwIiAtbyAiYXdzY2xpdjIuemlwIg0KdW56aXAgLXEgYXdzY2xpdjIuemlwDQouL2F3cy9pbnN0YWxsDQpybSAtcmYgYXdzIGF3c2NsaXYyLnppcA0KDQojIERvY2tlciBIdWIgbG9naW4NCmlmIFsgLW4gIiIgXSAmJiBbIC1uICIiIF07IHRoZW4NCiAgICBlY2hvICJMb2dnaW5nIGludG8gRG9ja2VyIEh1Yi4uLiINCiAgICBlY2hvICIiIHwgZG9ja2VyIGxvZ2luIC11ICIiIC0tcGFzc3dvcmQtc3RkaW4NCmVsc2UNCiAgICBlY2hvICJVc2luZyBwdWJsaWMgRG9ja2VyIGltYWdlIChubyBjcmVkZW50aWFscyBwcm92aWRlZCkiDQpmaQ0KDQojIEJhY2tlbmQgVVJMDQpCQUNLRU5EX1VSTD0iaHR0cDovL2ludGVybmFsLWRldi1idGNtcC1wcm9qLTUtaW50ZXJuYWwtYWxiLTE5MTgzNDgyMzkudXMtZWFzdC0yLmVsYi5hbWF6b25hd3MuY29tIg0KZWNobyAiQmFja2VuZCBVUkw6ICRCQUNLRU5EX1VSTCINCg0KIyBWZXJpZnkgYmFja2VuZCBjb25uZWN0aXZpdHkgYmVmb3JlIHN0YXJ0aW5nIGZyb250ZW5kDQplY2hvICJWZXJpZnlpbmcgYmFja2VuZCBjb25uZWN0aXZpdHkuLi4iDQoNCiMgUHVsbCBEb2NrZXIgaW1hZ2UNCmVjaG8gIlB1bGxpbmcgZnJvbnRlbmQgaW1hZ2U6IHZhdHNhbDc5L2J0Y21wLXByb2otNS1mcm9udGVuZDpsYXRlc3QiDQpkb2NrZXIgcHVsbCB2YXRzYWw3OS9idGNtcC1wcm9qLTUtZnJvbnRlbmQ6bGF0ZXN0DQoNCiMgR2V0IGJhY2tlbmQgVVJMIGFuZCB0ZXN0IGNvbm5lY3Rpdml0eQ0KQkFDS0VORF9VUkw9Imh0dHA6Ly9pbnRlcm5hbC1kZXYtYnRjbXAtcHJvai01LWludGVybmFsLWFsYi0xOTE4MzQ4MjM5LnVzLWVhc3QtMi5lbGIuYW1hem9uYXdzLmNvbSINCmVjaG8gIkJhY2tlbmQgVVJMOiAkQkFDS0VORF9VUkwiDQoNCiMgRXh0cmFjdCBob3N0bmFtZSBhbmQgcG9ydCBmb3IgY29ubmVjdGl2aXR5IHRlc3QNCkJBQ0tFTkRfSE9TVD0kKGVjaG8gJEJBQ0tFTkRfVVJMIHwgc2VkIC1lICdzfF5bXi9dKi8vfHwnIC1lICdzfDouKiR8fCcgLWUgJ3N8Ly4qJHx8JykNCkJBQ0tFTkRfUE9SVD0kKGVjaG8gJEJBQ0tFTkRfVVJMIHwgZ3JlcCAtbyAiOlswLTldKiIgfCB0ciAtZCAnOicpDQpCQUNLRU5EX1BPUlQ9JHtCQUNLRU5EX1BPUlQ6LTgwfQ0KDQplY2hvICJUZXN0aW5nIGJhY2tlbmQgY29ubmVjdGl2aXR5IGF0ICRCQUNLRU5EX0hPU1Q6JEJBQ0tFTkRfUE9SVC4uLiINCmZvciBpIGluIHsxLi4zMH07IGRvDQogICAgaWYgbmMgLXogLXcgMyAkQkFDS0VORF9IT1NUICRCQUNLRU5EX1BPUlQgMj4vZGV2L251bGw7IHRoZW4NCiAgICAgICAgZWNobyAi4pyTIEJhY2tlbmQgaXMgcmVhY2hhYmxlIg0KICAgICAgICBicmVhaw0KICAgIGZpDQogICAgZWNobyAiV2FpdGluZyBmb3IgYmFja2VuZC4uLiAoJGkvMzApIg0KICAgIHNsZWVwIDEwDQpkb25lDQoNCiMgUnVuIGZyb250ZW5kIGNvbnRhaW5lcg0KZWNobyAiU3RhcnRpbmcgZnJvbnRlbmQgY29udGFpbmVyIG9uIHBvcnQgMzAwMC4uLiINCmRvY2tlciBydW4gLWQgXA0KICAtLW5hbWUgZ29hbC10cmFja2VyLWZyb250ZW5kIFwNCiAgLS1yZXN0YXJ0IHVubGVzcy1zdG9wcGVkIFwNCiAgLXAgMzAwMDozMDAwIFwNCiAgLWUgUE9SVD0zMDAwIFwNCiAgLWUgQkFDS0VORF9VUkw9IiRCQUNLRU5EX1VSTCIgXA0KICAtZSBOT0RFX0VOVj1wcm9kdWN0aW9uIFwNCiAgdmF0c2FsNzkvYnRjbXAtcHJvai01LWZyb250ZW5kOmxhdGVzdA0KDQojIFZlcmlmeSBjb250YWluZXIgaXMgcnVubmluZw0Kc2xlZXAgNQ0KaWYgZG9ja2VyIHBzIHwgZ3JlcCAtcSBnb2FsLXRyYWNrZXItZnJvbnRlbmQ7IHRoZW4NCiAgICBlY2hvICLinJMgRnJvbnRlbmQgY29udGFpbmVyIGlzIHJ1bm5pbmciDQogICAgZG9ja2VyIGxvZ3MgZ29hbC10cmFja2VyLWZyb250ZW5kDQplbHNlDQogICAgZWNobyAi4pyXIEZyb250ZW5kIGNvbnRhaW5lciBmYWlsZWQgdG8gc3RhcnQiDQogICAgZG9ja2VyIGxvZ3MgZ29hbC10cmFja2VyLWZyb250ZW5kDQogICAgZXhpdCAxDQpmaQ0KDQplY2hvICI9PT0gRnJvbnRlbmQgRGVwbG95bWVudCBDb21wbGV0ZWQgYXQgJChkYXRlKSA9PT0iDQo=",
            "vpc_security_group_ids": [
              "sg-02fe17b5e2553b04a"
            ]
          },
          "sensitive_attributes": [
            [
              {
                "type": "get_attr",
                "value": "user_data"
              }
            ]
          ],
          "identity_schema_version": 0,
          "private": "eyJzY2hlbWFfdmVyc2lvbiI6IjEifQ==",
          "dependencies": [
            "module.alb.aws_lb.main",
            "module.alb.aws_lb_listener.http",
            "module.alb.aws_lb_listener.https",
            "module.alb.aws_lb_listener_rule.redirect_http_to_https",
            "module.alb.aws_lb_target_group.main",
            "module.frontend_asg.data.aws_ami.ubuntu",
            "module.iam.aws_iam_instance_profile.ec2_profile",
            "module.iam.aws_iam_role.ec2_role",
            "module.internal_alb.aws_lb.main",
            "module.internal_alb.aws_lb_listener.http",
            "module.internal_alb.aws_lb_listener.https",
            "module.internal_alb.aws_lb_listener_rule.redirect_http_to_https",
            "module.internal_alb.aws_lb_target_group.main",
            "module.rds.aws_db_instance.main",
            "module.rds.aws_db_parameter_group.main",
            "module.rds.aws_db_subnet_group.main",
            "module.rds.aws_iam_role.rds_monitoring",
            "module.rds.aws_iam_role_policy_attachment.rds_monitoring",
            "module.security_groups.aws_security_group.alb",
            "module.security_groups.aws_security_group.backend",
            "module.security_groups.aws_security_group.bastion",
            "module.security_groups.aws_security_group.frontend",
            "module.security_groups.aws_security_group.internal_alb",
            "module.security_groups.aws_security_group.rds",
            "module.vpc.aws_subnet.database",
            "module.vpc.aws_subnet.frontend",
            "module.vpc.aws_subnet.public",
            "module.vpc.aws_vpc.main",
            "random_password.db_password"
          ],
          "create_before_destroy": true
        }
      ]
    },
    {
      "module": "module.iam",
      "mode": "managed",
      "type": "aws_iam_instance_profile",
      "name": "ec2_profile",
      "provider": "provider[\"registry.terraform.io/hashicorp/aws\"]",
      "instances": [
        {
          "schema_version": 0,
          "attributes": {
            "arn": "arn:aws:iam::419126140774:instance-profile/dev-btcmp-proj-5-ec2-instance-profile",
            "create_date": "2026-01-20T20:56:34Z",
            "id": "dev-btcmp-proj-5-ec2-instance-profile",
            "name": "dev-btcmp-proj-5-ec2-instance-profile",
            "name_prefix": "",
            "path": "/",
            "role": "dev-btcmp-proj-5-ec2-role",
            "tags": {
              "CostCenter": "btcmp-proj-5",
              "Environment": "dev",
              "Name": "dev-btcmp-proj-5-ec2-instance-profile",
              "Owner": "Vatsal",
              "Project": "btcmp-proj-5"
            },
            "tags_all": {
              "CostCenter": "btcmp-proj-5",
              "Environment": "dev",
              "Name": "dev-btcmp-proj-5-ec2-instance-profile",
              "Owner": "Vatsal",
              "Project": "btcmp-proj-5"
            },
            "unique_id": "AIPAWDFO5L5TA2HCPUQ6R"
          },
          "sensitive_attributes": [],
          "identity_schema_version": 0,
          "private": "bnVsbA==",
          "dependencies": [
            "module.iam.aws_iam_role.ec2_role"
          ],
          "create_before_destroy": true
        }
      ]
    },
    {
      "module": "module.iam",
      "mode": "managed",
      "type": "aws_iam_policy",
      "name": "secrets_manager",
      "provider": "provider[\"registry.terraform.io/hashicorp/aws\"]",
      "instances": [
        {
          "schema_version": 0,
          "attributes": {
            "arn": "arn:aws:iam::419126140774:policy/dev-btcmp-proj-5-secrets-manager-policy",
            "attachment_count": 1,
            "delay_after_policy_creation_in_ms": null,
            "description": "Allow EC2 instances to read secrets from Secrets Manager",
            "id": "arn:aws:iam::419126140774:policy/dev-btcmp-proj-5-secrets-manager-policy",
            "name": "dev-btcmp-proj-5-secrets-manager-policy",
            "name_prefix": "",
            "path": "/",
            "policy": "{\"Statement\":[{\"Action\":[\"secretsmanager:GetSecretValue\",\"secretsmanager:DescribeSecret\"],\"Effect\":\"Allow\",\"Resource\":[\"*\"]}],\"Version\":\"2012-10-17\"}",
            "policy_id": "ANPAWDFO5L5TGL2VPTS24",
            "tags": {
              "CostCenter": "btcmp-proj-5",
              "Environment": "dev",
              "Owner": "Vatsal",
              "Project": "btcmp-proj-5"
            },
            "tags_all": {
              "CostCenter": "btcmp-proj-5",
              "Environment": "dev",
              "Owner": "Vatsal",
              "Project": "btcmp-proj-5"
            }
          },
          "sensitive_attributes": [],
          "identity_schema_version": 0,
          "identity": {
            "arn": "arn:aws:iam::419126140774:policy/dev-btcmp-proj-5-secrets-manager-policy"
          },
          "private": "bnVsbA=="
        }
      ]
    },
    {
      "module": "module.iam",
      "mode": "managed",
      "type": "aws_iam_role",
      "name": "ec2_role",
      "provider": "provider[\"registry.terraform.io/hashicorp/aws\"]",
      "instances": [
        {
          "schema_version": 0,
          "attributes": {
            "arn": "arn:aws:iam::419126140774:role/dev-btcmp-proj-5-ec2-role",
            "assume_role_policy": "{\"Statement\":[{\"Action\":\"sts:AssumeRole\",\"Effect\":\"Allow\",\"Principal\":{\"Service\":\"ec2.amazonaws.com\"}}],\"Version\":\"2012-10-17\"}",
            "create_date": "2026-01-20T20:56:33Z",
            "description": "",
            "force_detach_policies": false,
            "id": "dev-btcmp-proj-5-ec2-role",
            "inline_policy": [],
            "managed_policy_arns": [
              "arn:aws:iam::419126140774:policy/dev-btcmp-proj-5-secrets-manager-policy",
              "arn:aws:iam::aws:policy/AmazonSSMManagedInstanceCore",
              "arn:aws:iam::aws:policy/CloudWatchAgentServerPolicy"
            ],
            "max_session_duration": 3600,
            "name": "dev-btcmp-proj-5-ec2-role",
            "name_prefix": "",
            "path": "/",
            "permissions_boundary": "",
            "tags": {
              "CostCenter": "btcmp-proj-5",
              "Environment": "dev",
              "Name": "dev-btcmp-proj-5-ec2-role",
              "Owner": "Vatsal",
              "Project": "btcmp-proj-5"
            },
            "tags_all": {
              "CostCenter": "btcmp-proj-5",
              "Environment": "dev",
              "Name": "dev-btcmp-proj-5-ec2-role",
              "Owner": "Vatsal",
              "Project": "btcmp-proj-5"
            },
            "unique_id": "AROAWDFO5L5TF65G52VNO"
          },
          "sensitive_attributes": [],
          "identity_schema_version": 0,
          "identity": {
            "account_id": "419126140774",
            "name": "dev-btcmp-proj-5-ec2-role"
          },
          "private": "bnVsbA==",
          "create_before_destroy": true
        }
      ]
    },
    {
      "module": "module.iam",
      "mode": "managed",
      "type": "aws_iam_role_policy_attachment",
      "name": "cloudwatch",
      "provider": "provider[\"registry.terraform.io/hashicorp/aws\"]",
      "instances": [
        {
          "schema_version": 0,
          "attributes": {
            "id": "dev-btcmp-proj-5-ec2-role/arn:aws:iam::aws:policy/CloudWatchAgentServerPolicy",
            "policy_arn": "arn:aws:iam::aws:policy/CloudWatchAgentServerPolicy",
            "role": "dev-btcmp-proj-5-ec2-role"
          },
          "sensitive_attributes": [],
          "identity_schema_version": 0,
          "identity": {
            "account_id": "419126140774",
            "policy_arn": "arn:aws:iam::aws:policy/CloudWatchAgentServerPolicy",
            "role": "dev-btcmp-proj-5-ec2-role"
          },
          "private": "bnVsbA==",
          "dependencies": [
            "module.iam.aws_iam_role.ec2_role"
          ]
        }
      ]
    },
    {
      "module": "module.iam",
      "mode": "managed",
      "type": "aws_iam_role_policy_attachment",
      "name": "secrets_manager",
      "provider": "provider[\"registry.terraform.io/hashicorp/aws\"]",
      "instances": [
        {
          "schema_version": 0,
          "attributes": {
            "id": "dev-btcmp-proj-5-ec2-role/arn:aws:iam::419126140774:policy/dev-btcmp-proj-5-secrets-manager-policy",
            "policy_arn": "arn:aws:iam::419126140774:policy/dev-btcmp-proj-5-secrets-manager-policy",
            "role": "dev-btcmp-proj-5-ec2-role"
          },
          "sensitive_attributes": [],
          "identity_schema_version": 0,
          "identity": {
            "account_id": "419126140774",
            "policy_arn": "arn:aws:iam::419126140774:policy/dev-btcmp-proj-5-secrets-manager-policy",
            "role": "dev-btcmp-proj-5-ec2-role"
          },
          "private": "bnVsbA==",
          "dependencies": [
            "module.iam.aws_iam_policy.secrets_manager",
            "module.iam.aws_iam_role.ec2_role"
          ]
        }
      ]
    },
    {
      "module": "module.iam",
      "mode": "managed",
      "type": "aws_iam_role_policy_attachment",
      "name": "ssm_managed",
      "provider": "provider[\"registry.terraform.io/hashicorp/aws\"]",
      "instances": [
        {
          "schema_version": 0,
          "attributes": {
            "id": "dev-btcmp-proj-5-ec2-role/arn:aws:iam::aws:policy/AmazonSSMManagedInstanceCore",
            "policy_arn": "arn:aws:iam::aws:policy/AmazonSSMManagedInstanceCore",
            "role": "dev-btcmp-proj-5-ec2-role"
          },
          "sensitive_attributes": [],
          "identity_schema_version": 0,
          "identity": {
            "account_id": "419126140774",
            "policy_arn": "arn:aws:iam::aws:policy/AmazonSSMManagedInstanceCore",
            "role": "dev-btcmp-proj-5-ec2-role"
          },
          "private": "bnVsbA==",
          "dependencies": [
            "module.iam.aws_iam_role.ec2_role"
          ]
        }
      ]
    },
    {
      "module": "module.internal_alb",
      "mode": "managed",
      "type": "aws_lb",
      "name": "main",
      "provider": "provider[\"registry.terraform.io/hashicorp/aws\"]",
      "instances": [
        {
          "schema_version": 0,
          "attributes": {
            "access_logs": [
              {
                "bucket": "",
                "enabled": false,
                "prefix": ""
              }
            ],
            "arn": "arn:aws:elasticloadbalancing:us-east-2:419126140774:loadbalancer/app/dev-btcmp-proj-5-internal-alb/a5d12e7606909590",
            "arn_suffix": "app/dev-btcmp-proj-5-internal-alb/a5d12e7606909590",
            "client_keep_alive": 3600,
            "connection_logs": [
              {
                "bucket": "",
                "enabled": false,
                "prefix": ""
              }
            ],
            "customer_owned_ipv4_pool": "",
            "desync_mitigation_mode": "defensive",
            "dns_name": "internal-dev-btcmp-proj-5-internal-alb-1918348239.us-east-2.elb.amazonaws.com",
            "dns_record_client_routing_policy": null,
            "drop_invalid_header_fields": false,
            "enable_cross_zone_load_balancing": true,
            "enable_deletion_protection": false,
            "enable_http2": true,
            "enable_tls_version_and_cipher_suite_headers": false,
            "enable_waf_fail_open": false,
            "enable_xff_client_port": false,
            "enable_zonal_shift": false,
            "enforce_security_group_inbound_rules_on_private_link_traffic": "",
            "health_check_logs": [
              {
                "bucket": "",
                "enabled": false,
                "prefix": ""
              }
            ],
            "id": "arn:aws:elasticloadbalancing:us-east-2:419126140774:loadbalancer/app/dev-btcmp-proj-5-internal-alb/a5d12e7606909590",
            "idle_timeout": 60,
            "internal": true,
            "ip_address_type": "ipv4",
            "ipam_pools": [],
            "load_balancer_type": "application",
            "minimum_load_balancer_capacity": [],
            "name": "dev-btcmp-proj-5-internal-alb",
            "name_prefix": "",
            "preserve_host_header": false,
            "region": "us-east-2",
            "secondary_ips_auto_assigned_per_subnet": null,
            "security_groups": [
              "sg-0adf8b23f93b469a3"
            ],
            "subnet_mapping": [
              {
                "allocation_id": "",
                "ipv6_address": "",
                "outpost_id": "",
                "private_ipv4_address": "",
                "subnet_id": "subnet-090de0235700c8310"
              },
              {
                "allocation_id": "",
                "ipv6_address": "",
                "outpost_id": "",
                "private_ipv4_address": "",
                "subnet_id": "subnet-0d6bef1b5fe2bcade"
              }
            ],
            "subnets": [
              "subnet-090de0235700c8310",
              "subnet-0d6bef1b5fe2bcade"
            ],
            "tags": {
              "CostCenter": "btcmp-proj-5",
              "Environment": "dev",
              "Name": "dev-btcmp-proj-5-alb",
              "Owner": "Vatsal",
              "Project": "btcmp-proj-5"
            },
            "tags_all": {
              "CostCenter": "btcmp-proj-5",
              "Environment": "dev",
              "Name": "dev-btcmp-proj-5-alb",
              "Owner": "Vatsal",
              "Project": "btcmp-proj-5"
            },
            "timeouts": null,
            "vpc_id": "vpc-0876d63bc596a1e4e",
            "xff_header_processing_mode": "append",
            "zone_id": "Z3AADJGX6KTTL2"
          },
          "sensitive_attributes": [],
          "identity_schema_version": 0,
          "identity": {
            "arn": "arn:aws:elasticloadbalancing:us-east-2:419126140774:loadbalancer/app/dev-btcmp-proj-5-internal-alb/a5d12e7606909590"
          },
          "private": "eyJlMmJmYjczMC1lY2FhLTExZTYtOGY4OC0zNDM2M2JjN2M0YzAiOnsiY3JlYXRlIjo2MDAwMDAwMDAwMDAsImRlbGV0ZSI6NjAwMDAwMDAwMDAwLCJ1cGRhdGUiOjYwMDAwMDAwMDAwMH19",
          "dependencies": [
            "module.security_groups.aws_security_group.alb",
            "module.security_groups.aws_security_group.bastion",
            "module.security_groups.aws_security_group.frontend",
            "module.security_groups.aws_security_group.internal_alb",
            "module.vpc.aws_subnet.frontend",
            "module.vpc.aws_vpc.main"
          ],
          "create_before_destroy": true
        }
      ]
    },
    {
      "module": "module.internal_alb",
      "mode": "managed",
      "type": "aws_lb_listener",
      "name": "http",
      "provider": "provider[\"registry.terraform.io/hashicorp/aws\"]",
      "instances": [
        {
          "schema_version": 0,
          "attributes": {
            "alpn_policy": null,
            "arn": "arn:aws:elasticloadbalancing:us-east-2:419126140774:listener/app/dev-btcmp-proj-5-internal-alb/a5d12e7606909590/2739ccfba5671403",
            "certificate_arn": null,
            "default_action": [
              {
                "authenticate_cognito": [],
                "authenticate_oidc": [],
                "fixed_response": [],
                "forward": [],
                "jwt_validation": [],
                "order": 1,
                "redirect": [],
                "target_group_arn": "arn:aws:elasticloadbalancing:us-east-2:419126140774:targetgroup/dev-btcmp-proj-5-internal-tg/bdd340919d741c9b",
                "type": "forward"
              }
            ],
            "id": "arn:aws:elasticloadbalancing:us-east-2:419126140774:listener/app/dev-btcmp-proj-5-internal-alb/a5d12e7606909590/2739ccfba5671403",
            "load_balancer_arn": "arn:aws:elasticloadbalancing:us-east-2:419126140774:loadbalancer/app/dev-btcmp-proj-5-internal-alb/a5d12e7606909590",
            "mutual_authentication": [],
            "port": 80,
            "protocol": "HTTP",
            "region": "us-east-2",
            "routing_http_request_x_amzn_mtls_clientcert_header_name": null,
            "routing_http_request_x_amzn_mtls_clientcert_issuer_header_name": null,
            "routing_http_request_x_amzn_mtls_clientcert_leaf_header_name": null,
            "routing_http_request_x_amzn_mtls_clientcert_serial_number_header_name": null,
            "routing_http_request_x_amzn_mtls_clientcert_subject_header_name": null,
            "routing_http_request_x_amzn_mtls_clientcert_validity_header_name": null,
            "routing_http_request_x_amzn_tls_cipher_suite_header_name": null,
            "routing_http_request_x_amzn_tls_version_header_name": null,
            "routing_http_response_access_control_allow_credentials_header_value": "",
            "routing_http_response_access_control_allow_headers_header_value": "",
            "routing_http_response_access_control_allow_methods_header_value": "",
            "routing_http_response_access_control_allow_origin_header_value": "",
            "routing_http_response_access_control_expose_headers_header_value": "",
            "routing_http_response_access_control_max_age_header_value": "",
            "routing_http_response_content_security_policy_header_value": "",
            "routing_http_response_server_enabled": true,
            "routing_http_response_strict_transport_security_header_value": "",
            "routing_http_response_x_content_type_options_header_value": "",
            "routing_http_response_x_frame_options_header_value": "",
            "ssl_policy": "",
            "tags": {
              "CostCenter": "btcmp-proj-5",
              "Environment": "dev",
              "Owner": "Vatsal",
              "Project": "btcmp-proj-5"
            },
            "tags_all": {
              "CostCenter": "btcmp-proj-5",
              "Environment": "dev",
              "Owner": "Vatsal",
              "Project": "btcmp-proj-5"
            },
            "tcp_idle_timeout_seconds": null,
            "timeouts": null
          },
          "sensitive_attributes": [],
          "identity_schema_version": 0,
          "identity": {
            "arn": "arn:aws:elasticloadbalancing:us-east-2:419126140774:listener/app/dev-btcmp-proj-5-internal-alb/a5d12e7606909590/2739ccfba5671403"
          },
          "private": "eyJlMmJmYjczMC1lY2FhLTExZTYtOGY4OC0zNDM2M2JjN2M0YzAiOnsiY3JlYXRlIjozMDAwMDAwMDAwMDAsInVwZGF0ZSI6MzAwMDAwMDAwMDAwfX0=",
          "dependencies": [
            "module.internal_alb.aws_lb.main",
            "module.internal_alb.aws_lb_target_group.main",
            "module.security_groups.aws_security_group.alb",
            "module.security_groups.aws_security_group.bastion",
            "module.security_groups.aws_security_group.frontend",
            "module.security_groups.aws_security_group.internal_alb",
            "module.vpc.aws_subnet.frontend",
            "module.vpc.aws_vpc.main"
          ],
          "create_before_destroy": true
        }
      ]
    },
    {
      "module": "module.internal_alb",
      "mode": "managed",
      "type": "aws_lb_target_group",
      "name": "main",
      "provider": "provider[\"registry.terraform.io/hashicorp/aws\"]",
      "instances": [
        {
          "schema_version": 0,
          "attributes": {
            "arn": "arn:aws:elasticloadbalancing:us-east-2:419126140774:targetgroup/dev-btcmp-proj-5-internal-tg/bdd340919d741c9b",
            "arn_suffix": "targetgroup/dev-btcmp-proj-5-internal-tg/bdd340919d741c9b",
            "connection_termination": null,
            "deregistration_delay": "30",
            "health_check": [
              {
                "enabled": true,
                "healthy_threshold": 2,
                "interval": 30,
                "matcher": "200-299",
                "path": "/health",
                "port": "traffic-port",
                "protocol": "HTTP",
                "timeout": 5,
                "unhealthy_threshold": 3
              }
            ],
            "id": "arn:aws:elasticloadbalancing:us-east-2:419126140774:targetgroup/dev-btcmp-proj-5-internal-tg/bdd340919d741c9b",
            "ip_address_type": "ipv4",
            "lambda_multi_value_headers_enabled": false,
            "load_balancer_arns": [
              "arn:aws:elasticloadbalancing:us-east-2:419126140774:loadbalancer/app/dev-btcmp-proj-5-internal-alb/a5d12e7606909590"
            ],
            "load_balancing_algorithm_type": "round_robin",
            "load_balancing_anomaly_mitigation": "off",
            "load_balancing_cross_zone_enabled": "use_load_balancer_configuration",
            "name": "dev-btcmp-proj-5-internal-tg",
            "name_prefix": "",
            "port": 8080,
            "preserve_client_ip": null,
            "protocol": "HTTP",
            "protocol_version": "HTTP1",
            "proxy_protocol_v2": false,
            "region": "us-east-2",
            "slow_start": 0,
            "stickiness": [
              {
                "cookie_duration": 86400,
                "cookie_name": "",
                "enabled": true,
                "type": "lb_cookie"
              }
            ],
            "tags": {
              "CostCenter": "btcmp-proj-5",
              "Environment": "dev",
              "Name": "dev-btcmp-proj-5-frontend-tg",
              "Owner": "Vatsal",
              "Project": "btcmp-proj-5"
            },
            "tags_all": {
              "CostCenter": "btcmp-proj-5",
              "Environment": "dev",
              "Name": "dev-btcmp-proj-5-frontend-tg",
              "Owner": "Vatsal",
              "Project": "btcmp-proj-5"
            },
            "target_control_port": 0,
            "target_failover": [
              {
                "on_deregistration": null,
                "on_unhealthy": null
              }
            ],
            "target_group_health": [
              {
                "dns_failover": [
                  {
                    "minimum_healthy_targets_count": "1",
                    "minimum_healthy_targets_percentage": "off"
                  }
                ],
                "unhealthy_state_routing": [
                  {
                    "minimum_healthy_targets_count": 1,
                    "minimum_healthy_targets_percentage": "off"
                  }
                ]
              }
            ],
            "target_health_state": [
              {
                "enable_unhealthy_connection_termination": null,
                "unhealthy_draining_interval": null
              }
            ],
            "target_type": "instance",
            "vpc_id": "vpc-0876d63bc596a1e4e"
          },
          "sensitive_attributes": [],
          "identity_schema_version": 0,
          "identity": {
            "arn": "arn:aws:elasticloadbalancing:us-east-2:419126140774:targetgroup/dev-btcmp-proj-5-internal-tg/bdd340919d741c9b"
          },
          "private": "bnVsbA==",
          "dependencies": [
            "module.vpc.aws_vpc.main"
          ],
          "create_before_destroy": true
        }
      ]
    },
    {
      "module": "module.rds",
      "mode": "managed",
      "type": "aws_db_instance",
      "name": "main",
      "provider": "provider[\"registry.terraform.io/hashicorp/aws\"]",
      "instances": [
        {
          "schema_version": 2,
          "attributes": {
            "address": "dev-btcmp-proj-5-postgres.czcc2my6uq7h.us-east-2.rds.amazonaws.com",
            "allocated_storage": 20,
            "allow_major_version_upgrade": null,
            "apply_immediately": false,
            "arn": "arn:aws:rds:us-east-2:419126140774:db:dev-btcmp-proj-5-postgres",
            "auto_minor_version_upgrade": true,
            "availability_zone": "us-east-2a",
            "backup_retention_period": 7,
            "backup_target": "region",
            "backup_window": "03:00-04:00",
            "blue_green_update": [],
            "ca_cert_identifier": "rds-ca-rsa2048-g1",
            "character_set_name": "",
            "copy_tags_to_snapshot": false,
            "custom_iam_instance_profile": "",
            "customer_owned_ip_enabled": false,
            "database_insights_mode": "standard",
            "db_name": "goalsdb",
            "db_subnet_group_name": "dev-btcmp-proj-5-db-subnet-group",
            "dedicated_log_volume": false,
            "delete_automated_backups": true,
            "deletion_protection": false,
            "domain": "",
            "domain_auth_secret_arn": "",
            "domain_dns_ips": null,
            "domain_fqdn": "",
            "domain_iam_role_name": "",
            "domain_ou": "",
            "enabled_cloudwatch_logs_exports": [
              "postgresql",
              "upgrade"
            ],
            "endpoint": "dev-btcmp-proj-5-postgres.czcc2my6uq7h.us-east-2.rds.amazonaws.com:5432",
            "engine": "postgres",
            "engine_lifecycle_support": "open-source-rds-extended-support",
            "engine_version": "15.15",
            "engine_version_actual": "15.15",
            "final_snapshot_identifier": null,
            "hosted_zone_id": "Z2XHWR1WZ565X2",
            "iam_database_authentication_enabled": false,
            "id": "db-6VC5RVIILDDJYIVPTW4R3JVIPE",
            "identifier": "dev-btcmp-proj-5-postgres",
            "identifier_prefix": "",
            "instance_class": "db.t3.micro",
            "iops": 3000,
            "kms_key_id": "arn:aws:kms:us-east-2:419126140774:key/a73eddc7-f50b-4958-87a3-b5d3b3a1ae57",
            "latest_restorable_time": "2026-01-20T21:17:24Z",
            "license_model": "postgresql-license",
            "listener_endpoint": [],
            "maintenance_window": "mon:04:00-mon:05:00",
            "manage_master_user_password": null,
            "master_user_secret": [],
            "master_user_secret_kms_key_id": null,
            "max_allocated_storage": 0,
            "monitoring_interval": 0,
            "monitoring_role_arn": "",
            "multi_az": false,
            "nchar_character_set_name": "",
            "network_type": "IPV4",
            "option_group_name": "default:postgres-15",
            "parameter_group_name": "dev-btcmp-proj-5-pg15",
            "password": "=\u003cOzKIyiwnE0G\u0026C-",
            "password_wo": null,
            "password_wo_version": null,
            "performance_insights_enabled": false,
            "performance_insights_kms_key_id": "",
            "performance_insights_retention_period": 0,
            "port": 5432,
            "publicly_accessible": false,
            "region": "us-east-2",
            "replica_mode": "",
            "replicas": [],
            "replicate_source_db": "",
            "resource_id": "db-6VC5RVIILDDJYIVPTW4R3JVIPE",
            "restore_to_point_in_time": [],
            "s3_import": [],
            "skip_final_snapshot": true,
            "snapshot_identifier": null,
            "status": "available",
            "storage_encrypted": true,
            "storage_throughput": 125,
            "storage_type": "gp3",
            "tags": {
              "CostCenter": "btcmp-proj-5",
              "Environment": "dev",
              "Name": "dev-btcmp-proj-5-postgres",
              "Owner": "Vatsal",
              "Project": "btcmp-proj-5"
            },
            "tags_all": {
              "CostCenter": "btcmp-proj-5",
              "Environment": "dev",
              "Name": "dev-btcmp-proj-5-postgres",
              "Owner": "Vatsal",
              "Project": "btcmp-proj-5"
            },
            "timeouts": null,
            "timezone": "",
            "upgrade_rollout_order": "second",
            "upgrade_storage_config": null,
            "username": "postgres",
            "vpc_security_group_ids": [
              "sg-0a1495b8b87fbb678"
            ]
          },
          "sensitive_attributes": [
            [
              {
                "type": "get_attr",
                "value": "password"
              }
            ],
            [
              {
                "type": "get_attr",
                "value": "password_wo"
              }
            ]
          ],
          "identity_schema_version": 0,
          "private": "eyJlMmJmYjczMC1lY2FhLTExZTYtOGY4OC0zNDM2M2JjN2M0YzAiOnsiY3JlYXRlIjozMDAwMDAwMDAwMDAwLCJkZWxldGUiOjM2MDAwMDAwMDAwMDAsInVwZGF0ZSI6NDgwMDAwMDAwMDAwMH0sInNjaGVtYV92ZXJzaW9uIjoiMiJ9",
          "dependencies": [
            "module.rds.aws_db_parameter_group.main",
            "module.rds.aws_db_subnet_group.main",
            "module.rds.aws_iam_role.rds_monitoring",
            "module.security_groups.aws_security_group.alb",
            "module.security_groups.aws_security_group.backend",
            "module.security_groups.aws_security_group.bastion",
            "module.security_groups.aws_security_group.frontend",
            "module.security_groups.aws_security_group.internal_alb",
            "module.security_groups.aws_security_group.rds",
            "module.vpc.aws_subnet.database",
            "module.vpc.aws_vpc.main",
            "random_password.db_password"
          ],
          "create_before_destroy": true
        }
      ]
    },
    {
      "module": "module.rds",
      "mode": "managed",
      "type": "aws_db_parameter_group",
      "name": "main",
      "provider": "provider[\"registry.terraform.io/hashicorp/aws\"]",
      "instances": [
        {
          "schema_version": 0,
          "attributes": {
            "arn": "arn:aws:rds:us-east-2:419126140774:pg:dev-btcmp-proj-5-pg15",
            "description": "Managed by Terraform",
            "family": "postgres15",
            "id": "dev-btcmp-proj-5-pg15",
            "name": "dev-btcmp-proj-5-pg15",
            "name_prefix": "",
            "parameter": [
              {
                "apply_method": "immediate",
                "name": "log_connections",
                "value": "1"
              },
              {
                "apply_method": "immediate",
                "name": "log_disconnections",
                "value": "1"
              },
              {
                "apply_method": "immediate",
                "name": "log_duration",
                "value": "1"
              }
            ],
            "region": "us-east-2",
            "skip_destroy": false,
            "tags": {
              "CostCenter": "btcmp-proj-5",
              "Environment": "dev",
              "Name": "dev-btcmp-proj-5-pg15",
              "Owner": "Vatsal",
              "Project": "btcmp-proj-5"
            },
            "tags_all": {
              "CostCenter": "btcmp-proj-5",
              "Environment": "dev",
              "Name": "dev-btcmp-proj-5-pg15",
              "Owner": "Vatsal",
              "Project": "btcmp-proj-5"
            }
          },
          "sensitive_attributes": [],
          "identity_schema_version": 0,
          "private": "bnVsbA==",
          "create_before_destroy": true
        }
      ]
    },
    {
      "module": "module.rds",
      "mode": "managed",
      "type": "aws_db_subnet_group",
      "name": "main",
      "provider": "provider[\"registry.terraform.io/hashicorp/aws\"]",
      "instances": [
        {
          "schema_version": 0,
          "attributes": {
            "arn": "arn:aws:rds:us-east-2:419126140774:subgrp:dev-btcmp-proj-5-db-subnet-group",
            "description": "Managed by Terraform",
            "id": "dev-btcmp-proj-5-db-subnet-group",
            "name": "dev-btcmp-proj-5-db-subnet-group",
            "name_prefix": "",
            "region": "us-east-2",
            "subnet_ids": [
              "subnet-051b01e3d78e96401",
              "subnet-07c9afe3a449fa061"
            ],
            "supported_network_types": [
              "IPV4"
            ],
            "tags": {
              "CostCenter": "btcmp-proj-5",
              "Environment": "dev",
              "Name": "dev-btcmp-proj-5-db-subnet-group",
              "Owner": "Vatsal",
              "Project": "btcmp-proj-5"
            },
            "tags_all": {
              "CostCenter": "btcmp-proj-5",
              "Environment": "dev",
              "Name": "dev-btcmp-proj-5-db-subnet-group",
              "Owner": "Vatsal",
              "Project": "btcmp-proj-5"
            },
            "vpc_id": "vpc-0876d63bc596a1e4e"
          },
          "sensitive_attributes": [],
          "identity_schema_version": 0,
          "private": "bnVsbA==",
          "dependencies": [
            "module.vpc.aws_subnet.database",
            "module.vpc.aws_vpc.main"
          ],
          "create_before_destroy": true
        }
      ]
    },
    {
      "module": "module.secrets",
      "mode": "managed",
      "type": "aws_secretsmanager_secret",
      "name": "db_credentials",
      "provider": "provider[\"registry.terraform.io/hashicorp/aws\"]",
      "instances": [
        {
          "schema_version": 0,
          "attributes": {
            "arn": "arn:aws:secretsmanager:us-east-2:419126140774:secret:dev-btcmp-proj-5-db-credentials-6MZwFP",
            "description": "Database credentials for btcmp-proj-5 dev environment",
            "force_overwrite_replica_secret": false,
            "id": "arn:aws:secretsmanager:us-east-2:419126140774:secret:dev-btcmp-proj-5-db-credentials-6MZwFP",
            "kms_key_id": "",
            "name": "dev-btcmp-proj-5-db-credentials",
            "name_prefix": "",
            "policy": "",
            "recovery_window_in_days": 0,
            "region": "us-east-2",
            "replica": [],
            "tags": {
              "CostCenter": "btcmp-proj-5",
              "Environment": "dev",
              "Name": "dev-btcmp-proj-5-db-credentials",
              "Owner": "Vatsal",
              "Project": "btcmp-proj-5"
            },
            "tags_all": {
              "CostCenter": "btcmp-proj-5",
              "Environment": "dev",
              "Name": "dev-btcmp-proj-5-db-credentials",
              "Owner": "Vatsal",
              "Project": "btcmp-proj-5"
            }
          },
          "sensitive_attributes": [],
          "identity_schema_version": 0,
          "identity": {
            "arn": "arn:aws:secretsmanager:us-east-2:419126140774:secret:dev-btcmp-proj-5-db-credentials-6MZwFP"
          },
          "private": "bnVsbA==",
          "create_before_destroy": true
        }
      ]
    },
    {
      "module": "module.secrets",
      "mode": "managed",
      "type": "aws_secretsmanager_secret_version",
      "name": "db_credentials",
      "provider": "provider[\"registry.terraform.io/hashicorp/aws\"]",
      "instances": [
        {
          "schema_version": 0,
          "attributes": {
            "arn": "arn:aws:secretsmanager:us-east-2:419126140774:secret:dev-btcmp-proj-5-db-credentials-6MZwFP",
            "has_secret_string_wo": null,
            "id": "arn:aws:secretsmanager:us-east-2:419126140774:secret:dev-btcmp-proj-5-db-credentials-6MZwFP|terraform-20260120211935190600000002",
            "region": "us-east-2",
            "secret_binary": "",
            "secret_id": "arn:aws:secretsmanager:us-east-2:419126140774:secret:dev-btcmp-proj-5-db-credentials-6MZwFP",
            "secret_string": "{\"dbname\":\"goalsdb\",\"engine\":\"postgres\",\"host\":\"dev-btcmp-proj-5-postgres.czcc2my6uq7h.us-east-2.rds.amazonaws.com\",\"password\":\"=\\u003cOzKIyiwnE0G\\u0026C-\",\"port\":5432,\"username\":\"postgres\"}",
            "secret_string_wo": null,
            "secret_string_wo_version": null,
            "version_id": "terraform-20260120211935190600000002",
            "version_stages": [
              "AWSCURRENT"
            ]
          },
          "sensitive_attributes": [
            [
              {
                "type": "get_attr",
                "value": "secret_binary"
              }
            ],
            [
              {
                "type": "get_attr",
                "value": "secret_string"
              }
            ],
            [
              {
                "type": "get_attr",
                "value": "secret_string_wo"
              }
            ]
          ],
          "identity_schema_version": 0,
          "identity": {
            "account_id": "419126140774",
            "region": "us-east-2",
            "secret_id": "arn:aws:secretsmanager:us-east-2:419126140774:secret:dev-btcmp-proj-5-db-credentials-6MZwFP",
            "version_id": "terraform-20260120211935190600000002"
          },
          "private": "bnVsbA==",
          "dependencies": [
            "module.rds.aws_db_instance.main",
            "module.rds.aws_db_parameter_group.main",
            "module.rds.aws_db_subnet_group.main",
            "module.rds.aws_iam_role.rds_monitoring",
            "module.secrets.aws_secretsmanager_secret.db_credentials",
            "module.security_groups.aws_security_group.alb",
            "module.security_groups.aws_security_group.backend",
            "module.security_groups.aws_security_group.bastion",
            "module.security_groups.aws_security_group.frontend",
            "module.security_groups.aws_security_group.internal_alb",
            "module.security_groups.aws_security_group.rds",
            "module.vpc.aws_subnet.database",
            "module.vpc.aws_vpc.main",
            "random_password.db_password"
          ],
          "create_before_destroy": true
        }
      ]
    },
    {
      "module": "module.security_groups",
      "mode": "managed",
      "type": "aws_security_group",
      "name": "alb",
      "provider": "provider[\"registry.terraform.io/hashicorp/aws\"]",
      "instances": [
        {
          "schema_version": 1,
          "attributes": {
            "arn": "arn:aws:ec2:us-east-2:419126140774:security-group/sg-0e0f3f55b0ca6e6f5",
            "description": "Security group for Application Load Balancer",
            "egress": [
              {
                "cidr_blocks": [
                  "0.0.0.0/0"
                ],
                "description": "Allow all outbound traffic",
                "from_port": 0,
                "ipv6_cidr_blocks": [],
                "prefix_list_ids": [],
                "protocol": "-1",
                "security_groups": [],
                "self": false,
                "to_port": 0
              }
            ],
            "id": "sg-0e0f3f55b0ca6e6f5",
            "ingress": [
              {
                "cidr_blocks": [
                  "0.0.0.0/0"
                ],
                "description": "HTTP from Internet",
                "from_port": 80,
                "ipv6_cidr_blocks": [],
                "prefix_list_ids": [],
                "protocol": "tcp",
                "security_groups": [],
                "self": false,
                "to_port": 80
              },
              {
                "cidr_blocks": [
                  "0.0.0.0/0"
                ],
                "description": "HTTPS from Internet",
                "from_port": 443,
                "ipv6_cidr_blocks": [],
                "prefix_list_ids": [],
                "protocol": "tcp",
                "security_groups": [],
                "self": false,
                "to_port": 443
              }
            ],
            "name": "dev-btcmp-proj-5-alb-sg",
            "name_prefix": "",
            "owner_id": "419126140774",
            "region": "us-east-2",
            "revoke_rules_on_delete": false,
            "tags": {
              "CostCenter": "btcmp-proj-5",
              "Environment": "dev",
              "Name": "dev-btcmp-proj-5-alb-sg",
              "Owner": "Vatsal",
              "Project": "btcmp-proj-5"
            },
            "tags_all": {
              "CostCenter": "btcmp-proj-5",
              "Environment": "dev",
              "Name": "dev-btcmp-proj-5-alb-sg",
              "Owner": "Vatsal",
              "Project": "btcmp-proj-5"
            },
            "timeouts": null,
            "vpc_id": "vpc-0876d63bc596a1e4e"
          },
          "sensitive_attributes": [],
          "identity_schema_version": 0,
          "identity": {
            "account_id": "419126140774",
            "id": "sg-0e0f3f55b0ca6e6f5",
            "region": "us-east-2"
          },
          "private": "eyJlMmJmYjczMC1lY2FhLTExZTYtOGY4OC0zNDM2M2JjN2M0YzAiOnsiY3JlYXRlIjo2MDAwMDAwMDAwMDAsImRlbGV0ZSI6OTAwMDAwMDAwMDAwfSwic2NoZW1hX3ZlcnNpb24iOiIxIn0=",
          "dependencies": [
            "module.vpc.aws_vpc.main"
          ],
          "create_before_destroy": true
        }
      ]
    },
    {
      "module": "module.security_groups",
      "mode": "managed",
      "type": "aws_security_group",
      "name": "backend",
      "provider": "provider[\"registry.terraform.io/hashicorp/aws\"]",
      "instances": [
        {
          "schema_version": 1,
          "attributes": {
            "arn": "arn:aws:ec2:us-east-2:419126140774:security-group/sg-01132d25c8108e8ab",
            "description": "Security group for Backend API servers",
            "egress": [
              {
                "cidr_blocks": [
                  "0.0.0.0/0"
                ],
                "description": "Allow all outbound traffic",
                "from_port": 0,
                "ipv6_cidr_blocks": [],
                "prefix_list_ids": [],
                "protocol": "-1",
                "security_groups": [],
                "self": false,
                "to_port": 0
              }
            ],
            "id": "sg-01132d25c8108e8ab",
            "ingress": [
              {
                "cidr_blocks": [],
                "description": "API from Internal ALB",
                "from_port": 8080,
                "ipv6_cidr_blocks": [],
                "prefix_list_ids": [],
                "protocol": "tcp",
                "security_groups": [
                  "sg-0adf8b23f93b469a3"
                ],
                "self": false,
                "to_port": 8080
              },
              {
                "cidr_blocks": [],
                "description": "SSH from Bastion",
                "from_port": 22,
                "ipv6_cidr_blocks": [],
                "prefix_list_ids": [],
                "protocol": "tcp",
                "security_groups": [
                  "sg-028bb0598d0e62c95"
                ],
                "self": false,
                "to_port": 22
              }
            ],
            "name": "dev-btcmp-proj-5-backend-sg",
            "name_prefix": "",
            "owner_id": "419126140774",
            "region": "us-east-2",
            "revoke_rules_on_delete": false,
            "tags": {
              "CostCenter": "btcmp-proj-5",
              "Environment": "dev",
              "Name": "dev-btcmp-proj-5-backend-sg",
              "Owner": "Vatsal",
              "Project": "btcmp-proj-5"
            },
            "tags_all": {
              "CostCenter": "btcmp-proj-5",
              "Environment": "dev",
              "Name": "dev-btcmp-proj-5-backend-sg",
              "Owner": "Vatsal",
              "Project": "btcmp-proj-5"
            },
            "timeouts": null,
            "vpc_id": "vpc-0876d63bc596a1e4e"
          },
          "sensitive_attributes": [],
          "identity_schema_version": 0,
          "identity": {
            "account_id": "419126140774",
            "id": "sg-01132d25c8108e8ab",
            "region": "us-east-2"
          },
          "private": "eyJlMmJmYjczMC1lY2FhLTExZTYtOGY4OC0zNDM2M2JjN2M0YzAiOnsiY3JlYXRlIjo2MDAwMDAwMDAwMDAsImRlbGV0ZSI6OTAwMDAwMDAwMDAwfSwic2NoZW1hX3ZlcnNpb24iOiIxIn0=",
          "dependencies": [
            "module.security_groups.aws_security_group.alb",
            "module.security_groups.aws_security_group.bastion",
            "module.security_groups.aws_security_group.frontend",
            "module.security_groups.aws_security_group.internal_alb",
            "module.vpc.aws_vpc.main"
          ],
          "create_before_destroy": true
        }
      ]
    },
    {
      "module": "module.security_groups",
      "mode": "managed",
      "type": "aws_security_group",
      "name": "bastion",
      "provider": "provider[\"registry.terraform.io/hashicorp/aws\"]",
      "instances": [
        {
          "schema_version": 1,
          "attributes": {
            "arn": "arn:aws:ec2:us-east-2:419126140774:security-group/sg-028bb0598d0e62c95",
            "description": "Security group for Bastion host",
            "egress": [
              {
                "cidr_blocks": [
                  "0.0.0.0/0"
                ],
                "description": "Allow all outbound traffic",
                "from_port": 0,
                "ipv6_cidr_blocks": [],
                "prefix_list_ids": [],
                "protocol": "-1",
                "security_groups": [],
                "self": false,
                "to_port": 0
              }
            ],
            "id": "sg-028bb0598d0e62c95",
            "ingress": [
              {
                "cidr_blocks": [
                  "0.0.0.0/0"
                ],
                "description": "SSH from allowed IPs",
                "from_port": 22,
                "ipv6_cidr_blocks": [],
                "prefix_list_ids": [],
                "protocol": "tcp",
                "security_groups": [],
                "self": false,
                "to_port": 22
              }
            ],
            "name": "dev-btcmp-proj-5-bastion-sg",
            "name_prefix": "",
            "owner_id": "419126140774",
            "region": "us-east-2",
            "revoke_rules_on_delete": false,
            "tags": {
              "CostCenter": "btcmp-proj-5",
              "Environment": "dev",
              "Name": "dev-btcmp-proj-5-bastion-sg",
              "Owner": "Vatsal",
              "Project": "btcmp-proj-5"
            },
            "tags_all": {
              "CostCenter": "btcmp-proj-5",
              "Environment": "dev",
              "Name": "dev-btcmp-proj-5-bastion-sg",
              "Owner": "Vatsal",
              "Project": "btcmp-proj-5"
            },
            "timeouts": null,
            "vpc_id": "vpc-0876d63bc596a1e4e"
          },
          "sensitive_attributes": [],
          "identity_schema_version": 0,
          "identity": {
            "account_id": "419126140774",
            "id": "sg-028bb0598d0e62c95",
            "region": "us-east-2"
          },
          "private": "eyJlMmJmYjczMC1lY2FhLTExZTYtOGY4OC0zNDM2M2JjN2M0YzAiOnsiY3JlYXRlIjo2MDAwMDAwMDAwMDAsImRlbGV0ZSI6OTAwMDAwMDAwMDAwfSwic2NoZW1hX3ZlcnNpb24iOiIxIn0=",
          "dependencies": [
            "module.vpc.aws_vpc.main"
          ],
          "create_before_destroy": true
        }
      ]
    },
    {
      "module": "module.security_groups",
      "mode": "managed",
      "type": "aws_security_group",
      "name": "frontend",
      "provider": "provider[\"registry.terraform.io/hashicorp/aws\"]",
      "instances": [
        {
          "schema_version": 1,
          "attributes": {
            "arn": "arn:aws:ec2:us-east-2:419126140774:security-group/sg-02fe17b5e2553b04a",
            "description": "Security group for Frontend application servers",
            "egress": [
              {
                "cidr_blocks": [
                  "0.0.0.0/0"
                ],
                "description": "Allow all outbound traffic",
                "from_port": 0,
                "ipv6_cidr_blocks": [],
                "prefix_list_ids": [],
                "protocol": "-1",
                "security_groups": [],
                "self": false,
                "to_port": 0
              }
            ],
            "id": "sg-02fe17b5e2553b04a",
            "ingress": [
              {
                "cidr_blocks": [],
                "description": "HTTP from ALB",
                "from_port": 3000,
                "ipv6_cidr_blocks": [],
                "prefix_list_ids": [],
                "protocol": "tcp",
                "security_groups": [
                  "sg-0e0f3f55b0ca6e6f5"
                ],
                "self": false,
                "to_port": 3000
              },
              {
                "cidr_blocks": [],
                "description": "SSH from Bastion",
                "from_port": 22,
                "ipv6_cidr_blocks": [],
                "prefix_list_ids": [],
                "protocol": "tcp",
                "security_groups": [
                  "sg-028bb0598d0e62c95"
                ],
                "self": false,
                "to_port": 22
              }
            ],
            "name": "dev-btcmp-proj-5-frontend-sg",
            "name_prefix": "",
            "owner_id": "419126140774",
            "region": "us-east-2",
            "revoke_rules_on_delete": false,
            "tags": {
              "CostCenter": "btcmp-proj-5",
              "Environment": "dev",
              "Name": "dev-btcmp-proj-5-frontend-sg",
              "Owner": "Vatsal",
              "Project": "btcmp-proj-5"
            },
            "tags_all": {
              "CostCenter": "btcmp-proj-5",
              "Environment": "dev",
              "Name": "dev-btcmp-proj-5-frontend-sg",
              "Owner": "Vatsal",
              "Project": "btcmp-proj-5"
            },
            "timeouts": null,
            "vpc_id": "vpc-0876d63bc596a1e4e"
          },
          "sensitive_attributes": [],
          "identity_schema_version": 0,
          "identity": {
            "account_id": "419126140774",
            "id": "sg-02fe17b5e2553b04a",
            "region": "us-east-2"
          },
          "private": "eyJlMmJmYjczMC1lY2FhLTExZTYtOGY4OC0zNDM2M2JjN2M0YzAiOnsiY3JlYXRlIjo2MDAwMDAwMDAwMDAsImRlbGV0ZSI6OTAwMDAwMDAwMDAwfSwic2NoZW1hX3ZlcnNpb24iOiIxIn0=",
          "dependencies": [
            "module.security_groups.aws_security_group.alb",
            "module.security_groups.aws_security_group.bastion",
            "module.vpc.aws_vpc.main"
          ],
          "create_before_destroy": true
        }
      ]
    },
    {
      "module": "module.security_groups",
      "mode": "managed",
      "type": "aws_security_group",
      "name": "internal_alb",
      "provider": "provider[\"registry.terraform.io/hashicorp/aws\"]",
      "instances": [
        {
          "schema_version": 1,
          "attributes": {
            "arn": "arn:aws:ec2:us-east-2:419126140774:security-group/sg-0adf8b23f93b469a3",
            "description": "Security group for Internal Application Load Balancer",
            "egress": [
              {
                "cidr_blocks": [
                  "0.0.0.0/0"
                ],
                "description": "Allow all outbound traffic",
                "from_port": 0,
                "ipv6_cidr_blocks": [],
                "prefix_list_ids": [],
                "protocol": "-1",
                "security_groups": [],
                "self": false,
                "to_port": 0
              }
            ],
            "id": "sg-0adf8b23f93b469a3",
            "ingress": [
              {
                "cidr_blocks": [],
                "description": "HTTP from Frontend",
                "from_port": 80,
                "ipv6_cidr_blocks": [],
                "prefix_list_ids": [],
                "protocol": "tcp",
                "security_groups": [
                  "sg-02fe17b5e2553b04a"
                ],
                "self": false,
                "to_port": 80
              }
            ],
            "name": "dev-btcmp-proj-5-internal-alb-sg",
            "name_prefix": "",
            "owner_id": "419126140774",
            "region": "us-east-2",
            "revoke_rules_on_delete": false,
            "tags": {
              "CostCenter": "btcmp-proj-5",
              "Environment": "dev",
              "Name": "dev-btcmp-proj-5-internal-alb-sg",
              "Owner": "Vatsal",
              "Project": "btcmp-proj-5"
            },
            "tags_all": {
              "CostCenter": "btcmp-proj-5",
              "Environment": "dev",
              "Name": "dev-btcmp-proj-5-internal-alb-sg",
              "Owner": "Vatsal",
              "Project": "btcmp-proj-5"
            },
            "timeouts": null,
            "vpc_id": "vpc-0876d63bc596a1e4e"
          },
          "sensitive_attributes": [],
          "identity_schema_version": 0,
          "identity": {
            "account_id": "419126140774",
            "id": "sg-0adf8b23f93b469a3",
            "region": "us-east-2"
          },
          "private": "eyJlMmJmYjczMC1lY2FhLTExZTYtOGY4OC0zNDM2M2JjN2M0YzAiOnsiY3JlYXRlIjo2MDAwMDAwMDAwMDAsImRlbGV0ZSI6OTAwMDAwMDAwMDAwfSwic2NoZW1hX3ZlcnNpb24iOiIxIn0=",
          "dependencies": [
            "module.security_groups.aws_security_group.alb",
            "module.security_groups.aws_security_group.bastion",
            "module.security_groups.aws_security_group.frontend",
            "module.vpc.aws_vpc.main"
          ],
          "create_before_destroy": true
        }
      ]
    },
    {
      "module": "module.security_groups",
      "mode": "managed",
      "type": "aws_security_group",
      "name": "rds",
      "provider": "provider[\"registry.terraform.io/hashicorp/aws\"]",
      "instances": [
        {
          "schema_version": 1,
          "attributes": {
            "arn": "arn:aws:ec2:us-east-2:419126140774:security-group/sg-0a1495b8b87fbb678",
            "description": "Security group for RDS PostgreSQL database",
            "egress": [
              {
                "cidr_blocks": [],
                "description": "No outbound traffic allowed",
                "from_port": 0,
                "ipv6_cidr_blocks": [],
                "prefix_list_ids": [],
                "protocol": "-1",
                "security_groups": [],
                "self": false,
                "to_port": 0
              }
            ],
            "id": "sg-0a1495b8b87fbb678",
            "ingress": [
              {
                "cidr_blocks": [],
                "description": "PostgreSQL from Backend",
                "from_port": 5432,
                "ipv6_cidr_blocks": [],
                "prefix_list_ids": [],
                "protocol": "tcp",
                "security_groups": [
                  "sg-01132d25c8108e8ab"
                ],
                "self": false,
                "to_port": 5432
              }
            ],
            "name": "dev-btcmp-proj-5-rds-sg",
            "name_prefix": "",
            "owner_id": "419126140774",
            "region": "us-east-2",
            "revoke_rules_on_delete": false,
            "tags": {
              "CostCenter": "btcmp-proj-5",
              "Environment": "dev",
              "Name": "dev-btcmp-proj-5-rds-sg",
              "Owner": "Vatsal",
              "Project": "btcmp-proj-5"
            },
            "tags_all": {
              "CostCenter": "btcmp-proj-5",
              "Environment": "dev",
              "Name": "dev-btcmp-proj-5-rds-sg",
              "Owner": "Vatsal",
              "Project": "btcmp-proj-5"
            },
            "timeouts": null,
            "vpc_id": "vpc-0876d63bc596a1e4e"
          },
          "sensitive_attributes": [],
          "identity_schema_version": 0,
          "identity": {
            "account_id": "419126140774",
            "id": "sg-0a1495b8b87fbb678",
            "region": "us-east-2"
          },
          "private": "eyJlMmJmYjczMC1lY2FhLTExZTYtOGY4OC0zNDM2M2JjN2M0YzAiOnsiY3JlYXRlIjo2MDAwMDAwMDAwMDAsImRlbGV0ZSI6OTAwMDAwMDAwMDAwfSwic2NoZW1hX3ZlcnNpb24iOiIxIn0=",
          "dependencies": [
            "module.security_groups.aws_security_group.alb",
            "module.security_groups.aws_security_group.backend",
            "module.security_groups.aws_security_group.bastion",
            "module.security_groups.aws_security_group.frontend",
            "module.security_groups.aws_security_group.internal_alb",
            "module.vpc.aws_vpc.main"
          ],
          "create_before_destroy": true
        }
      ]
    },
    {
      "module": "module.vpc",
      "mode": "managed",
      "type": "aws_eip",
      "name": "nat",
      "provider": "provider[\"registry.terraform.io/hashicorp/aws\"]",
      "instances": [
        {
          "index_key": 0,
          "schema_version": 0,
          "attributes": {
            "address": null,
            "allocation_id": "eipalloc-0be56db65953110fe",
            "arn": "arn:aws:ec2:us-east-2:419126140774:elastic-ip/eipalloc-0be56db65953110fe",
            "associate_with_private_ip": null,
            "association_id": "eipassoc-046deeff34be0b456",
            "carrier_ip": "",
            "customer_owned_ip": "",
            "customer_owned_ipv4_pool": "",
            "domain": "vpc",
            "id": "eipalloc-0be56db65953110fe",
            "instance": "",
            "ipam_pool_id": null,
            "network_border_group": "us-east-2",
            "network_interface": "eni-0ea33e1f176ad49bd",
            "private_dns": "ip-10-0-1-216.us-east-2.compute.internal",
            "private_ip": "10.0.1.216",
            "ptr_record": "",
            "public_dns": "ec2-52-15-184-104.us-east-2.compute.amazonaws.com",
            "public_ip": "52.15.184.104",
            "public_ipv4_pool": "amazon",
            "region": "us-east-2",
            "tags": {
              "CostCenter": "btcmp-proj-5",
              "Environment": "dev",
              "Name": "dev-btcmp-proj-5-nat-eip-1",
              "Owner": "Vatsal",
              "Project": "btcmp-proj-5"
            },
            "tags_all": {
              "CostCenter": "btcmp-proj-5",
              "Environment": "dev",
              "Name": "dev-btcmp-proj-5-nat-eip-1",
              "Owner": "Vatsal",
              "Project": "btcmp-proj-5"
            },
            "timeouts": null
          },
          "sensitive_attributes": [],
          "identity_schema_version": 0,
          "private": "eyJlMmJmYjczMC1lY2FhLTExZTYtOGY4OC0zNDM2M2JjN2M0YzAiOnsiZGVsZXRlIjoxODAwMDAwMDAwMDAsInJlYWQiOjkwMDAwMDAwMDAwMCwidXBkYXRlIjozMDAwMDAwMDAwMDB9fQ==",
          "dependencies": [
            "module.vpc.aws_internet_gateway.main",
            "module.vpc.aws_vpc.main"
          ]
        }
      ]
    },
    {
      "module": "module.vpc",
      "mode": "managed",
      "type": "aws_internet_gateway",
      "name": "main",
      "provider": "provider[\"registry.terraform.io/hashicorp/aws\"]",
      "instances": [
        {
          "schema_version": 0,
          "attributes": {
            "arn": "arn:aws:ec2:us-east-2:419126140774:internet-gateway/igw-02a7bd8c7245d73c6",
            "id": "igw-02a7bd8c7245d73c6",
            "owner_id": "419126140774",
            "region": "us-east-2",
            "tags": {
              "CostCenter": "btcmp-proj-5",
              "Environment": "dev",
              "Name": "dev-btcmp-proj-5-igw",
              "Owner": "Vatsal",
              "Project": "btcmp-proj-5"
            },
            "tags_all": {
              "CostCenter": "btcmp-proj-5",
              "Environment": "dev",
              "Name": "dev-btcmp-proj-5-igw",
              "Owner": "Vatsal",
              "Project": "btcmp-proj-5"
            },
            "timeouts": null,
            "vpc_id": "vpc-0876d63bc596a1e4e"
          },
          "sensitive_attributes": [],
          "identity_schema_version": 0,
          "private": "eyJlMmJmYjczMC1lY2FhLTExZTYtOGY4OC0zNDM2M2JjN2M0YzAiOnsiY3JlYXRlIjoxMjAwMDAwMDAwMDAwLCJkZWxldGUiOjEyMDAwMDAwMDAwMDAsInVwZGF0ZSI6MTIwMDAwMDAwMDAwMH19",
          "dependencies": [
            "module.vpc.aws_vpc.main"
          ]
        }
      ]
    },
    {
      "module": "module.vpc",
      "mode": "managed",
      "type": "aws_nat_gateway",
      "name": "main",
      "provider": "provider[\"registry.terraform.io/hashicorp/aws\"]",
      "instances": [
        {
          "index_key": 0,
          "schema_version": 0,
          "attributes": {
            "allocation_id": "eipalloc-0be56db65953110fe",
            "association_id": "eipassoc-046deeff34be0b456",
            "auto_provision_zones": null,
            "auto_scaling_ips": null,
            "availability_mode": "zonal",
            "availability_zone_address": [],
            "connectivity_type": "public",
            "id": "nat-0250b04fad8aa704d",
            "network_interface_id": "eni-0ea33e1f176ad49bd",
            "private_ip": "10.0.1.216",
            "public_ip": "52.15.184.104",
            "region": "us-east-2",
            "regional_nat_gateway_address": [],
            "regional_nat_gateway_auto_mode": null,
            "route_table_id": null,
            "secondary_allocation_ids": [],
            "secondary_private_ip_address_count": 0,
            "secondary_private_ip_addresses": [],
            "subnet_id": "subnet-032e6c4aa0953ba77",
            "tags": {
              "CostCenter": "btcmp-proj-5",
              "Environment": "dev",
              "Name": "dev-btcmp-proj-5-nat-gw-1",
              "Owner": "Vatsal",
              "Project": "btcmp-proj-5"
            },
            "tags_all": {
              "CostCenter": "btcmp-proj-5",
              "Environment": "dev",
              "Name": "dev-btcmp-proj-5-nat-gw-1",
              "Owner": "Vatsal",
              "Project": "btcmp-proj-5"
            },
            "timeouts": null,
            "vpc_id": "vpc-0876d63bc596a1e4e"
          },
          "sensitive_attributes": [],
          "identity_schema_version": 0,
          "private": "eyJlMmJmYjczMC1lY2FhLTExZTYtOGY4OC0zNDM2M2JjN2M0YzAiOnsiY3JlYXRlIjo2MDAwMDAwMDAwMDAsImRlbGV0ZSI6MTgwMDAwMDAwMDAwMCwidXBkYXRlIjo2MDAwMDAwMDAwMDB9fQ==",
          "dependencies": [
            "module.vpc.aws_eip.nat",
            "module.vpc.aws_internet_gateway.main",
            "module.vpc.aws_subnet.public",
            "module.vpc.aws_vpc.main"
          ]
        }
      ]
    },
    {
      "module": "module.vpc",
      "mode": "managed",
      "type": "aws_route",
      "name": "backend_nat",
      "provider": "provider[\"registry.terraform.io/hashicorp/aws\"]",
      "instances": [
        {
          "index_key": 0,
          "schema_version": 0,
          "attributes": {
            "carrier_gateway_id": "",
            "core_network_arn": "",
            "destination_cidr_block": "0.0.0.0/0",
            "destination_ipv6_cidr_block": "",
            "destination_prefix_list_id": "",
            "egress_only_gateway_id": "",
            "gateway_id": "",
            "id": "r-rtb-04aa156303b8c60f51080289494",
            "instance_id": "",
            "instance_owner_id": "",
            "local_gateway_id": "",
            "nat_gateway_id": "nat-0250b04fad8aa704d",
            "network_interface_id": "",
            "origin": "CreateRoute",
            "region": "us-east-2",
            "route_table_id": "rtb-04aa156303b8c60f5",
            "state": "active",
            "timeouts": null,
            "transit_gateway_id": "",
            "vpc_endpoint_id": "",
            "vpc_peering_connection_id": ""
          },
          "sensitive_attributes": [],
          "identity_schema_version": 0,
          "identity": {
            "account_id": "419126140774",
            "destination_cidr_block": "0.0.0.0/0",
            "destination_ipv6_cidr_block": null,
            "destination_prefix_list_id": null,
            "region": "us-east-2",
            "route_table_id": "rtb-04aa156303b8c60f5"
          },
          "private": "eyJlMmJmYjczMC1lY2FhLTExZTYtOGY4OC0zNDM2M2JjN2M0YzAiOnsiY3JlYXRlIjozMDAwMDAwMDAwMDAsImRlbGV0ZSI6MzAwMDAwMDAwMDAwLCJ1cGRhdGUiOjEyMDAwMDAwMDAwMH19",
          "dependencies": [
            "module.vpc.aws_eip.nat",
            "module.vpc.aws_internet_gateway.main",
            "module.vpc.aws_nat_gateway.main",
            "module.vpc.aws_route_table.backend",
            "module.vpc.aws_subnet.public",
            "module.vpc.aws_vpc.main"
          ]
        },
        {
          "index_key": 1,
          "schema_version": 0,
          "attributes": {
            "carrier_gateway_id": "",
            "core_network_arn": "",
            "destination_cidr_block": "0.0.0.0/0",
            "destination_ipv6_cidr_block": "",
            "destination_prefix_list_id": "",
            "egress_only_gateway_id": "",
            "gateway_id": "",
            "id": "r-rtb-0b310e78b6078e31c1080289494",
            "instance_id": "",
            "instance_owner_id": "",
            "local_gateway_id": "",
            "nat_gateway_id": "nat-0250b04fad8aa704d",
            "network_interface_id": "",
            "origin": "CreateRoute",
            "region": "us-east-2",
            "route_table_id": "rtb-0b310e78b6078e31c",
            "state": "active",
            "timeouts": null,
            "transit_gateway_id": "",
            "vpc_endpoint_id": "",
            "vpc_peering_connection_id": ""
          },
          "sensitive_attributes": [],
          "identity_schema_version": 0,
          "identity": {
            "account_id": "419126140774",
            "destination_cidr_block": "0.0.0.0/0",
            "destination_ipv6_cidr_block": null,
            "destination_prefix_list_id": null,
            "region": "us-east-2",
            "route_table_id": "rtb-0b310e78b6078e31c"
          },
          "private": "eyJlMmJmYjczMC1lY2FhLTExZTYtOGY4OC0zNDM2M2JjN2M0YzAiOnsiY3JlYXRlIjozMDAwMDAwMDAwMDAsImRlbGV0ZSI6MzAwMDAwMDAwMDAwLCJ1cGRhdGUiOjEyMDAwMDAwMDAwMH19",
          "dependencies": [
            "module.vpc.aws_eip.nat",
            "module.vpc.aws_internet_gateway.main",
            "module.vpc.aws_nat_gateway.main",
            "module.vpc.aws_route_table.backend",
            "module.vpc.aws_subnet.public",
            "module.vpc.aws_vpc.main"
          ]
        }
      ]
    },
    {
      "module": "module.vpc",
      "mode": "managed",
      "type": "aws_route",
      "name": "frontend_nat",
      "provider": "provider[\"registry.terraform.io/hashicorp/aws\"]",
      "instances": [
        {
          "index_key": 0,
          "schema_version": 0,
          "attributes": {
            "carrier_gateway_id": "",
            "core_network_arn": "",
            "destination_cidr_block": "0.0.0.0/0",
            "destination_ipv6_cidr_block": "",
            "destination_prefix_list_id": "",
            "egress_only_gateway_id": "",
            "gateway_id": "",
            "id": "r-rtb-06910fb261245c36e1080289494",
            "instance_id": "",
            "instance_owner_id": "",
            "local_gateway_id": "",
            "nat_gateway_id": "nat-0250b04fad8aa704d",
            "network_interface_id": "",
            "origin": "CreateRoute",
            "region": "us-east-2",
            "route_table_id": "rtb-06910fb261245c36e",
            "state": "active",
            "timeouts": null,
            "transit_gateway_id": "",
            "vpc_endpoint_id": "",
            "vpc_peering_connection_id": ""
          },
          "sensitive_attributes": [],
          "identity_schema_version": 0,
          "identity": {
            "account_id": "419126140774",
            "destination_cidr_block": "0.0.0.0/0",
            "destination_ipv6_cidr_block": null,
            "destination_prefix_list_id": null,
            "region": "us-east-2",
            "route_table_id": "rtb-06910fb261245c36e"
          },
          "private": "eyJlMmJmYjczMC1lY2FhLTExZTYtOGY4OC0zNDM2M2JjN2M0YzAiOnsiY3JlYXRlIjozMDAwMDAwMDAwMDAsImRlbGV0ZSI6MzAwMDAwMDAwMDAwLCJ1cGRhdGUiOjEyMDAwMDAwMDAwMH19",
          "dependencies": [
            "module.vpc.aws_eip.nat",
            "module.vpc.aws_internet_gateway.main",
            "module.vpc.aws_nat_gateway.main",
            "module.vpc.aws_route_table.frontend",
            "module.vpc.aws_subnet.public",
            "module.vpc.aws_vpc.main"
          ]
        },
        {
          "index_key": 1,
          "schema_version": 0,
          "attributes": {
            "carrier_gateway_id": "",
            "core_network_arn": "",
            "destination_cidr_block": "0.0.0.0/0",
            "destination_ipv6_cidr_block": "",
            "destination_prefix_list_id": "",
            "egress_only_gateway_id": "",
            "gateway_id": "",
            "id": "r-rtb-0fc958616147952941080289494",
            "instance_id": "",
            "instance_owner_id": "",
            "local_gateway_id": "",
            "nat_gateway_id": "nat-0250b04fad8aa704d",
            "network_interface_id": "",
            "origin": "CreateRoute",
            "region": "us-east-2",
            "route_table_id": "rtb-0fc95861614795294",
            "state": "active",
            "timeouts": null,
            "transit_gateway_id": "",
            "vpc_endpoint_id": "",
            "vpc_peering_connection_id": ""
          },
          "sensitive_attributes": [],
          "identity_schema_version": 0,
          "identity": {
            "account_id": "419126140774",
            "destination_cidr_block": "0.0.0.0/0",
            "destination_ipv6_cidr_block": null,
            "destination_prefix_list_id": null,
            "region": "us-east-2",
            "route_table_id": "rtb-0fc95861614795294"
          },
          "private": "eyJlMmJmYjczMC1lY2FhLTExZTYtOGY4OC0zNDM2M2JjN2M0YzAiOnsiY3JlYXRlIjozMDAwMDAwMDAwMDAsImRlbGV0ZSI6MzAwMDAwMDAwMDAwLCJ1cGRhdGUiOjEyMDAwMDAwMDAwMH19",
          "dependencies": [
            "module.vpc.aws_eip.nat",
            "module.vpc.aws_internet_gateway.main",
            "module.vpc.aws_nat_gateway.main",
            "module.vpc.aws_route_table.frontend",
            "module.vpc.aws_subnet.public",
            "module.vpc.aws_vpc.main"
          ]
        }
      ]
    },
    {
      "module": "module.vpc",
      "mode": "managed",
      "type": "aws_route",
      "name": "public_internet",
      "provider": "provider[\"registry.terraform.io/hashicorp/aws\"]",
      "instances": [
        {
          "schema_version": 0,
          "attributes": {
            "carrier_gateway_id": "",
            "core_network_arn": "",
            "destination_cidr_block": "0.0.0.0/0",
            "destination_ipv6_cidr_block": "",
            "destination_prefix_list_id": "",
            "egress_only_gateway_id": "",
            "gateway_id": "igw-02a7bd8c7245d73c6",
            "id": "r-rtb-0766410633fdf6f951080289494",
            "instance_id": "",
            "instance_owner_id": "",
            "local_gateway_id": "",
            "nat_gateway_id": "",
            "network_interface_id": "",
            "origin": "CreateRoute",
            "region": "us-east-2",
            "route_table_id": "rtb-0766410633fdf6f95",
            "state": "active",
            "timeouts": null,
            "transit_gateway_id": "",
            "vpc_endpoint_id": "",
            "vpc_peering_connection_id": ""
          },
          "sensitive_attributes": [],
          "identity_schema_version": 0,
          "identity": {
            "account_id": "419126140774",
            "destination_cidr_block": "0.0.0.0/0",
            "destination_ipv6_cidr_block": null,
            "destination_prefix_list_id": null,
            "region": "us-east-2",
            "route_table_id": "rtb-0766410633fdf6f95"
          },
          "private": "eyJlMmJmYjczMC1lY2FhLTExZTYtOGY4OC0zNDM2M2JjN2M0YzAiOnsiY3JlYXRlIjozMDAwMDAwMDAwMDAsImRlbGV0ZSI6MzAwMDAwMDAwMDAwLCJ1cGRhdGUiOjEyMDAwMDAwMDAwMH19",
          "dependencies": [
            "module.vpc.aws_internet_gateway.main",
            "module.vpc.aws_route_table.public",
            "module.vpc.aws_vpc.main"
          ]
        }
      ]
    },
    {
      "module": "module.vpc",
      "mode": "managed",
      "type": "aws_route_table",
      "name": "backend",
      "provider": "provider[\"registry.terraform.io/hashicorp/aws\"]",
      "instances": [
        {
          "index_key": 0,
          "schema_version": 0,
          "attributes": {
            "arn": "arn:aws:ec2:us-east-2:419126140774:route-table/rtb-04aa156303b8c60f5",
            "id": "rtb-04aa156303b8c60f5",
            "owner_id": "419126140774",
            "propagating_vgws": [],
            "region": "us-east-2",
            "route": [
              {
                "carrier_gateway_id": "",
                "cidr_block": "0.0.0.0/0",
                "core_network_arn": "",
                "destination_prefix_list_id": "",
                "egress_only_gateway_id": "",
                "gateway_id": "",
                "ipv6_cidr_block": "",
                "local_gateway_id": "",
                "nat_gateway_id": "nat-0250b04fad8aa704d",
                "network_interface_id": "",
                "transit_gateway_id": "",
                "vpc_endpoint_id": "",
                "vpc_peering_connection_id": ""
              }
            ],
            "tags": {
              "CostCenter": "btcmp-proj-5",
              "Environment": "dev",
              "Name": "dev-btcmp-proj-5-backend-rt-1",
              "Owner": "Vatsal",
              "Project": "btcmp-proj-5",
              "Tier": "backend"
            },
            "tags_all": {
              "CostCenter": "btcmp-proj-5",
              "Environment": "dev",
              "Name": "dev-btcmp-proj-5-backend-rt-1",
              "Owner": "Vatsal",
              "Project": "btcmp-proj-5",
              "Tier": "backend"
            },
            "timeouts": null,
            "vpc_id": "vpc-0876d63bc596a1e4e"
          },
          "sensitive_attributes": [],
          "identity_schema_version": 0,
          "identity": {
            "account_id": "419126140774",
            "id": "rtb-04aa156303b8c60f5",
            "region": "us-east-2"
          },
          "private": "eyJlMmJmYjczMC1lY2FhLTExZTYtOGY4OC0zNDM2M2JjN2M0YzAiOnsiY3JlYXRlIjozMDAwMDAwMDAwMDAsImRlbGV0ZSI6MzAwMDAwMDAwMDAwLCJ1cGRhdGUiOjEyMDAwMDAwMDAwMH19",
          "dependencies": [
            "module.vpc.aws_vpc.main"
          ]
        },
        {
          "index_key": 1,
          "schema_version": 0,
          "attributes": {
            "arn": "arn:aws:ec2:us-east-2:419126140774:route-table/rtb-0b310e78b6078e31c",
            "id": "rtb-0b310e78b6078e31c",
            "owner_id": "419126140774",
            "propagating_vgws": [],
            "region": "us-east-2",
            "route": [
              {
                "carrier_gateway_id": "",
                "cidr_block": "0.0.0.0/0",
                "core_network_arn": "",
                "destination_prefix_list_id": "",
                "egress_only_gateway_id": "",
                "gateway_id": "",
                "ipv6_cidr_block": "",
                "local_gateway_id": "",
                "nat_gateway_id": "nat-0250b04fad8aa704d",
                "network_interface_id": "",
                "transit_gateway_id": "",
                "vpc_endpoint_id": "",
                "vpc_peering_connection_id": ""
              }
            ],
            "tags": {
              "CostCenter": "btcmp-proj-5",
              "Environment": "dev",
              "Name": "dev-btcmp-proj-5-backend-rt-2",
              "Owner": "Vatsal",
              "Project": "btcmp-proj-5",
              "Tier": "backend"
            },
            "tags_all": {
              "CostCenter": "btcmp-proj-5",
              "Environment": "dev",
              "Name": "dev-btcmp-proj-5-backend-rt-2",
              "Owner": "Vatsal",
              "Project": "btcmp-proj-5",
              "Tier": "backend"
            },
            "timeouts": null,
            "vpc_id": "vpc-0876d63bc596a1e4e"
          },
          "sensitive_attributes": [],
          "identity_schema_version": 0,
          "identity": {
            "account_id": "419126140774",
            "id": "rtb-0b310e78b6078e31c",
            "region": "us-east-2"
          },
          "private": "eyJlMmJmYjczMC1lY2FhLTExZTYtOGY4OC0zNDM2M2JjN2M0YzAiOnsiY3JlYXRlIjozMDAwMDAwMDAwMDAsImRlbGV0ZSI6MzAwMDAwMDAwMDAwLCJ1cGRhdGUiOjEyMDAwMDAwMDAwMH19",
          "dependencies": [
            "module.vpc.aws_vpc.main"
          ]
        }
      ]
    },
    {
      "module": "module.vpc",
      "mode": "managed",
      "type": "aws_route_table",
      "name": "database",
      "provider": "provider[\"registry.terraform.io/hashicorp/aws\"]",
      "instances": [
        {
          "schema_version": 0,
          "attributes": {
            "arn": "arn:aws:ec2:us-east-2:419126140774:route-table/rtb-05083b618ae4ee992",
            "id": "rtb-05083b618ae4ee992",
            "owner_id": "419126140774",
            "propagating_vgws": [],
            "region": "us-east-2",
            "route": [],
            "tags": {
              "CostCenter": "btcmp-proj-5",
              "Environment": "dev",
              "Name": "dev-btcmp-proj-5-database-rt",
              "Owner": "Vatsal",
              "Project": "btcmp-proj-5",
              "Tier": "database"
            },
            "tags_all": {
              "CostCenter": "btcmp-proj-5",
              "Environment": "dev",
              "Name": "dev-btcmp-proj-5-database-rt",
              "Owner": "Vatsal",
              "Project": "btcmp-proj-5",
              "Tier": "database"
            },
            "timeouts": null,
            "vpc_id": "vpc-0876d63bc596a1e4e"
          },
          "sensitive_attributes": [],
          "identity_schema_version": 0,
          "identity": {
            "account_id": "419126140774",
            "id": "rtb-05083b618ae4ee992",
            "region": "us-east-2"
          },
          "private": "eyJlMmJmYjczMC1lY2FhLTExZTYtOGY4OC0zNDM2M2JjN2M0YzAiOnsiY3JlYXRlIjozMDAwMDAwMDAwMDAsImRlbGV0ZSI6MzAwMDAwMDAwMDAwLCJ1cGRhdGUiOjEyMDAwMDAwMDAwMH19",
          "dependencies": [
            "module.vpc.aws_vpc.main"
          ]
        }
      ]
    },
    {
      "module": "module.vpc",
      "mode": "managed",
      "type": "aws_route_table",
      "name": "frontend",
      "provider": "provider[\"registry.terraform.io/hashicorp/aws\"]",
      "instances": [
        {
          "index_key": 0,
          "schema_version": 0,
          "attributes": {
            "arn": "arn:aws:ec2:us-east-2:419126140774:route-table/rtb-06910fb261245c36e",
            "id": "rtb-06910fb261245c36e",
            "owner_id": "419126140774",
            "propagating_vgws": [],
            "region": "us-east-2",
            "route": [
              {
                "carrier_gateway_id": "",
                "cidr_block": "0.0.0.0/0",
                "core_network_arn": "",
                "destination_prefix_list_id": "",
                "egress_only_gateway_id": "",
                "gateway_id": "",
                "ipv6_cidr_block": "",
                "local_gateway_id": "",
                "nat_gateway_id": "nat-0250b04fad8aa704d",
                "network_interface_id": "",
                "transit_gateway_id": "",
                "vpc_endpoint_id": "",
                "vpc_peering_connection_id": ""
              }
            ],
            "tags": {
              "CostCenter": "btcmp-proj-5",
              "Environment": "dev",
              "Name": "dev-btcmp-proj-5-frontend-rt-1",
              "Owner": "Vatsal",
              "Project": "btcmp-proj-5",
              "Tier": "frontend"
            },
            "tags_all": {
              "CostCenter": "btcmp-proj-5",
              "Environment": "dev",
              "Name": "dev-btcmp-proj-5-frontend-rt-1",
              "Owner": "Vatsal",
              "Project": "btcmp-proj-5",
              "Tier": "frontend"
            },
            "timeouts": null,
            "vpc_id": "vpc-0876d63bc596a1e4e"
          },
          "sensitive_attributes": [],
          "identity_schema_version": 0,
          "identity": {
            "account_id": "419126140774",
            "id": "rtb-06910fb261245c36e",
            "region": "us-east-2"
          },
          "private": "eyJlMmJmYjczMC1lY2FhLTExZTYtOGY4OC0zNDM2M2JjN2M0YzAiOnsiY3JlYXRlIjozMDAwMDAwMDAwMDAsImRlbGV0ZSI6MzAwMDAwMDAwMDAwLCJ1cGRhdGUiOjEyMDAwMDAwMDAwMH19",
          "dependencies": [
            "module.vpc.aws_vpc.main"
          ]
        },
        {
          "index_key": 1,
          "schema_version": 0,
          "attributes": {
            "arn": "arn:aws:ec2:us-east-2:419126140774:route-table/rtb-0fc95861614795294",
            "id": "rtb-0fc95861614795294",
            "owner_id": "419126140774",
            "propagating_vgws": [],
            "region": "us-east-2",
            "route": [
              {
                "carrier_gateway_id": "",
                "cidr_block": "0.0.0.0/0",
                "core_network_arn": "",
                "destination_prefix_list_id": "",
                "egress_only_gateway_id": "",
                "gateway_id": "",
                "ipv6_cidr_block": "",
                "local_gateway_id": "",
                "nat_gateway_id": "nat-0250b04fad8aa704d",
                "network_interface_id": "",
                "transit_gateway_id": "",
                "vpc_endpoint_id": "",
                "vpc_peering_connection_id": ""
              }
            ],
            "tags": {
              "CostCenter": "btcmp-proj-5",
              "Environment": "dev",
              "Name": "dev-btcmp-proj-5-frontend-rt-2",
              "Owner": "Vatsal",
              "Project": "btcmp-proj-5",
              "Tier": "frontend"
            },
            "tags_all": {
              "CostCenter": "btcmp-proj-5",
              "Environment": "dev",
              "Name": "dev-btcmp-proj-5-frontend-rt-2",
              "Owner": "Vatsal",
              "Project": "btcmp-proj-5",
              "Tier": "frontend"
            },
            "timeouts": null,
            "vpc_id": "vpc-0876d63bc596a1e4e"
          },
          "sensitive_attributes": [],
          "identity_schema_version": 0,
          "identity": {
            "account_id": "419126140774",
            "id": "rtb-0fc95861614795294",
            "region": "us-east-2"
          },
          "private": "eyJlMmJmYjczMC1lY2FhLTExZTYtOGY4OC0zNDM2M2JjN2M0YzAiOnsiY3JlYXRlIjozMDAwMDAwMDAwMDAsImRlbGV0ZSI6MzAwMDAwMDAwMDAwLCJ1cGRhdGUiOjEyMDAwMDAwMDAwMH19",
          "dependencies": [
            "module.vpc.aws_vpc.main"
          ]
        }
      ]
    },
    {
      "module": "module.vpc",
      "mode": "managed",
      "type": "aws_route_table",
      "name": "public",
      "provider": "provider[\"registry.terraform.io/hashicorp/aws\"]",
      "instances": [
        {
          "schema_version": 0,
          "attributes": {
            "arn": "arn:aws:ec2:us-east-2:419126140774:route-table/rtb-0766410633fdf6f95",
            "id": "rtb-0766410633fdf6f95",
            "owner_id": "419126140774",
            "propagating_vgws": [],
            "region": "us-east-2",
            "route": [
              {
                "carrier_gateway_id": "",
                "cidr_block": "0.0.0.0/0",
                "core_network_arn": "",
                "destination_prefix_list_id": "",
                "egress_only_gateway_id": "",
                "gateway_id": "igw-02a7bd8c7245d73c6",
                "ipv6_cidr_block": "",
                "local_gateway_id": "",
                "nat_gateway_id": "",
                "network_interface_id": "",
                "transit_gateway_id": "",
                "vpc_endpoint_id": "",
                "vpc_peering_connection_id": ""
              }
            ],
            "tags": {
              "CostCenter": "btcmp-proj-5",
              "Environment": "dev",
              "Name": "dev-btcmp-proj-5-public-rt",
              "Owner": "Vatsal",
              "Project": "btcmp-proj-5",
              "Tier": "public"
            },
            "tags_all": {
              "CostCenter": "btcmp-proj-5",
              "Environment": "dev",
              "Name": "dev-btcmp-proj-5-public-rt",
              "Owner": "Vatsal",
              "Project": "btcmp-proj-5",
              "Tier": "public"
            },
            "timeouts": null,
            "vpc_id": "vpc-0876d63bc596a1e4e"
          },
          "sensitive_attributes": [],
          "identity_schema_version": 0,
          "identity": {
            "account_id": "419126140774",
            "id": "rtb-0766410633fdf6f95",
            "region": "us-east-2"
          },
          "private": "eyJlMmJmYjczMC1lY2FhLTExZTYtOGY4OC0zNDM2M2JjN2M0YzAiOnsiY3JlYXRlIjozMDAwMDAwMDAwMDAsImRlbGV0ZSI6MzAwMDAwMDAwMDAwLCJ1cGRhdGUiOjEyMDAwMDAwMDAwMH19",
          "dependencies": [
            "module.vpc.aws_vpc.main"
          ]
        }
      ]
    },
    {
      "module": "module.vpc",
      "mode": "managed",
      "type": "aws_route_table_association",
      "name": "backend",
      "provider": "provider[\"registry.terraform.io/hashicorp/aws\"]",
      "instances": [
        {
          "index_key": 0,
          "schema_version": 0,
          "attributes": {
            "gateway_id": "",
            "id": "rtbassoc-00c580e34582ebe50",
            "region": "us-east-2",
            "route_table_id": "rtb-04aa156303b8c60f5",
            "subnet_id": "subnet-066691bb83128a5c6",
            "timeouts": null
          },
          "sensitive_attributes": [],
          "identity_schema_version": 0,
          "private": "eyJlMmJmYjczMC1lY2FhLTExZTYtOGY4OC0zNDM2M2JjN2M0YzAiOnsiY3JlYXRlIjozMDAwMDAwMDAwMDAsImRlbGV0ZSI6MzAwMDAwMDAwMDAwLCJ1cGRhdGUiOjEyMDAwMDAwMDAwMH19",
          "dependencies": [
            "module.vpc.aws_route_table.backend",
            "module.vpc.aws_subnet.backend",
            "module.vpc.aws_vpc.main"
          ]
        },
        {
          "index_key": 1,
          "schema_version": 0,
          "attributes": {
            "gateway_id": "",
            "id": "rtbassoc-0e384a0125872edaf",
            "region": "us-east-2",
            "route_table_id": "rtb-0b310e78b6078e31c",
            "subnet_id": "subnet-0c2cb52cca270c9b7",
            "timeouts": null
          },
          "sensitive_attributes": [],
          "identity_schema_version": 0,
          "private": "eyJlMmJmYjczMC1lY2FhLTExZTYtOGY4OC0zNDM2M2JjN2M0YzAiOnsiY3JlYXRlIjozMDAwMDAwMDAwMDAsImRlbGV0ZSI6MzAwMDAwMDAwMDAwLCJ1cGRhdGUiOjEyMDAwMDAwMDAwMH19",
          "dependencies": [
            "module.vpc.aws_route_table.backend",
            "module.vpc.aws_subnet.backend",
            "module.vpc.aws_vpc.main"
          ]
        }
      ]
    },
    {
      "module": "module.vpc",
      "mode": "managed",
      "type": "aws_route_table_association",
      "name": "database",
      "provider": "provider[\"registry.terraform.io/hashicorp/aws\"]",
      "instances": [
        {
          "index_key": 0,
          "schema_version": 0,
          "attributes": {
            "gateway_id": "",
            "id": "rtbassoc-0557403104359a749",
            "region": "us-east-2",
            "route_table_id": "rtb-05083b618ae4ee992",
            "subnet_id": "subnet-07c9afe3a449fa061",
            "timeouts": null
          },
          "sensitive_attributes": [],
          "identity_schema_version": 0,
          "private": "eyJlMmJmYjczMC1lY2FhLTExZTYtOGY4OC0zNDM2M2JjN2M0YzAiOnsiY3JlYXRlIjozMDAwMDAwMDAwMDAsImRlbGV0ZSI6MzAwMDAwMDAwMDAwLCJ1cGRhdGUiOjEyMDAwMDAwMDAwMH19",
          "dependencies": [
            "module.vpc.aws_route_table.database",
            "module.vpc.aws_subnet.database",
            "module.vpc.aws_vpc.main"
          ]
        },
        {
          "index_key": 1,
          "schema_version": 0,
          "attributes": {
            "gateway_id": "",
            "id": "rtbassoc-021fdf34dde70e3eb",
            "region": "us-east-2",
            "route_table_id": "rtb-05083b618ae4ee992",
            "subnet_id": "subnet-051b01e3d78e96401",
            "timeouts": null
          },
          "sensitive_attributes": [],
          "identity_schema_version": 0,
          "private": "eyJlMmJmYjczMC1lY2FhLTExZTYtOGY4OC0zNDM2M2JjN2M0YzAiOnsiY3JlYXRlIjozMDAwMDAwMDAwMDAsImRlbGV0ZSI6MzAwMDAwMDAwMDAwLCJ1cGRhdGUiOjEyMDAwMDAwMDAwMH19",
          "dependencies": [
            "module.vpc.aws_route_table.database",
            "module.vpc.aws_subnet.database",
            "module.vpc.aws_vpc.main"
          ]
        }
      ]
    },
    {
      "module": "module.vpc",
      "mode": "managed",
      "type": "aws_route_table_association",
      "name": "frontend",
      "provider": "provider[\"registry.terraform.io/hashicorp/aws\"]",
      "instances": [
        {
          "index_key": 0,
          "schema_version": 0,
          "attributes": {
            "gateway_id": "",
            "id": "rtbassoc-0f95eb5ce90b4108e",
            "region": "us-east-2",
            "route_table_id": "rtb-06910fb261245c36e",
            "subnet_id": "subnet-090de0235700c8310",
            "timeouts": null
          },
          "sensitive_attributes": [],
          "identity_schema_version": 0,
          "private": "eyJlMmJmYjczMC1lY2FhLTExZTYtOGY4OC0zNDM2M2JjN2M0YzAiOnsiY3JlYXRlIjozMDAwMDAwMDAwMDAsImRlbGV0ZSI6MzAwMDAwMDAwMDAwLCJ1cGRhdGUiOjEyMDAwMDAwMDAwMH19",
          "dependencies": [
            "module.vpc.aws_route_table.frontend",
            "module.vpc.aws_subnet.frontend",
            "module.vpc.aws_vpc.main"
          ]
        },
        {
          "index_key": 1,
          "schema_version": 0,
          "attributes": {
            "gateway_id": "",
            "id": "rtbassoc-05b8e03e3d193e2b4",
            "region": "us-east-2",
            "route_table_id": "rtb-0fc95861614795294",
            "subnet_id": "subnet-0d6bef1b5fe2bcade",
            "timeouts": null
          },
          "sensitive_attributes": [],
          "identity_schema_version": 0,
          "private": "eyJlMmJmYjczMC1lY2FhLTExZTYtOGY4OC0zNDM2M2JjN2M0YzAiOnsiY3JlYXRlIjozMDAwMDAwMDAwMDAsImRlbGV0ZSI6MzAwMDAwMDAwMDAwLCJ1cGRhdGUiOjEyMDAwMDAwMDAwMH19",
          "dependencies": [
            "module.vpc.aws_route_table.frontend",
            "module.vpc.aws_subnet.frontend",
            "module.vpc.aws_vpc.main"
          ]
        }
      ]
    },
    {
      "module": "module.vpc",
      "mode": "managed",
      "type": "aws_route_table_association",
      "name": "public",
      "provider": "provider[\"registry.terraform.io/hashicorp/aws\"]",
      "instances": [
        {
          "index_key": 0,
          "schema_version": 0,
          "attributes": {
            "gateway_id": "",
            "id": "rtbassoc-00eca7f4f0930f621",
            "region": "us-east-2",
            "route_table_id": "rtb-0766410633fdf6f95",
            "subnet_id": "subnet-032e6c4aa0953ba77",
            "timeouts": null
          },
          "sensitive_attributes": [],
          "identity_schema_version": 0,
          "private": "eyJlMmJmYjczMC1lY2FhLTExZTYtOGY4OC0zNDM2M2JjN2M0YzAiOnsiY3JlYXRlIjozMDAwMDAwMDAwMDAsImRlbGV0ZSI6MzAwMDAwMDAwMDAwLCJ1cGRhdGUiOjEyMDAwMDAwMDAwMH19",
          "dependencies": [
            "module.vpc.aws_route_table.public",
            "module.vpc.aws_subnet.public",
            "module.vpc.aws_vpc.main"
          ]
        },
        {
          "index_key": 1,
          "schema_version": 0,
          "attributes": {
            "gateway_id": "",
            "id": "rtbassoc-05b8656a8833e8e55",
            "region": "us-east-2",
            "route_table_id": "rtb-0766410633fdf6f95",
            "subnet_id": "subnet-02ceec9ee7c181d9c",
            "timeouts": null
          },
          "sensitive_attributes": [],
          "identity_schema_version": 0,
          "private": "eyJlMmJmYjczMC1lY2FhLTExZTYtOGY4OC0zNDM2M2JjN2M0YzAiOnsiY3JlYXRlIjozMDAwMDAwMDAwMDAsImRlbGV0ZSI6MzAwMDAwMDAwMDAwLCJ1cGRhdGUiOjEyMDAwMDAwMDAwMH19",
          "dependencies": [
            "module.vpc.aws_route_table.public",
            "module.vpc.aws_subnet.public",
            "module.vpc.aws_vpc.main"
          ]
        }
      ]
    },
    {
      "module": "module.vpc",
      "mode": "managed",
      "type": "aws_subnet",
      "name": "backend",
      "provider": "provider[\"registry.terraform.io/hashicorp/aws\"]",
      "instances": [
        {
          "index_key": 0,
          "schema_version": 1,
          "attributes": {
            "arn": "arn:aws:ec2:us-east-2:419126140774:subnet/subnet-066691bb83128a5c6",
            "assign_ipv6_address_on_creation": false,
            "availability_zone": "us-east-2a",
            "availability_zone_id": "use2-az1",
            "cidr_block": "10.0.21.0/24",
            "customer_owned_ipv4_pool": "",
            "enable_dns64": false,
            "enable_lni_at_device_index": 0,
            "enable_resource_name_dns_a_record_on_launch": false,
            "enable_resource_name_dns_aaaa_record_on_launch": false,
            "id": "subnet-066691bb83128a5c6",
            "ipv6_cidr_block": "",
            "ipv6_cidr_block_association_id": "",
            "ipv6_native": false,
            "map_customer_owned_ip_on_launch": false,
            "map_public_ip_on_launch": false,
            "outpost_arn": "",
            "owner_id": "419126140774",
            "private_dns_hostname_type_on_launch": "ip-name",
            "region": "us-east-2",
            "tags": {
              "CostCenter": "btcmp-proj-5",
              "Environment": "dev",
              "Name": "dev-btcmp-proj-5-backend-subnet-1",
              "Owner": "Vatsal",
              "Project": "btcmp-proj-5",
              "Tier": "backend"
            },
            "tags_all": {
              "CostCenter": "btcmp-proj-5",
              "Environment": "dev",
              "Name": "dev-btcmp-proj-5-backend-subnet-1",
              "Owner": "Vatsal",
              "Project": "btcmp-proj-5",
              "Tier": "backend"
            },
            "timeouts": null,
            "vpc_id": "vpc-0876d63bc596a1e4e"
          },
          "sensitive_attributes": [],
          "identity_schema_version": 0,
          "identity": {
            "account_id": "419126140774",
            "id": "subnet-066691bb83128a5c6",
            "region": "us-east-2"
          },
          "private": "eyJlMmJmYjczMC1lY2FhLTExZTYtOGY4OC0zNDM2M2JjN2M0YzAiOnsiY3JlYXRlIjo2MDAwMDAwMDAwMDAsImRlbGV0ZSI6MTIwMDAwMDAwMDAwMH0sInNjaGVtYV92ZXJzaW9uIjoiMSJ9",
          "dependencies": [
            "module.vpc.aws_vpc.main"
          ],
          "create_before_destroy": true
        },
        {
          "index_key": 1,
          "schema_version": 1,
          "attributes": {
            "arn": "arn:aws:ec2:us-east-2:419126140774:subnet/subnet-0c2cb52cca270c9b7",
            "assign_ipv6_address_on_creation": false,
            "availability_zone": "us-east-2b",
            "availability_zone_id": "use2-az2",
            "cidr_block": "10.0.22.0/24",
            "customer_owned_ipv4_pool": "",
            "enable_dns64": false,
            "enable_lni_at_device_index": 0,
            "enable_resource_name_dns_a_record_on_launch": false,
            "enable_resource_name_dns_aaaa_record_on_launch": false,
            "id": "subnet-0c2cb52cca270c9b7",
            "ipv6_cidr_block": "",
            "ipv6_cidr_block_association_id": "",
            "ipv6_native": false,
            "map_customer_owned_ip_on_launch": false,
            "map_public_ip_on_launch": false,
            "outpost_arn": "",
            "owner_id": "419126140774",
            "private_dns_hostname_type_on_launch": "ip-name",
            "region": "us-east-2",
            "tags": {
              "CostCenter": "btcmp-proj-5",
              "Environment": "dev",
              "Name": "dev-btcmp-proj-5-backend-subnet-2",
              "Owner": "Vatsal",
              "Project": "btcmp-proj-5",
              "Tier": "backend"
            },
            "tags_all": {
              "CostCenter": "btcmp-proj-5",
              "Environment": "dev",
              "Name": "dev-btcmp-proj-5-backend-subnet-2",
              "Owner": "Vatsal",
              "Project": "btcmp-proj-5",
              "Tier": "backend"
            },
            "timeouts": null,
            "vpc_id": "vpc-0876d63bc596a1e4e"
          },
          "sensitive_attributes": [],
          "identity_schema_version": 0,
          "identity": {
            "account_id": "419126140774",
            "id": "subnet-0c2cb52cca270c9b7",
            "region": "us-east-2"
          },
          "private": "eyJlMmJmYjczMC1lY2FhLTExZTYtOGY4OC0zNDM2M2JjN2M0YzAiOnsiY3JlYXRlIjo2MDAwMDAwMDAwMDAsImRlbGV0ZSI6MTIwMDAwMDAwMDAwMH0sInNjaGVtYV92ZXJzaW9uIjoiMSJ9",
          "dependencies": [
            "module.vpc.aws_vpc.main"
          ],
          "create_before_destroy": true
        }
      ]
    },
    {
      "module": "module.vpc",
      "mode": "managed",
      "type": "aws_subnet",
      "name": "database",
      "provider": "provider[\"registry.terraform.io/hashicorp/aws\"]",
      "instances": [
        {
          "index_key": 0,
          "schema_version": 1,
          "attributes": {
            "arn": "arn:aws:ec2:us-east-2:419126140774:subnet/subnet-07c9afe3a449fa061",
            "assign_ipv6_address_on_creation": false,
            "availability_zone": "us-east-2a",
            "availability_zone_id": "use2-az1",
            "cidr_block": "10.0.31.0/24",
            "customer_owned_ipv4_pool": "",
            "enable_dns64": false,
            "enable_lni_at_device_index": 0,
            "enable_resource_name_dns_a_record_on_launch": false,
            "enable_resource_name_dns_aaaa_record_on_launch": false,
            "id": "subnet-07c9afe3a449fa061",
            "ipv6_cidr_block": "",
            "ipv6_cidr_block_association_id": "",
            "ipv6_native": false,
            "map_customer_owned_ip_on_launch": false,
            "map_public_ip_on_launch": false,
            "outpost_arn": "",
            "owner_id": "419126140774",
            "private_dns_hostname_type_on_launch": "ip-name",
            "region": "us-east-2",
            "tags": {
              "CostCenter": "btcmp-proj-5",
              "Environment": "dev",
              "Name": "dev-btcmp-proj-5-database-subnet-1",
              "Owner": "Vatsal",
              "Project": "btcmp-proj-5",
              "Tier": "database"
            },
            "tags_all": {
              "CostCenter": "btcmp-proj-5",
              "Environment": "dev",
              "Name": "dev-btcmp-proj-5-database-subnet-1",
              "Owner": "Vatsal",
              "Project": "btcmp-proj-5",
              "Tier": "database"
            },
            "timeouts": null,
            "vpc_id": "vpc-0876d63bc596a1e4e"
          },
          "sensitive_attributes": [],
          "identity_schema_version": 0,
          "identity": {
            "account_id": "419126140774",
            "id": "subnet-07c9afe3a449fa061",
            "region": "us-east-2"
          },
          "private": "eyJlMmJmYjczMC1lY2FhLTExZTYtOGY4OC0zNDM2M2JjN2M0YzAiOnsiY3JlYXRlIjo2MDAwMDAwMDAwMDAsImRlbGV0ZSI6MTIwMDAwMDAwMDAwMH0sInNjaGVtYV92ZXJzaW9uIjoiMSJ9",
          "dependencies": [
            "module.vpc.aws_vpc.main"
          ],
          "create_before_destroy": true
        },
        {
          "index_key": 1,
          "schema_version": 1,
          "attributes": {
            "arn": "arn:aws:ec2:us-east-2:419126140774:subnet/subnet-051b01e3d78e96401",
            "assign_ipv6_address_on_creation": false,
            "availability_zone": "us-east-2b",
            "availability_zone_id": "use2-az2",
            "cidr_block": "10.0.32.0/24",
            "customer_owned_ipv4_pool": "",
            "enable_dns64": false,
            "enable_lni_at_device_index": 0,
            "enable_resource_name_dns_a_record_on_launch": false,
            "enable_resource_name_dns_aaaa_record_on_launch": false,
            "id": "subnet-051b01e3d78e96401",
            "ipv6_cidr_block": "",
            "ipv6_cidr_block_association_id": "",
            "ipv6_native": false,
            "map_customer_owned_ip_on_launch": false,
            "map_public_ip_on_launch": false,
            "outpost_arn": "",
            "owner_id": "419126140774",
            "private_dns_hostname_type_on_launch": "ip-name",
            "region": "us-east-2",
            "tags": {
              "CostCenter": "btcmp-proj-5",
              "Environment": "dev",
              "Name": "dev-btcmp-proj-5-database-subnet-2",
              "Owner": "Vatsal",
              "Project": "btcmp-proj-5",
              "Tier": "database"
            },
            "tags_all": {
              "CostCenter": "btcmp-proj-5",
              "Environment": "dev",
              "Name": "dev-btcmp-proj-5-database-subnet-2",
              "Owner": "Vatsal",
              "Project": "btcmp-proj-5",
              "Tier": "database"
            },
            "timeouts": null,
            "vpc_id": "vpc-0876d63bc596a1e4e"
          },
          "sensitive_attributes": [],
          "identity_schema_version": 0,
          "identity": {
            "account_id": "419126140774",
            "id": "subnet-051b01e3d78e96401",
            "region": "us-east-2"
          },
          "private": "eyJlMmJmYjczMC1lY2FhLTExZTYtOGY4OC0zNDM2M2JjN2M0YzAiOnsiY3JlYXRlIjo2MDAwMDAwMDAwMDAsImRlbGV0ZSI6MTIwMDAwMDAwMDAwMH0sInNjaGVtYV92ZXJzaW9uIjoiMSJ9",
          "dependencies": [
            "module.vpc.aws_vpc.main"
          ],
          "create_before_destroy": true
        }
      ]
    },
    {
      "module": "module.vpc",
      "mode": "managed",
      "type": "aws_subnet",
      "name": "frontend",
      "provider": "provider[\"registry.terraform.io/hashicorp/aws\"]",
      "instances": [
        {
          "index_key": 0,
          "schema_version": 1,
          "attributes": {
            "arn": "arn:aws:ec2:us-east-2:419126140774:subnet/subnet-090de0235700c8310",
            "assign_ipv6_address_on_creation": false,
            "availability_zone": "us-east-2a",
            "availability_zone_id": "use2-az1",
            "cidr_block": "10.0.11.0/24",
            "customer_owned_ipv4_pool": "",
            "enable_dns64": false,
            "enable_lni_at_device_index": 0,
            "enable_resource_name_dns_a_record_on_launch": false,
            "enable_resource_name_dns_aaaa_record_on_launch": false,
            "id": "subnet-090de0235700c8310",
            "ipv6_cidr_block": "",
            "ipv6_cidr_block_association_id": "",
            "ipv6_native": false,
            "map_customer_owned_ip_on_launch": false,
            "map_public_ip_on_launch": false,
            "outpost_arn": "",
            "owner_id": "419126140774",
            "private_dns_hostname_type_on_launch": "ip-name",
            "region": "us-east-2",
            "tags": {
              "CostCenter": "btcmp-proj-5",
              "Environment": "dev",
              "Name": "dev-btcmp-proj-5-frontend-subnet-1",
              "Owner": "Vatsal",
              "Project": "btcmp-proj-5",
              "Tier": "frontend"
            },
            "tags_all": {
              "CostCenter": "btcmp-proj-5",
              "Environment": "dev",
              "Name": "dev-btcmp-proj-5-frontend-subnet-1",
              "Owner": "Vatsal",
              "Project": "btcmp-proj-5",
              "Tier": "frontend"
            },
            "timeouts": null,
            "vpc_id": "vpc-0876d63bc596a1e4e"
          },
          "sensitive_attributes": [],
          "identity_schema_version": 0,
          "identity": {
            "account_id": "419126140774",
            "id": "subnet-090de0235700c8310",
            "region": "us-east-2"
          },
          "private": "eyJlMmJmYjczMC1lY2FhLTExZTYtOGY4OC0zNDM2M2JjN2M0YzAiOnsiY3JlYXRlIjo2MDAwMDAwMDAwMDAsImRlbGV0ZSI6MTIwMDAwMDAwMDAwMH0sInNjaGVtYV92ZXJzaW9uIjoiMSJ9",
          "dependencies": [
            "module.vpc.aws_vpc.main"
          ],
          "create_before_destroy": true
        },
        {
          "index_key": 1,
          "schema_version": 1,
          "attributes": {
            "arn": "arn:aws:ec2:us-east-2:419126140774:subnet/subnet-0d6bef1b5fe2bcade",
            "assign_ipv6_address_on_creation": false,
            "availability_zone": "us-east-2b",
            "availability_zone_id": "use2-az2",
            "cidr_block": "10.0.12.0/24",
            "customer_owned_ipv4_pool": "",
            "enable_dns64": false,
            "enable_lni_at_device_index": 0,
            "enable_resource_name_dns_a_record_on_launch": false,
            "enable_resource_name_dns_aaaa_record_on_launch": false,
            "id": "subnet-0d6bef1b5fe2bcade",
            "ipv6_cidr_block": "",
            "ipv6_cidr_block_association_id": "",
            "ipv6_native": false,
            "map_customer_owned_ip_on_launch": false,
            "map_public_ip_on_launch": false,
            "outpost_arn": "",
            "owner_id": "419126140774",
            "private_dns_hostname_type_on_launch": "ip-name",
            "region": "us-east-2",
            "tags": {
              "CostCenter": "btcmp-proj-5",
              "Environment": "dev",
              "Name": "dev-btcmp-proj-5-frontend-subnet-2",
              "Owner": "Vatsal",
              "Project": "btcmp-proj-5",
              "Tier": "frontend"
            },
            "tags_all": {
              "CostCenter": "btcmp-proj-5",
              "Environment": "dev",
              "Name": "dev-btcmp-proj-5-frontend-subnet-2",
              "Owner": "Vatsal",
              "Project": "btcmp-proj-5",
              "Tier": "frontend"
            },
            "timeouts": null,
            "vpc_id": "vpc-0876d63bc596a1e4e"
          },
          "sensitive_attributes": [],
          "identity_schema_version": 0,
          "identity": {
            "account_id": "419126140774",
            "id": "subnet-0d6bef1b5fe2bcade",
            "region": "us-east-2"
          },
          "private": "eyJlMmJmYjczMC1lY2FhLTExZTYtOGY4OC0zNDM2M2JjN2M0YzAiOnsiY3JlYXRlIjo2MDAwMDAwMDAwMDAsImRlbGV0ZSI6MTIwMDAwMDAwMDAwMH0sInNjaGVtYV92ZXJzaW9uIjoiMSJ9",
          "dependencies": [
            "module.vpc.aws_vpc.main"
          ],
          "create_before_destroy": true
        }
      ]
    },
    {
      "module": "module.vpc",
      "mode": "managed",
      "type": "aws_subnet",
      "name": "public",
      "provider": "provider[\"registry.terraform.io/hashicorp/aws\"]",
      "instances": [
        {
          "index_key": 0,
          "schema_version": 1,
          "attributes": {
            "arn": "arn:aws:ec2:us-east-2:419126140774:subnet/subnet-032e6c4aa0953ba77",
            "assign_ipv6_address_on_creation": false,
            "availability_zone": "us-east-2a",
            "availability_zone_id": "use2-az1",
            "cidr_block": "10.0.1.0/24",
            "customer_owned_ipv4_pool": "",
            "enable_dns64": false,
            "enable_lni_at_device_index": 0,
            "enable_resource_name_dns_a_record_on_launch": false,
            "enable_resource_name_dns_aaaa_record_on_launch": false,
            "id": "subnet-032e6c4aa0953ba77",
            "ipv6_cidr_block": "",
            "ipv6_cidr_block_association_id": "",
            "ipv6_native": false,
            "map_customer_owned_ip_on_launch": false,
            "map_public_ip_on_launch": true,
            "outpost_arn": "",
            "owner_id": "419126140774",
            "private_dns_hostname_type_on_launch": "ip-name",
            "region": "us-east-2",
            "tags": {
              "CostCenter": "btcmp-proj-5",
              "Environment": "dev",
              "Name": "dev-btcmp-proj-5-public-subnet-1",
              "Owner": "Vatsal",
              "Project": "btcmp-proj-5",
              "Tier": "public"
            },
            "tags_all": {
              "CostCenter": "btcmp-proj-5",
              "Environment": "dev",
              "Name": "dev-btcmp-proj-5-public-subnet-1",
              "Owner": "Vatsal",
              "Project": "btcmp-proj-5",
              "Tier": "public"
            },
            "timeouts": null,
            "vpc_id": "vpc-0876d63bc596a1e4e"
          },
          "sensitive_attributes": [],
          "identity_schema_version": 0,
          "identity": {
            "account_id": "419126140774",
            "id": "subnet-032e6c4aa0953ba77",
            "region": "us-east-2"
          },
          "private": "eyJlMmJmYjczMC1lY2FhLTExZTYtOGY4OC0zNDM2M2JjN2M0YzAiOnsiY3JlYXRlIjo2MDAwMDAwMDAwMDAsImRlbGV0ZSI6MTIwMDAwMDAwMDAwMH0sInNjaGVtYV92ZXJzaW9uIjoiMSJ9",
          "dependencies": [
            "module.vpc.aws_vpc.main"
          ],
          "create_before_destroy": true
        },
        {
          "index_key": 1,
          "schema_version": 1,
          "attributes": {
            "arn": "arn:aws:ec2:us-east-2:419126140774:subnet/subnet-02ceec9ee7c181d9c",
            "assign_ipv6_address_on_creation": false,
            "availability_zone": "us-east-2b",
            "availability_zone_id": "use2-az2",
            "cidr_block": "10.0.2.0/24",
            "customer_owned_ipv4_pool": "",
            "enable_dns64": false,
            "enable_lni_at_device_index": 0,
            "enable_resource_name_dns_a_record_on_launch": false,
            "enable_resource_name_dns_aaaa_record_on_launch": false,
            "id": "subnet-02ceec9ee7c181d9c",
            "ipv6_cidr_block": "",
            "ipv6_cidr_block_association_id": "",
            "ipv6_native": false,
            "map_customer_owned_ip_on_launch": false,
            "map_public_ip_on_launch": true,
            "outpost_arn": "",
            "owner_id": "419126140774",
            "private_dns_hostname_type_on_launch": "ip-name",
            "region": "us-east-2",
            "tags": {
              "CostCenter": "btcmp-proj-5",
              "Environment": "dev",
              "Name": "dev-btcmp-proj-5-public-subnet-2",
              "Owner": "Vatsal",
              "Project": "btcmp-proj-5",
              "Tier": "public"
            },
            "tags_all": {
              "CostCenter": "btcmp-proj-5",
              "Environment": "dev",
              "Name": "dev-btcmp-proj-5-public-subnet-2",
              "Owner": "Vatsal",
              "Project": "btcmp-proj-5",
              "Tier": "public"
            },
            "timeouts": null,
            "vpc_id": "vpc-0876d63bc596a1e4e"
          },
          "sensitive_attributes": [],
          "identity_schema_version": 0,
          "identity": {
            "account_id": "419126140774",
            "id": "subnet-02ceec9ee7c181d9c",
            "region": "us-east-2"
          },
          "private": "eyJlMmJmYjczMC1lY2FhLTExZTYtOGY4OC0zNDM2M2JjN2M0YzAiOnsiY3JlYXRlIjo2MDAwMDAwMDAwMDAsImRlbGV0ZSI6MTIwMDAwMDAwMDAwMH0sInNjaGVtYV92ZXJzaW9uIjoiMSJ9",
          "dependencies": [
            "module.vpc.aws_vpc.main"
          ],
          "create_before_destroy": true
        }
      ]
    },
    {
      "module": "module.vpc",
      "mode": "managed",
      "type": "aws_vpc",
      "name": "main",
      "provider": "provider[\"registry.terraform.io/hashicorp/aws\"]",
      "instances": [
        {
          "schema_version": 1,
          "attributes": {
            "arn": "arn:aws:ec2:us-east-2:419126140774:vpc/vpc-0876d63bc596a1e4e",
            "assign_generated_ipv6_cidr_block": false,
            "cidr_block": "10.0.0.0/16",
            "default_network_acl_id": "acl-0259e00285124dd25",
            "default_route_table_id": "rtb-0cffa8df2aca2ee98",
            "default_security_group_id": "sg-0c5d64d5eca28ef82",
            "dhcp_options_id": "dopt-0320e399c7370da34",
            "enable_dns_hostnames": true,
            "enable_dns_support": true,
            "enable_network_address_usage_metrics": false,
            "id": "vpc-0876d63bc596a1e4e",
            "instance_tenancy": "default",
            "ipv4_ipam_pool_id": null,
            "ipv4_netmask_length": null,
            "ipv6_association_id": "",
            "ipv6_cidr_block": "",
            "ipv6_cidr_block_network_border_group": "",
            "ipv6_ipam_pool_id": "",
            "ipv6_netmask_length": 0,
            "main_route_table_id": "rtb-0cffa8df2aca2ee98",
            "owner_id": "419126140774",
            "region": "us-east-2",
            "tags": {
              "CostCenter": "btcmp-proj-5",
              "Environment": "dev",
              "Name": "dev-btcmp-proj-5-vpc",
              "Owner": "Vatsal",
              "Project": "btcmp-proj-5"
            },
            "tags_all": {
              "CostCenter": "btcmp-proj-5",
              "Environment": "dev",
              "Name": "dev-btcmp-proj-5-vpc",
              "Owner": "Vatsal",
              "Project": "btcmp-proj-5"
            }
          },
          "sensitive_attributes": [],
          "identity_schema_version": 0,
          "identity": {
            "account_id": "419126140774",
            "id": "vpc-0876d63bc596a1e4e",
            "region": "us-east-2"
          },
          "private": "eyJzY2hlbWFfdmVyc2lvbiI6IjEifQ==",
          "create_before_destroy": true
        }
      ]
    }
  ],
  "check_results": null
}
